# This file is automatically @generated by Poetry 2.4.1 and should not be changed by hand.

[[package]]
name = "jieba"
version = "0.42.1"
description = "Chinese Words Segmentation Utilities"
optional = false
python-versions = "*"
groups = ["main"]
files = [
    {file = "jieba-0.42.1.tar.gz", hash = "sha256:055ca12f62674fafed09427f176506079bc135638a14e23e25be909131928db2"},
]

[[package]]
name = "rapidfuzz"
version = "3.14.5"
description = "rapid fuzzy string matching"
optional = false
python-versions = ">=3.10"
groups = ["main"]
files = [
    {file = "rapidfuzz-3.14.5-cp310-cp310-macosx_10_9_x86_64.whl", hash = "sha256:071d96b957a33b9296b9284b6350a0fb6d030b154a04efd7c15e56b98b79a517"},
    {file = "rapidfuzz-3.14.5-cp310-cp310-macosx_11_0_arm64.whl", hash = "sha256:667f40fe9c81ad129b198d236881b00dd9e8314d9cc72d03c3e16bdfe5879051"},
    {file = "rapidfuzz-3.14.5-cp310-cp310-manylinux_2_26_aarch64.manylinux_2_28_aarch64.whl", hash = "sha256:f9fff308486bbd2c8c24f25e8e152c7594d3fe8db265a2d6a1ce24d58671127f"},
    {file = "rapidfuzz-3.14.5-cp310-cp310-manylinux_2_27_x86_64.manylinux_2_28_x86_64.whl", hash = "sha256:dfa552338f51aec280f17b02d28bace1e162d1a84ccd80e3339a57f98aedb56b"},
    {file = "rapidfuzz-3.14.5-cp310-cp310-manylinux_2_39_riscv64.whl", hash = "sha256:068b3e965ca9d9ee4debe40001ae7c3938ba646308afd33cf0c66618147db65c"},
    {file = "rapidfuzz-3.14.5-cp310-cp310-musllinux_1_2_aarch64.whl", hash = "sha256:88b7d31ff1cc5e9bc0e4406e6b1fa00b6d37163d50bb58091e9b976ff1129faa"},
    {file = "rapidfuzz-3.14.5-cp310-cp310-musllinux_1_2_riscv64.whl", hash = "sha256:eacb434410b8d9ca99a8d42352ef085cf423e3c76c1f0b86be2fcba3bff2952c"},
    {file = "rapidfuzz-3.14.5-cp310-cp310-musllinux_1_2_x86_64.whl", hash = "sha256:649712823f3abcdc48427147a5384fac15623ba435d0013959b52e6462521397"},
    {file = "rapidfuzz-3.14.5-cp310-cp310-win32.whl", hash = "sha256:13cb79c23ef5516e4c4e3830877be8b19aa75203636be1163d690d37803f6504"},
    {file = "rapidfuzz-3.14.5-cp310-cp310-win_amd64.whl", hash = "sha256:f2073495a7f9b75e57e600747ac09510d67683fd64d3228e009740b7ef88f9fe"},
    {file = "rapidfuzz-3.14.5-cp310-cp310-win_arm64.whl", hash = "sha256:8166efddea49fdbc61185559f47593239e4794fd7c9044dd5a789d1a90af852d"},
    {file = "rapidfuzz-3.14.5-cp311-cp311-macosx_10_9_x86_64.whl", hash = "sha256:e251126d48615e1f02b4a178f2cd0cd4f0332b8a019c01a2e10480f7552554b4"},
    {file = "rapidfuzz-3.14.5-cp311-cp311-macosx_11_0_arm64.whl", hash = "sha256:5ab449c9abd0d4e1f8145dce0798a4c822a1a1933d613c764a641bea88b8bdab"},
    {file = "rapidfuzz-3.14.5-cp311-cp311-manylinux_2_26_aarch64.manylinux_2_28_aarch64.whl", hash = "sha256:cb2829fedd672dd7107267189dabe2bbe07972801d636014417c6861eb89e358"},
    {file = "rapidfuzz-3.14.5-cp311-cp311-manylinux_2_27_x86_64.manylinux_2_28_x86_64.whl", hash = "sha256:3d50e5861872935fece391351cbb5ba21d1bced277cf5e1143d207a0a35f1925"},
    {file = "rapidfuzz-3.14.5-cp311-cp311-manylinux_2_39_riscv64.whl", hash = "sha256:7092a216728f80c960bd6b3807275d1ee318b168986bd5dc523349581d4890b8"},
    {file = "rapidfuzz-3.14.5-cp311-cp311-musllinux_1_2_aarch64.whl", hash = "sha256:9669753caef7fdc6529f6adcc5883ed98d65976445d9322e7dbdb6b697feee13"},
    {file = "rapidfuzz-3.14.5-cp311-cp311-musllinux_1_2_riscv64.whl", hash = "sha256:823b1b9d9230809d8edcc18872770764bfe8ef4357995e16744047c8ccf0e489"},
    {file = "rapidfuzz-3.14.5-cp311-cp311-musllinux_1_2_x86_64.whl", hash = "sha256:f0b2af76b7e7060c09e1a0dfa9410eb19369cbe6164509bff2ef94094b54d2b6"},
    {file = "rapidfuzz-3.14.5-cp311-cp311-win32.whl", hash = "sha256:c5801a89604c65ab4cc9e91b23bc4076d0ca80efd8c976fb63843d7879a85d7f"},
    {file = "rapidfuzz-3.14.5-cp311-cp311-win_amd64.whl", hash = "sha256:d7ca16637c0ede8243f84074044bd0b2335a0341421f8227c85756de2d18c819"},
    {file = "rapidfuzz-3.14.5-cp311-cp311-win_arm64.whl", hash = "sha256:8c90cdf8516d9057e502aa6003cea71cf5ec27cc44699ca52412b502a04761bb"},
    {file = "rapidfuzz-3.14.5-cp312-cp312-macosx_10_13_x86_64.whl", hash = "sha256:0d3378f471ef440473a396ce2f8e97ee12f89a78b495540e0a5617bbfe895638"},
    {file = "rapidfuzz-3.14.5-cp312-cp312-macosx_11_0_arm64.whl", hash = "sha256:1e910eebca9fd0eba245c0555e764597e8a0cccb673a92da2dc2397050725f48"},
    {file = "rapidfuzz-3.14.5-cp312-cp312-manylinux_2_26_aarch64.manylinux_2_28_aarch64.whl", hash = "sha256:01550fe5f60fd176aa66b7611289d46dc4aa4b1b904874c7b6d1d54e581c5ec1"},
    {file = "rapidfuzz-3.14.5-cp312-cp312-manylinux_2_27_x86_64.manylinux_2_28_x86_64.whl", hash = "sha256:48bee0b91bebfaec41e1081e351000659ab7570cc4598d617aa04d5bf827f9e6"},
    {file = "rapidfuzz-3.14.5-cp312-cp312-manylinux_2_39_riscv64.whl", hash = "sha256:7e580cb04ad849ae9b786fa21383c6b994b6e6c1444ad1cb9f22392759d72741"},
    {file = "rapidfuzz-3.14.5-cp312-cp312-musllinux_1_2_aarch64.whl", hash = "sha256:09d6c9ba091854f07817055d795d604179c12a8f308ba4c7d56f3719dfea1646"},
    {file = "rapidfuzz-3.14.5-cp312-cp312-musllinux_1_2_riscv64.whl", hash = "sha256:1e989f86113be66574113b9c7bdf4793f3f863d248e47d911b355e05ca6b6b10"},
    {file = "rapidfuzz-3.14.5-cp312-cp312-musllinux_1_2_x86_64.whl", hash = "sha256:0ebd1a18e2e47bc0b292a07e6ed9c3642f8aaa672d12253885f599b50807a4f9"},
    {file = "rapidfuzz-3.14.5-cp312-cp312-win32.whl", hash = "sha256:9981d38a703b86f0e315a3cd229fd1906fe1d91c989ed121fb975b3c849f89f5"},
    {file = "rapidfuzz-3.14.5-cp312-cp312-win_amd64.whl", hash = "sha256:d8375e3da319593389727c3187ccaf3e0e84199accc530866b8e0f2b79af05e9"},
    {file = "rapidfuzz-3.14.5-cp312-cp312-win_arm64.whl", hash = "sha256:478b59bb018a6780d73f33e38d0b3ec5e968a6c1ed42876b993dd456b7aa20e8"},
    {file = "rapidfuzz-3.14.5-cp313-cp313-macosx_10_13_x86_64.whl", hash = "sha256:ebd8fd343bf8492a1e60bcb6dc99f90f74f65d98d8241a6b3e1fed225b76ecd6"},
    {file = "rapidfuzz-3.14.5-cp313-cp313-macosx_11_0_arm64.whl", hash = "sha256:6737b35d5af7479c5bf9710f7b17edd9d2c43128d974d25fb4ea653e42c64609"},
    {file = "rapidfuzz-3.14.5-cp313-cp313-manylinux_2_26_aarch64.manylinux_2_28_aarch64.whl", hash = "sha256:b002c7994cc9f2bc9d9856f0fbaee6e8072c983873846c92f25cefba5b2a925f"},
    {file = "rapidfuzz-3.14.5-cp313-cp313-manylinux_2_27_x86_64.manylinux_2_28_x86_64.whl", hash = "sha256:17a34330cd2a538c1ce5d400b61ba358c5b72c654b928ff87b362e88f8b864c7"},
    {file = "rapidfuzz-3.14.5-cp313-cp313-manylinux_2_39_riscv64.whl", hash = "sha256:95d937e74c1a7a1287dfb03b62a827be08ede10a155cf1af73bbf47f2b73ee6e"},
    {file = "rapidfuzz-3.14.5-cp313-cp313-musllinux_1_2_aarch64.whl", hash = "sha256:46b92a9970dcc34f0096901c792644094cab49554ac3547f35e3aebbdf0a3610"},
    {file = "rapidfuzz-3.14.5-cp313-cp313-musllinux_1_2_riscv64.whl", hash = "sha256:e012177c8e8a8a0754ae0d6027d63042aa5ff036d9f40f07cb3466a6082e21b8"},
    {file = "rapidfuzz-3.14.5-cp313-cp313-musllinux_1_2_x86_64.whl", hash = "sha256:a2ae6f53f99c9a0eca7a0afc5b4e45fc73bc1dd4ac74c00509031d76df80ed98"},
    {file = "rapidfuzz-3.14.5-cp313-cp313-win32.whl", hash = "sha256:4a60f0057231188e3bd30216f7b4e0f279b11fa4ec818bb6c1d9f014d1562fbc"},
    {file = "rapidfuzz-3.14.5-cp313-cp313-win_amd64.whl", hash = "sha256:11bfc2ed8fbe4ab86bd516fadefab126f90e6dcadffa761739fcb304707dfd35"},
    {file = "rapidfuzz-3.14.5-cp313-cp313-win_arm64.whl", hash = "sha256:b486b5218808f6f4dc471b114b1054e63553db69705c97da0271f47bd706aedd"},
    {file = "rapidfuzz-3.14.5-cp313-cp313t-macosx_10_13_x86_64.whl", hash = "sha256:39ef8658aaf67d51667e7bdaf7096f432333377d8302ac43c70b5df8a4cf89b8"},
    {file = "rapidfuzz-3.14.5-cp313-cp313t-macosx_11_0_arm64.whl", hash = "sha256:9ad37a0be705b544af6296da8edddc260d10a8ae5462530fc9991f66498bb1f9"},
    {file = "rapidfuzz-3.14.5-cp313-cp313t-manylinux_2_26_aarch64.manylinux_2_28_aarch64.whl", hash = "sha256:d45e06f60729e07d9b20c205f7e5cff90b6ef2584e852eecf46e045aea69627d"},
    {file = "rapidfuzz-3.14.5-cp313-cp313t-manylinux_2_27_x86_64.manylinux_2_28_x86_64.whl", hash = "sha256:e52da10236aa6212de71b9e170bace65b64b129c0dea7fc243d6c9ce976f5074"},
    {file = "rapidfuzz-3.14.5-cp313-cp313t-manylinux_2_39_riscv64.whl", hash = "sha256:440d30faaf682ca496170a7f0cc5453ec942e3e079f0fd802c9a7f938dfb50a3"},
    {file = "rapidfuzz-3.14.5-cp313-cp313t-musllinux_1_2_aarch64.whl", hash = "sha256:56227a61fd3d17b0cd9793132431f3a3d07c8654be96794ba9f89fe0fc8b2d09"},
    {file = "rapidfuzz-3.14.5-cp313-cp313t-musllinux_1_2_riscv64.whl", hash = "sha256:2e83cd2e25bb4edd97b689d9979d9c3acccdaaf26ceac08212ceece202febcfa"},
    {file = "rapidfuzz-3.14.5-cp313-cp313t-musllinux_1_2_x86_64.whl", hash = "sha256:af3b859726cd3374287e405e14b9634563c078c5531a4f62375508addebddad1"},
    {file = "rapidfuzz-3.14.5-cp313-cp313t-win32.whl", hash = "sha256:8ce1d850b3c0178440efde9e884d98421b5e87ff925f364d6d79e23910d7593f"},
    {file = "rapidfuzz-3.14.5-cp313-cp313t-win_amd64.whl", hash = "sha256:c84af70bcf34e99aee894e46a0f1ac77f17d0ef828179c387407642e2466d28a"},
    {file = "rapidfuzz-3.14.5-cp313-cp313t-win_arm64.whl", hash = "sha256:aac0ad28c686a5e72b81668b906c030ee28050b244544b8af68e12fb32543895"},
    {file = "rapidfuzz-3.14.5-cp314-cp314-macosx_10_15_x86_64.whl", hash = "sha256:1a31cc6d7d03e7318a0974c038959c59e19c752b81115f2e9138b3331cd64d45"},
    {file = "rapidfuzz-3.14.5-cp314-cp314-macosx_11_0_arm64.whl", hash = "sha256:0298d357e2bc59d572da4db0bc631009b6f8f6c9bc8c11e99a12b833f16b6575"},
    {file = "rapidfuzz-3.14.5-cp314-cp314-manylinux_2_26_aarch64.manylinux_2_28_aarch64.whl", hash = "sha256:59b3dba758661a318995655435c6ab20a04ade79fa51e75bc8dc107cac8df280"},
    {file = "rapidfuzz-3.14.5-cp314-cp314-manylinux_2_27_x86_64.manylinux_2_28_x86_64.whl", hash = "sha256:4900143d82071bdda533b00300c40b14b963ff826b3642cc463b6dd0f036585e"},
    {file = "rapidfuzz-3.14.5-cp314-cp314-manylinux_2_39_riscv64.whl", hash = "sha256:feedf219672eef83ea6be6f3bb093bba396a8560fc75be85ba225f082903df0a"},
    {file = "rapidfuzz-3.14.5-cp314-cp314-musllinux_1_2_aarch64.whl", hash = "sha256:419e4397a36e2665ec992d8d64c20ba4b2a42500c76ecadeca78a4f19cb9cc32"},
    {file = "rapidfuzz-3.14.5-cp314-cp314-musllinux_1_2_riscv64.whl", hash = "sha256:97131ab2be39043054ee28d99e09efe316e6d53449b7e962dfcf3c2de8b2b246"},
    {file = "rapidfuzz-3.14.5-cp314-cp314-musllinux_1_2_x86_64.whl", hash = "sha256:593c00dac4e30231c35bf3b4f1da8ec0998762e9e94425586a5d636fcd57f9d0"},
    {file = "rapidfuzz-3.14.5-cp314-cp314-win32.whl", hash = "sha256:0084b687b02b4e569b46d8d6d4ad25659528e6081cd6d067ca453a69035f07e4"},
    {file = "rapidfuzz-3.14.5-cp314-cp314-win_amd64.whl", hash = "sha256:5dfa89d78f22cd773054caff44827b846161a29f2dcf7e78b8f90d086621e502"},
    {file = "rapidfuzz-3.14.5-cp314-cp314-win_arm64.whl", hash = "sha256:67f3f9d2b444268ab53e47d31bab89954888d23c04c6789f2c727e51fe4b1d13"},
    {file = "rapidfuzz-3.14.5-cp314-cp314t-macosx_10_15_x86_64.whl", hash = "sha256:77eac0526899b3c3ad1454bb2b03cdb491d67358ec8ef0c9c48bd61b632b431d"},
    {file = "rapidfuzz-3.14.5-cp314-cp314t-macosx_11_0_arm64.whl", hash = "sha256:b9c6bd754d11f6e78ac54e3d86b4b11dc1ba2f13e5fc958899574532897f5a99"},
    {file = "rapidfuzz-3.14.5-cp314-cp314t-manylinux_2_26_aarch64.manylinux_2_28_aarch64.whl", hash = "sha256:738c96944d076deeaff70e92b65696ab4f7ecb8081d7791c5403a3257dfaf8ff"},
    {file = "rapidfuzz-3.14.5-cp314-cp314t-manylinux_2_27_x86_64.manylinux_2_28_x86_64.whl", hash = "sha256:f4c1bca487a17fe4226b4ffb2d30e799d2b274d692cffa76bd0746f56235fca3"},
    {file = "rapidfuzz-3.14.5-cp314-cp314t-manylinux_2_39_riscv64.whl", hash = "sha256:af6a90a4ed2a48fa1a2d17e9d824e6c7c950bea5bad0b707c77fd55751e6bfef"},
    {file = "rapidfuzz-3.14.5-cp314-cp314t-musllinux_1_2_aarch64.whl", hash = "sha256:bf5018938208d4597b2e679a4f8cff9fd252f1df53583130ae56281a21801b64"},
    {file = "rapidfuzz-3.14.5-cp314-cp314t-musllinux_1_2_riscv64.whl", hash = "sha256:c0919d1f89ddf91129906705723118ea09754171e4116f5a5dbc667c7bc9b261"},
    {file = "rapidfuzz-3.14.5-cp314-cp314t-musllinux_1_2_x86_64.whl", hash = "sha256:93d8da883a35116d6813432177f35e570db5b0a5e30ecb0cbd7cb39c815735df"},
    {file = "rapidfuzz-3.14.5-cp314-cp314t-win32.whl", hash = "sha256:0f23e37019ec07712d58976b1ab2b889f8649a7f7c2f626a2f34ea9139e79279"},
    {file = "rapidfuzz-3.14.5-cp314-cp314t-win_amd64.whl", hash = "sha256:7d5ca9c7832e6879a707296d1463685f7c243a27846227044504741640caec66"},
    {file = "rapidfuzz-3.14.5-cp314-cp314t-win_arm64.whl", hash = "sha256:3e91dcd2549b8f8d843f98ba03a17e01f3d8b72ce942adbbb6761bc58ffce813"},
    {file = "rapidfuzz-3.14.5-pp311-pypy311_pp73-macosx_10_15_x86_64.whl", hash = "sha256:578e6051f6d5e6200c259b47a103cf06bb875ab5814d17333fc0b5c290b22f4c"},
    {file = "rapidfuzz-3.14.5-pp311-pypy311_pp73-macosx_11_0_arm64.whl", hash = "sha256:fbf1b8bb2695415b347f3727da1addca2acb82c9b97ac86bebf8b1bead1eb12d"},
    {file = "rapidfuzz-3.14.5-pp311-pypy311_pp73-manylinux_2_26_aarch64.manylinux_2_28_aarch64.whl", hash = "sha256:8f4a8f5cc84c7ad6bffa0e9947b33eb343ad66e6b53e94fe54378a5508c5ed53"},
    {file = "rapidfuzz-3.14.5-pp311-pypy311_pp73-manylinux_2_27_x86_64.manylinux_2_28_x86_64.whl", hash = "sha256:97c6d85283629646fa87acc22c66b30ea9d4de7f6fdf887daa2e30fa041829b5"},
    {file = "rapidfuzz-3.14.5-pp311-pypy311_pp73-win_amd64.whl", hash = "sha256:dfef96543ced67d9513a422755db422ae1dc34dade0a1485e0b43e7342ed3ebf"},
    {file = "rapidfuzz-3.14.5.tar.gz", hash = "sha256:ba10ac57884ce82112f7ed910b67e7fb6072d8ef2c06e30dc63c0f604a112e0e"},
]

[package.extras]
all = ["numpy"]

[[package]]
name = "rouge"
version = "1.0.1"
description = "Full Python ROUGE Score Implementation (not a wrapper)"
optional = false
python-versions = "*"
groups = ["main"]
files = [
    {file = "rouge-1.0.1-py3-none-any.whl", hash = "sha256:28d118536e8c774dc47d1d15ec266479b4dd0914c4672ce117d4002789bdc644"},
    {file = "rouge-1.0.1.tar.gz", hash = "sha256:12b48346ca47d6bcf3c45061f315452b9ccec0620ee895ec85b7efc3d54aae34"},
]

[package.dependencies]
six = "*"

[[package]]
name = "six"
version = "1.17.0"
description = "Python 2 and 3 compatibility utilities"
optional = false
python-versions = "!=3.0.*,!=3.1.*,!=3.2.*,>=2.7"
groups = ["main"]
files = [
    {file = "six-1.17.0-py2.py3-none-any.whl", hash = "sha256:4721f391ed90541fddacab5acf947aa0d3dc7d27b2e1e8eda2be8970586c3274"},
    {file = "six-1.17.0.tar.gz", hash = "sha256:ff70335d468e7eb6ec65b95b99d3a2836546063f63acc5171de367e834932a81"},
]

[metadata]
lock-version = "2.1"
python-versions = ">=3.10,<3.13"
content-hash = "2f130e5c6d96bc3c41723bfadc9720e38b27bb4707fe0bc27595e50b0e4a0500"
