# This file is automatically @generated by Poetry 1.8.5 and should not be changed by hand.

[[package]]
name = "annotated-types"
version = "0.7.0"
description = "Reusable constraint types to use with typing.Annotated"
optional = false
python-versions = ">=3.8"
files = [
    {file = "annotated_types-0.7.0-py3-none-any.whl", hash = "sha256:1f02e8b43a8fbbc3f3e0d4f0f4bfc8131bcb4eebe8849b8e5c773f3a1c582a53"},
    {file = "annotated_types-0.7.0.tar.gz", hash = "sha256:aff07c09a53a08bc8cfccb9c85b05f1aa9a2a6f23728d790723543408344ce89"},
]

[[package]]
name = "anyio"
version = "4.11.0"
description = "High-level concurrency and networking framework on top of asyncio or Trio"
optional = false
python-versions = ">=3.9"
files = [
    {file = "anyio-4.11.0-py3-none-any.whl", hash = "sha256:0287e96f4d26d4149305414d4e3bc32f0dcd0862365a4bddea19d7a1ec38c4fc"},
    {file = "anyio-4.11.0.tar.gz", hash = "sha256:82a8d0b81e318cc5ce71a5f1f8b5c4e63619620b63141ef8c995fa0db95a57c4"},
]

[package.dependencies]
exceptiongroup = {version = ">=1.0.2", markers = "python_version < \"3.11\""}
idna = ">=2.8"
sniffio = ">=1.1"
typing_extensions = {version = ">=4.5", markers = "python_version < \"3.13\""}

[package.extras]
trio = ["trio (>=0.31.0)"]

[[package]]
name = "certifi"
version = "2025.10.5"
description = "Python package for providing Mozilla's CA Bundle."
optional = false
python-versions = ">=3.7"
files = [
    {file = "certifi-2025.10.5-py3-none-any.whl", hash = "sha256:0f212c2744a9bb6de0c56639a6f68afe01ecd92d91f14ae897c4fe7bbeeef0de"},
    {file = "certifi-2025.10.5.tar.gz", hash = "sha256:47c09d31ccf2acf0be3f701ea53595ee7e0b8fa08801c6624be771df09ae7b43"},
]

[[package]]
name = "colorama"
version = "0.4.6"
description = "Cross-platform colored terminal text."
optional = false
python-versions = "!=3.0.*,!=3.1.*,!=3.2.*,!=3.3.*,!=3.4.*,!=3.5.*,!=3.6.*,>=2.7"
files = [
    {file = "colorama-0.4.6-py2.py3-none-any.whl", hash = "sha256:4f1d9991f5acc0ca119f9d443620b77f9d6b33703e51011c16baf57afb285fc6"},
    {file = "colorama-0.4.6.tar.gz", hash = "sha256:08695f5cb7ed6e0531a20572697297273c47b8cae5a63ffc6d6ed5c201be6e44"},
]

[[package]]
name = "distro"
version = "1.9.0"
description = "Distro - an OS platform information API"
optional = false
python-versions = ">=3.6"
files = [
    {file = "distro-1.9.0-py3-none-any.whl", hash = "sha256:7bffd925d65168f85027d8da9af6bddab658135b840670a223589bc0c8ef02b2"},
    {file = "distro-1.9.0.tar.gz", hash = "sha256:2fa77c6fd8940f116ee1d6b94a2f90b13b5ea8d019b98bc8bafdcabcdd9bdbed"},
]

[[package]]
name = "exceptiongroup"
version = "1.3.0"
description = "Backport of PEP 654 (exception groups)"
optional = false
python-versions = ">=3.7"
files = [
    {file = "exceptiongroup-1.3.0-py3-none-any.whl", hash = "sha256:4d111e6e0c13d0644cad6ddaa7ed0261a0b36971f6d23e7ec9b4b9097da78a10"},
    {file = "exceptiongroup-1.3.0.tar.gz", hash = "sha256:b241f5885f560bc56a59ee63ca4c6a8bfa46ae4ad651af316d4e81817bb9fd88"},
]

[package.dependencies]
typing-extensions = {version = ">=4.6.0", markers = "python_version < \"3.13\""}

[package.extras]
test = ["pytest (>=6)"]

[[package]]
name = "h11"
version = "0.16.0"
description = "A pure-Python, bring-your-own-I/O implementation of HTTP/1.1"
optional = false
python-versions = ">=3.8"
files = [
    {file = "h11-0.16.0-py3-none-any.whl", hash = "sha256:63cf8bbe7522de3bf65932fda1d9c2772064ffb3dae62d55932da54b31cb6c86"},
    {file = "h11-0.16.0.tar.gz", hash = "sha256:4e35b956cf45792e4caa5885e69fba00bdbc6ffafbfa020300e549b208ee5ff1"},
]

[[package]]
name = "httpcore"
version = "1.0.9"
description = "A minimal low-level HTTP client."
optional = false
python-versions = ">=3.8"
files = [
    {file = "httpcore-1.0.9-py3-none-any.whl", hash = "sha256:2d400746a40668fc9dec9810239072b40b4484b640a8c38fd654a024c7a1bf55"},
    {file = "httpcore-1.0.9.tar.gz", hash = "sha256:6e34463af53fd2ab5d807f399a9b45ea31c3dfa2276f15a2c3f00afff6e176e8"},
]

[package.dependencies]
certifi = "*"
h11 = ">=0.16"

[package.extras]
asyncio = ["anyio (>=4.0,<5.0)"]
http2 = ["h2 (>=3,<5)"]
socks = ["socksio (==1.*)"]
trio = ["trio (>=0.22.0,<1.0)"]

[[package]]
name = "httpx"
version = "0.28.1"
description = "The next generation HTTP client."
optional = false
python-versions = ">=3.8"
files = [
    {file = "httpx-0.28.1-py3-none-any.whl", hash = "sha256:d909fcccc110f8c7faf814ca82a9a4d816bc5a6dbfea25d6591d6985b8ba59ad"},
    {file = "httpx-0.28.1.tar.gz", hash = "sha256:75e98c5f16b0f35b567856f597f06ff2270a374470a5c2392242528e3e3e42fc"},
]

[package.dependencies]
anyio = "*"
certifi = "*"
httpcore = "==1.*"
idna = "*"

[package.extras]
brotli = ["brotli", "brotlicffi"]
cli = ["click (==8.*)", "pygments (==2.*)", "rich (>=10,<14)"]
http2 = ["h2 (>=3,<5)"]
socks = ["socksio (==1.*)"]
zstd = ["zstandard (>=0.18.0)"]

[[package]]
name = "idna"
version = "3.11"
description = "Internationalized Domain Names in Applications (IDNA)"
optional = false
python-versions = ">=3.8"
files = [
    {file = "idna-3.11-py3-none-any.whl", hash = "sha256:771a87f49d9defaf64091e6e6fe9c18d4833f140bd19464795bc32d966ca37ea"},
    {file = "idna-3.11.tar.gz", hash = "sha256:795dafcc9c04ed0c1fb032c2aa73654d8e8c5023a7df64a53f39190ada629902"},
]

[package.extras]
all = ["flake8 (>=7.1.1)", "mypy (>=1.11.2)", "pytest (>=8.3.2)", "ruff (>=0.6.2)"]

[[package]]
name = "jiter"
version = "0.11.1"
description = "Fast iterable JSON parser."
optional = false
python-versions = ">=3.9"
files = [
    {file = "jiter-0.11.1-cp310-cp310-macosx_10_12_x86_64.whl", hash = "sha256:ed58841a491bbbf3f7c55a6b68fff568439ab73b2cce27ace0e169057b5851df"},
    {file = "jiter-0.11.1-cp310-cp310-macosx_11_0_arm64.whl", hash = "sha256:499beb9b2d7e51d61095a8de39ebcab1d1778f2a74085f8305a969f6cee9f3e4"},
    {file = "jiter-0.11.1-cp310-cp310-manylinux_2_17_aarch64.manylinux2014_aarch64.whl", hash = "sha256:b87b2821795e28cc990939b68ce7a038edea680a24910bd68a79d54ff3f03c02"},
    {file = "jiter-0.11.1-cp310-cp310-manylinux_2_17_armv7l.manylinux2014_armv7l.whl", hash = "sha256:83f6fa494d8bba14ab100417c80e70d32d737e805cb85be2052d771c76fcd1f8"},
    {file = "jiter-0.11.1-cp310-cp310-manylinux_2_17_ppc64le.manylinux2014_ppc64le.whl", hash = "sha256:5fbc6aea1daa2ec6f5ed465f0c5e7b0607175062ceebbea5ca70dd5ddab58083"},
    {file = "jiter-0.11.1-cp310-cp310-manylinux_2_17_s390x.manylinux2014_s390x.whl", hash = "sha256:302288e2edc43174bb2db838e94688d724f9aad26c5fb9a74f7a5fb427452a6a"},
    {file = "jiter-0.11.1-cp310-cp310-manylinux_2_17_x86_64.manylinux2014_x86_64.whl", hash = "sha256:85db563fe3b367bb568af5d29dea4d4066d923b8e01f3417d25ebecd958de815"},
    {file = "jiter-0.11.1-cp310-cp310-manylinux_2_5_i686.manylinux1_i686.whl", hash = "sha256:f1c1ba2b6b22f775444ef53bc2d5778396d3520abc7b2e1da8eb0c27cb3ffb10"},
    {file = "jiter-0.11.1-cp310-cp310-musllinux_1_1_aarch64.whl", hash = "sha256:523be464b14f8fd0cc78da6964b87b5515a056427a2579f9085ce30197a1b54a"},
    {file = "jiter-0.11.1-cp310-cp310-musllinux_1_1_x86_64.whl", hash = "sha256:25b99b3f04cd2a38fefb22e822e35eb203a2cd37d680dbbc0c0ba966918af336"},
    {file = "jiter-0.11.1-cp310-cp310-win32.whl", hash = "sha256:47a79e90545a596bb9104109777894033347b11180d4751a216afef14072dbe7"},
    {file = "jiter-0.11.1-cp310-cp310-win_amd64.whl", hash = "sha256:cace75621ae9bd66878bf69fbd4dfc1a28ef8661e0c2d0eb72d3d6f1268eddf5"},
    {file = "jiter-0.11.1-cp311-cp311-macosx_10_12_x86_64.whl", hash = "sha256:9b0088ff3c374ce8ce0168523ec8e97122ebb788f950cf7bb8e39c7dc6a876a2"},
    {file = "jiter-0.11.1-cp311-cp311-macosx_11_0_arm64.whl", hash = "sha256:74433962dd3c3090655e02e461267095d6c84f0741c7827de11022ef8d7ff661"},
    {file = "jiter-0.11.1-cp311-cp311-manylinux_2_17_aarch64.manylinux2014_aarch64.whl", hash = "sha256:6d98030e345e6546df2cc2c08309c502466c66c4747b043f1a0d415fada862b8"},
    {file = "jiter-0.11.1-cp311-cp311-manylinux_2_17_armv7l.manylinux2014_armv7l.whl", hash = "sha256:1d6db0b2e788db46bec2cf729a88b6dd36959af2abd9fa2312dfba5acdd96dcb"},
    {file = "jiter-0.11.1-cp311-cp311-manylinux_2_17_ppc64le.manylinux2014_ppc64le.whl", hash = "sha256:55678fbbda261eafe7289165dd2ddd0e922df5f9a1ae46d7c79a5a15242bd7d1"},
    {file = "jiter-0.11.1-cp311-cp311-manylinux_2_17_s390x.manylinux2014_s390x.whl", hash = "sha256:6a6b74fae8e40497653b52ce6ca0f1b13457af769af6fb9c1113efc8b5b4d9be"},
    {file = "jiter-0.11.1-cp311-cp311-manylinux_2_17_x86_64.manylinux2014_x86_64.whl", hash = "sha256:0a55a453f8b035eb4f7852a79a065d616b7971a17f5e37a9296b4b38d3b619e4"},
    {file = "jiter-0.11.1-cp311-cp311-manylinux_2_5_i686.manylinux1_i686.whl", hash = "sha256:2638148099022e6bdb3f42904289cd2e403609356fb06eb36ddec2d50958bc29"},
    {file = "jiter-0.11.1-cp311-cp311-musllinux_1_1_aarch64.whl", hash = "sha256:252490567a5d990986f83b95a5f1ca1bf205ebd27b3e9e93bb7c2592380e29b9"},
    {file = "jiter-0.11.1-cp311-cp311-musllinux_1_1_x86_64.whl", hash = "sha256:d431d52b0ca2436eea6195f0f48528202100c7deda354cb7aac0a302167594d5"},
    {file = "jiter-0.11.1-cp311-cp311-win32.whl", hash = "sha256:db6f41e40f8bae20c86cb574b48c4fd9f28ee1c71cb044e9ec12e78ab757ba3a"},
    {file = "jiter-0.11.1-cp311-cp311-win_amd64.whl", hash = "sha256:0cc407b8e6cdff01b06bb80f61225c8b090c3df108ebade5e0c3c10993735b19"},
    {file = "jiter-0.11.1-cp311-cp311-win_arm64.whl", hash = "sha256:fe04ea475392a91896d1936367854d346724a1045a247e5d1c196410473b8869"},
    {file = "jiter-0.11.1-cp312-cp312-macosx_10_12_x86_64.whl", hash = "sha256:c92148eec91052538ce6823dfca9525f5cfc8b622d7f07e9891a280f61b8c96c"},
    {file = "jiter-0.11.1-cp312-cp312-macosx_11_0_arm64.whl", hash = "sha256:ecd4da91b5415f183a6be8f7158d127bdd9e6a3174138293c0d48d6ea2f2009d"},
    {file = "jiter-0.11.1-cp312-cp312-manylinux_2_17_aarch64.manylinux2014_aarch64.whl", hash = "sha256:d7e3ac25c00b9275684d47aa42febaa90a9958e19fd1726c4ecf755fbe5e553b"},
    {file = "jiter-0.11.1-cp312-cp312-manylinux_2_17_armv7l.manylinux2014_armv7l.whl", hash = "sha256:57d7305c0a841858f866cd459cd9303f73883fb5e097257f3d4a3920722c69d4"},
    {file = "jiter-0.11.1-cp312-cp312-manylinux_2_17_ppc64le.manylinux2014_ppc64le.whl", hash = "sha256:e86fa10e117dce22c547f31dd6d2a9a222707d54853d8de4e9a2279d2c97f239"},
    {file = "jiter-0.11.1-cp312-cp312-manylinux_2_17_s390x.manylinux2014_s390x.whl", hash = "sha256:ae5ef1d48aec7e01ee8420155d901bb1d192998fa811a65ebb82c043ee186711"},
    {file = "jiter-0.11.1-cp312-cp312-manylinux_2_17_x86_64.manylinux2014_x86_64.whl", hash = "sha256:eb68e7bf65c990531ad8715e57d50195daf7c8e6f1509e617b4e692af1108939"},
    {file = "jiter-0.11.1-cp312-cp312-manylinux_2_5_i686.manylinux1_i686.whl", hash = "sha256:43b30c8154ded5845fa454ef954ee67bfccce629b2dea7d01f795b42bc2bda54"},
    {file = "jiter-0.11.1-cp312-cp312-musllinux_1_1_aarch64.whl", hash = "sha256:586cafbd9dd1f3ce6a22b4a085eaa6be578e47ba9b18e198d4333e598a91db2d"},
    {file = "jiter-0.11.1-cp312-cp312-musllinux_1_1_x86_64.whl", hash = "sha256:677cc2517d437a83bb30019fd4cf7cad74b465914c56ecac3440d597ac135250"},
    {file = "jiter-0.11.1-cp312-cp312-win32.whl", hash = "sha256:fa992af648fcee2b850a3286a35f62bbbaeddbb6dbda19a00d8fbc846a947b6e"},
    {file = "jiter-0.11.1-cp312-cp312-win_amd64.whl", hash = "sha256:88b5cae9fa51efeb3d4bd4e52bfd4c85ccc9cac44282e2a9640893a042ba4d87"},
    {file = "jiter-0.11.1-cp312-cp312-win_arm64.whl", hash = "sha256:9a6cae1ab335551917f882f2c3c1efe7617b71b4c02381e4382a8fc80a02588c"},
    {file = "jiter-0.11.1-cp313-cp313-macosx_10_12_x86_64.whl", hash = "sha256:71b6a920a5550f057d49d0e8bcc60945a8da998019e83f01adf110e226267663"},
    {file = "jiter-0.11.1-cp313-cp313-macosx_11_0_arm64.whl", hash = "sha256:0b3de72e925388453a5171be83379549300db01284f04d2a6f244d1d8de36f94"},
    {file = "jiter-0.11.1-cp313-cp313-manylinux_2_17_aarch64.manylinux2014_aarch64.whl", hash = "sha256:cc19dd65a2bd3d9c044c5b4ebf657ca1e6003a97c0fc10f555aa4f7fb9821c00"},
    {file = "jiter-0.11.1-cp313-cp313-manylinux_2_17_armv7l.manylinux2014_armv7l.whl", hash = "sha256:d58faaa936743cd1464540562f60b7ce4fd927e695e8bc31b3da5b914baa9abd"},
    {file = "jiter-0.11.1-cp313-cp313-manylinux_2_17_ppc64le.manylinux2014_ppc64le.whl", hash = "sha256:902640c3103625317291cb73773413b4d71847cdf9383ba65528745ff89f1d14"},
    {file = "jiter-0.11.1-cp313-cp313-manylinux_2_17_s390x.manylinux2014_s390x.whl", hash = "sha256:30405f726e4c2ed487b176c09f8b877a957f535d60c1bf194abb8dadedb5836f"},
    {file = "jiter-0.11.1-cp313-cp313-manylinux_2_17_x86_64.manylinux2014_x86_64.whl", hash = "sha256:3217f61728b0baadd2551844870f65219ac4a1285d5e1a4abddff3d51fdabe96"},
    {file = "jiter-0.11.1-cp313-cp313-manylinux_2_5_i686.manylinux1_i686.whl", hash = "sha256:b1364cc90c03a8196f35f396f84029f12abe925415049204446db86598c8b72c"},
    {file = "jiter-0.11.1-cp313-cp313-musllinux_1_1_aarch64.whl", hash = "sha256:53a54bf8e873820ab186b2dca9f6c3303f00d65ae5e7b7d6bda1b95aa472d646"},
    {file = "jiter-0.11.1-cp313-cp313-musllinux_1_1_x86_64.whl", hash = "sha256:7e29aca023627b0e0c2392d4248f6414d566ff3974fa08ff2ac8dbb96dfee92a"},
    {file = "jiter-0.11.1-cp313-cp313-win32.whl", hash = "sha256:f153e31d8bca11363751e875c0a70b3d25160ecbaee7b51e457f14498fb39d8b"},
    {file = "jiter-0.11.1-cp313-cp313-win_amd64.whl", hash = "sha256:f773f84080b667c69c4ea0403fc67bb08b07e2b7ce1ef335dea5868451e60fed"},
    {file = "jiter-0.11.1-cp313-cp313-win_arm64.whl", hash = "sha256:635ecd45c04e4c340d2187bcb1cea204c7cc9d32c1364d251564bf42e0e39c2d"},
    {file = "jiter-0.11.1-cp313-cp313t-macosx_11_0_arm64.whl", hash = "sha256:d892b184da4d94d94ddb4031296931c74ec8b325513a541ebfd6dfb9ae89904b"},
    {file = "jiter-0.11.1-cp313-cp313t-manylinux_2_17_aarch64.manylinux2014_aarch64.whl", hash = "sha256:aa22c223a3041dacb2fcd37c70dfd648b44662b4a48e242592f95bda5ab09d58"},
    {file = "jiter-0.11.1-cp313-cp313t-manylinux_2_17_x86_64.manylinux2014_x86_64.whl", hash = "sha256:330e8e6a11ad4980cd66a0f4a3e0e2e0f646c911ce047014f984841924729789"},
    {file = "jiter-0.11.1-cp313-cp313t-win_amd64.whl", hash = "sha256:09e2e386ebf298547ca3a3704b729471f7ec666c2906c5c26c1a915ea24741ec"},
    {file = "jiter-0.11.1-cp313-cp313t-win_arm64.whl", hash = "sha256:fe4a431c291157e11cee7c34627990ea75e8d153894365a3bc84b7a959d23ca8"},
    {file = "jiter-0.11.1-cp314-cp314-macosx_10_12_x86_64.whl", hash = "sha256:0fa1f70da7a8a9713ff8e5f75ec3f90c0c870be6d526aa95e7c906f6a1c8c676"},
    {file = "jiter-0.11.1-cp314-cp314-macosx_11_0_arm64.whl", hash = "sha256:569ee559e5046a42feb6828c55307cf20fe43308e3ae0d8e9e4f8d8634d99944"},
    {file = "jiter-0.11.1-cp314-cp314-manylinux_2_17_aarch64.manylinux2014_aarch64.whl", hash = "sha256:f69955fa1d92e81987f092b233f0be49d4c937da107b7f7dcf56306f1d3fcce9"},
    {file = "jiter-0.11.1-cp314-cp314-manylinux_2_17_armv7l.manylinux2014_armv7l.whl", hash = "sha256:090f4c9d4a825e0fcbd0a2647c9a88a0f366b75654d982d95a9590745ff0c48d"},
    {file = "jiter-0.11.1-cp314-cp314-manylinux_2_17_ppc64le.manylinux2014_ppc64le.whl", hash = "sha256:bbf3d8cedf9e9d825233e0dcac28ff15c47b7c5512fdfe2e25fd5bbb6e6b0cee"},
    {file = "jiter-0.11.1-cp314-cp314-manylinux_2_17_s390x.manylinux2014_s390x.whl", hash = "sha256:2aa9b1958f9c30d3d1a558b75f0626733c60eb9b7774a86b34d88060be1e67fe"},
    {file = "jiter-0.11.1-cp314-cp314-manylinux_2_17_x86_64.manylinux2014_x86_64.whl", hash = "sha256:e42d1ca16590b768c5e7d723055acd2633908baacb3628dd430842e2e035aa90"},
    {file = "jiter-0.11.1-cp314-cp314-manylinux_2_5_i686.manylinux1_i686.whl", hash = "sha256:5db4c2486a023820b701a17aec9c5a6173c5ba4393f26662f032f2de9c848b0f"},
    {file = "jiter-0.11.1-cp314-cp314-musllinux_1_1_aarch64.whl", hash = "sha256:4573b78777ccfac954859a6eff45cbd9d281d80c8af049d0f1a3d9fc323d5c3a"},
    {file = "jiter-0.11.1-cp314-cp314-musllinux_1_1_x86_64.whl", hash = "sha256:7593ac6f40831d7961cb67633c39b9fef6689a211d7919e958f45710504f52d3"},
    {file = "jiter-0.11.1-cp314-cp314-win32.whl", hash = "sha256:87202ec6ff9626ff5f9351507def98fcf0df60e9a146308e8ab221432228f4ea"},
    {file = "jiter-0.11.1-cp314-cp314-win_amd64.whl", hash = "sha256:a5dd268f6531a182c89d0dd9a3f8848e86e92dfff4201b77a18e6b98aa59798c"},
    {file = "jiter-0.11.1-cp314-cp314-win_arm64.whl", hash = "sha256:5d761f863f912a44748a21b5c4979c04252588ded8d1d2760976d2e42cd8d991"},
    {file = "jiter-0.11.1-cp314-cp314t-macosx_11_0_arm64.whl", hash = "sha256:2cc5a3965285ddc33e0cab933e96b640bc9ba5940cea27ebbbf6695e72d6511c"},
    {file = "jiter-0.11.1-cp314-cp314t-manylinux_2_17_aarch64.manylinux2014_aarch64.whl", hash = "sha256:6b572b3636a784c2768b2342f36a23078c8d3aa6d8a30745398b1bab58a6f1a8"},
    {file = "jiter-0.11.1-cp314-cp314t-manylinux_2_17_armv7l.manylinux2014_armv7l.whl", hash = "sha256:ad93e3d67a981f96596d65d2298fe8d1aa649deb5374a2fb6a434410ee11915e"},
    {file = "jiter-0.11.1-cp314-cp314t-manylinux_2_17_ppc64le.manylinux2014_ppc64le.whl", hash = "sha256:a83097ce379e202dcc3fe3fc71a16d523d1ee9192c8e4e854158f96b3efe3f2f"},
    {file = "jiter-0.11.1-cp314-cp314t-manylinux_2_17_s390x.manylinux2014_s390x.whl", hash = "sha256:7042c51e7fbeca65631eb0c332f90c0c082eab04334e7ccc28a8588e8e2804d9"},
    {file = "jiter-0.11.1-cp314-cp314t-manylinux_2_17_x86_64.manylinux2014_x86_64.whl", hash = "sha256:0a68d679c0e47649a61df591660507608adc2652442de7ec8276538ac46abe08"},
    {file = "jiter-0.11.1-cp314-cp314t-manylinux_2_5_i686.manylinux1_i686.whl", hash = "sha256:a1b0da75dbf4b6ec0b3c9e604d1ee8beaf15bc046fff7180f7d89e3cdbd3bb51"},
    {file = "jiter-0.11.1-cp314-cp314t-musllinux_1_1_aarch64.whl", hash = "sha256:69dd514bf0fa31c62147d6002e5ca2b3e7ef5894f5ac6f0a19752385f4e89437"},
    {file = "jiter-0.11.1-cp314-cp314t-musllinux_1_1_x86_64.whl", hash = "sha256:bb31ac0b339efa24c0ca606febd8b77ef11c58d09af1b5f2be4c99e907b11111"},
    {file = "jiter-0.11.1-cp314-cp314t-win32.whl", hash = "sha256:b2ce0d6156a1d3ad41da3eec63b17e03e296b78b0e0da660876fccfada86d2f7"},
    {file = "jiter-0.11.1-cp314-cp314t-win_amd64.whl", hash = "sha256:f4db07d127b54c4a2d43b4cf05ff0193e4f73e0dd90c74037e16df0b29f666e1"},
    {file = "jiter-0.11.1-cp314-cp314t-win_arm64.whl", hash = "sha256:28e4fdf2d7ebfc935523e50d1efa3970043cfaa161674fe66f9642409d001dfe"},
    {file = "jiter-0.11.1-cp39-cp39-macosx_10_12_x86_64.whl", hash = "sha256:baa99c8db49467527658bb479857344daf0a14dff909b7f6714579ac439d1253"},
    {file = "jiter-0.11.1-cp39-cp39-macosx_11_0_arm64.whl", hash = "sha256:860fe55fa3b01ad0edf2adde1098247ff5c303d0121f9ce028c03d4f88c69502"},
    {file = "jiter-0.11.1-cp39-cp39-manylinux_2_17_aarch64.manylinux2014_aarch64.whl", hash = "sha256:173dd349d99b6feaf5a25a6fbcaf3489a6f947708d808240587a23df711c67db"},
    {file = "jiter-0.11.1-cp39-cp39-manylinux_2_17_armv7l.manylinux2014_armv7l.whl", hash = "sha256:14ac1dca837514cc946a6ac2c4995d9695303ecc754af70a3163d057d1a444ab"},
    {file = "jiter-0.11.1-cp39-cp39-manylinux_2_17_ppc64le.manylinux2014_ppc64le.whl", hash = "sha256:69af47de5f93a231d5b85f7372d3284a5be8edb4cc758f006ec5a1406965ac5e"},
    {file = "jiter-0.11.1-cp39-cp39-manylinux_2_17_s390x.manylinux2014_s390x.whl", hash = "sha256:685f8b3abd3bbd3e06e4dfe2429ff87fd5d7a782701151af99b1fcbd80e31b2b"},
    {file = "jiter-0.11.1-cp39-cp39-manylinux_2_17_x86_64.manylinux2014_x86_64.whl", hash = "sha256:6d04afa2d4e5526e54ae8a58feea953b1844bf6e3526bc589f9de68e86d0ea01"},
    {file = "jiter-0.11.1-cp39-cp39-manylinux_2_5_i686.manylinux1_i686.whl", hash = "sha256:1e92b927259035b50d8e11a8fdfe0ebd014d883e4552d37881643fa289a4bcf1"},
    {file = "jiter-0.11.1-cp39-cp39-musllinux_1_1_aarch64.whl", hash = "sha256:e7bd8be4fad8d4c5558b7801770cd2da6c072919c6f247cc5336edb143f25304"},
    {file = "jiter-0.11.1-cp39-cp39-musllinux_1_1_x86_64.whl", hash = "sha256:121381a77a3c85987f3eba0d30ceaca9116f7463bedeec2fa79b2e7286b89b60"},
    {file = "jiter-0.11.1-cp39-cp39-win32.whl", hash = "sha256:160225407f6dfabdf9be1b44e22f06bc293a78a28ffa4347054698bd712dad06"},
    {file = "jiter-0.11.1-cp39-cp39-win_amd64.whl", hash = "sha256:028e0d59bcdfa1079f8df886cdaefc6f515c27a5288dec956999260c7e4a7cfd"},
    {file = "jiter-0.11.1-graalpy311-graalpy242_311_native-macosx_10_12_x86_64.whl", hash = "sha256:e642b5270e61dd02265866398707f90e365b5db2eb65a4f30c789d826682e1f6"},
    {file = "jiter-0.11.1-graalpy311-graalpy242_311_native-macosx_11_0_arm64.whl", hash = "sha256:464ba6d000585e4e2fd1e891f31f1231f497273414f5019e27c00a4b8f7a24ad"},
    {file = "jiter-0.11.1-graalpy311-graalpy242_311_native-manylinux_2_17_aarch64.manylinux2014_aarch64.whl", hash = "sha256:055568693ab35e0bf3a171b03bb40b2dcb10352359e0ab9b5ed0da2bf1eb6f6f"},
    {file = "jiter-0.11.1-graalpy311-graalpy242_311_native-manylinux_2_17_x86_64.manylinux2014_x86_64.whl", hash = "sha256:e0c69ea798d08a915ba4478113efa9e694971e410056392f4526d796f136d3fa"},
    {file = "jiter-0.11.1-graalpy312-graalpy250_312_native-macosx_10_12_x86_64.whl", hash = "sha256:0d4d6993edc83cf75e8c6828a8d6ce40a09ee87e38c7bfba6924f39e1337e21d"},
    {file = "jiter-0.11.1-graalpy312-graalpy250_312_native-macosx_11_0_arm64.whl", hash = "sha256:f78d151c83a87a6cf5461d5ee55bc730dd9ae227377ac6f115b922989b95f838"},
    {file = "jiter-0.11.1-graalpy312-graalpy250_312_native-manylinux_2_17_aarch64.manylinux2014_aarch64.whl", hash = "sha256:c9022974781155cd5521d5cb10997a03ee5e31e8454c9d999dcdccd253f2353f"},
    {file = "jiter-0.11.1-graalpy312-graalpy250_312_native-manylinux_2_17_x86_64.manylinux2014_x86_64.whl", hash = "sha256:18c77aaa9117510d5bdc6a946baf21b1f0cfa58ef04d31c8d016f206f2118960"},
    {file = "jiter-0.11.1.tar.gz", hash = "sha256:849dcfc76481c0ea0099391235b7ca97d7279e0fa4c86005457ac7c88e8b76dc"},
]

[[package]]
name = "openai"
version = "2.6.1"
description = "The official Python library for the openai API"
optional = false
python-versions = ">=3.8"
files = [
    {file = "openai-2.6.1-py3-none-any.whl", hash = "sha256:904e4b5254a8416746a2f05649594fa41b19d799843cd134dac86167e094edef"},
    {file = "openai-2.6.1.tar.gz", hash = "sha256:27ae704d190615fca0c0fc2b796a38f8b5879645a3a52c9c453b23f97141bb49"},
]

[package.dependencies]
anyio = ">=3.5.0,<5"
distro = ">=1.7.0,<2"
httpx = ">=0.23.0,<1"
jiter = ">=0.10.0,<1"
pydantic = ">=1.9.0,<3"
sniffio = "*"
tqdm = ">4"
typing-extensions = ">=4.11,<5"

[package.extras]
aiohttp = ["aiohttp", "httpx-aiohttp (>=0.1.9)"]
datalib = ["numpy (>=1)", "pandas (>=1.2.3)", "pandas-stubs (>=1.1.0.11)"]
realtime = ["websockets (>=13,<16)"]
voice-helpers = ["numpy (>=2.0.2)", "sounddevice (>=0.5.1)"]

[[package]]
name = "pydantic"
version = "2.12.3"
description = "Data validation using Python type hints"
optional = false
python-versions = ">=3.9"
files = [
    {file = "pydantic-2.12.3-py3-none-any.whl", hash = "sha256:6986454a854bc3bc6e5443e1369e06a3a456af9d339eda45510f517d9ea5c6bf"},
    {file = "pydantic-2.12.3.tar.gz", hash = "sha256:1da1c82b0fc140bb0103bc1441ffe062154c8d38491189751ee00fd8ca65ce74"},
]

[package.dependencies]
annotated-types = ">=0.6.0"
pydantic-core = "2.41.4"
typing-extensions = ">=4.14.1"
typing-inspection = ">=0.4.2"

[package.extras]
email = ["email-validator (>=2.0.0)"]
timezone = ["tzdata"]

[[package]]
name = "pydantic-core"
version = "2.41.4"
description = "Core functionality for Pydantic validation and serialization"
optional = false
python-versions = ">=3.9"
files = [
    {file = "pydantic_core-2.41.4-cp310-cp310-macosx_10_12_x86_64.whl", hash = "sha256:2442d9a4d38f3411f22eb9dd0912b7cbf4b7d5b6c92c4173b75d3e1ccd84e36e"},
    {file = "pydantic_core-2.41.4-cp310-cp310-macosx_11_0_arm64.whl", hash = "sha256:30a9876226dda131a741afeab2702e2d127209bde3c65a2b8133f428bc5d006b"},
    {file = "pydantic_core-2.41.4-cp310-cp310-manylinux_2_17_aarch64.manylinux2014_aarch64.whl", hash = "sha256:d55bbac04711e2980645af68b97d445cdbcce70e5216de444a6c4b6943ebcccd"},
    {file = "pydantic_core-2.41.4-cp310-cp310-manylinux_2_17_armv7l.manylinux2014_armv7l.whl", hash = "sha256:e1d778fb7849a42d0ee5927ab0f7453bf9f85eef8887a546ec87db5ddb178945"},
    {file = "pydantic_core-2.41.4-cp310-cp310-manylinux_2_17_ppc64le.manylinux2014_ppc64le.whl", hash = "sha256:1b65077a4693a98b90ec5ad8f203ad65802a1b9b6d4a7e48066925a7e1606706"},
    {file = "pydantic_core-2.41.4-cp310-cp310-manylinux_2_17_s390x.manylinux2014_s390x.whl", hash = "sha256:62637c769dee16eddb7686bf421be48dfc2fae93832c25e25bc7242e698361ba"},
    {file = "pydantic_core-2.41.4-cp310-cp310-manylinux_2_17_x86_64.manylinux2014_x86_64.whl", hash = "sha256:2dfe3aa529c8f501babf6e502936b9e8d4698502b2cfab41e17a028d91b1ac7b"},
    {file = "pydantic_core-2.41.4-cp310-cp310-manylinux_2_5_i686.manylinux1_i686.whl", hash = "sha256:ca2322da745bf2eeb581fc9ea3bbb31147702163ccbcbf12a3bb630e4bf05e1d"},
    {file = "pydantic_core-2.41.4-cp310-cp310-musllinux_1_1_aarch64.whl", hash = "sha256:e8cd3577c796be7231dcf80badcf2e0835a46665eaafd8ace124d886bab4d700"},
    {file = "pydantic_core-2.41.4-cp310-cp310-musllinux_1_1_armv7l.whl", hash = "sha256:1cae8851e174c83633f0833e90636832857297900133705ee158cf79d40f03e6"},
    {file = "pydantic_core-2.41.4-cp310-cp310-musllinux_1_1_x86_64.whl", hash = "sha256:a26d950449aae348afe1ac8be5525a00ae4235309b729ad4d3399623125b43c9"},
    {file = "pydantic_core-2.41.4-cp310-cp310-win32.whl", hash = "sha256:0cf2a1f599efe57fa0051312774280ee0f650e11152325e41dfd3018ef2c1b57"},
    {file = "pydantic_core-2.41.4-cp310-cp310-win_amd64.whl", hash = "sha256:a8c2e340d7e454dc3340d3d2e8f23558ebe78c98aa8f68851b04dcb7bc37abdc"},
    {file = "pydantic_core-2.41.4-cp311-cp311-macosx_10_12_x86_64.whl", hash = "sha256:28ff11666443a1a8cf2a044d6a545ebffa8382b5f7973f22c36109205e65dc80"},
    {file = "pydantic_core-2.41.4-cp311-cp311-macosx_11_0_arm64.whl", hash = "sha256:61760c3925d4633290292bad462e0f737b840508b4f722247d8729684f6539ae"},
    {file = "pydantic_core-2.41.4-cp311-cp311-manylinux_2_17_aarch64.manylinux2014_aarch64.whl", hash = "sha256:eae547b7315d055b0de2ec3965643b0ab82ad0106a7ffd29615ee9f266a02827"},
    {file = "pydantic_core-2.41.4-cp311-cp311-manylinux_2_17_armv7l.manylinux2014_armv7l.whl", hash = "sha256:ef9ee5471edd58d1fcce1c80ffc8783a650e3e3a193fe90d52e43bb4d87bff1f"},
    {file = "pydantic_core-2.41.4-cp311-cp311-manylinux_2_17_ppc64le.manylinux2014_ppc64le.whl", hash = "sha256:15dd504af121caaf2c95cb90c0ebf71603c53de98305621b94da0f967e572def"},
    {file = "pydantic_core-2.41.4-cp311-cp311-manylinux_2_17_s390x.manylinux2014_s390x.whl", hash = "sha256:3a926768ea49a8af4d36abd6a8968b8790f7f76dd7cbd5a4c180db2b4ac9a3a2"},
    {file = "pydantic_core-2.41.4-cp311-cp311-manylinux_2_17_x86_64.manylinux2014_x86_64.whl", hash = "sha256:6916b9b7d134bff5440098a4deb80e4cb623e68974a87883299de9124126c2a8"},
    {file = "pydantic_core-2.41.4-cp311-cp311-manylinux_2_5_i686.manylinux1_i686.whl", hash = "sha256:5cf90535979089df02e6f17ffd076f07237efa55b7343d98760bde8743c4b265"},
    {file = "pydantic_core-2.41.4-cp311-cp311-musllinux_1_1_aarch64.whl", hash = "sha256:7533c76fa647fade2d7ec75ac5cc079ab3f34879626dae5689b27790a6cf5a5c"},
    {file = "pydantic_core-2.41.4-cp311-cp311-musllinux_1_1_armv7l.whl", hash = "sha256:37e516bca9264cbf29612539801ca3cd5d1be465f940417b002905e6ed79d38a"},
    {file = "pydantic_core-2.41.4-cp311-cp311-musllinux_1_1_x86_64.whl", hash = "sha256:0c19cb355224037c83642429b8ce261ae108e1c5fbf5c028bac63c77b0f8646e"},
    {file = "pydantic_core-2.41.4-cp311-cp311-win32.whl", hash = "sha256:09c2a60e55b357284b5f31f5ab275ba9f7f70b7525e18a132ec1f9160b4f1f03"},
    {file = "pydantic_core-2.41.4-cp311-cp311-win_amd64.whl", hash = "sha256:711156b6afb5cb1cb7c14a2cc2c4a8b4c717b69046f13c6b332d8a0a8f41ca3e"},
    {file = "pydantic_core-2.41.4-cp311-cp311-win_arm64.whl", hash = "sha256:6cb9cf7e761f4f8a8589a45e49ed3c0d92d1d696a45a6feaee8c904b26efc2db"},
    {file = "pydantic_core-2.41.4-cp312-cp312-macosx_10_12_x86_64.whl", hash = "sha256:ab06d77e053d660a6faaf04894446df7b0a7e7aba70c2797465a0a1af00fc887"},
    {file = "pydantic_core-2.41.4-cp312-cp312-macosx_11_0_arm64.whl", hash = "sha256:c53ff33e603a9c1179a9364b0a24694f183717b2e0da2b5ad43c316c956901b2"},
    {file = "pydantic_core-2.41.4-cp312-cp312-manylinux_2_17_aarch64.manylinux2014_aarch64.whl", hash = "sha256:304c54176af2c143bd181d82e77c15c41cbacea8872a2225dd37e6544dce9999"},
    {file = "pydantic_core-2.41.4-cp312-cp312-manylinux_2_17_armv7l.manylinux2014_armv7l.whl", hash = "sha256:025ba34a4cf4fb32f917d5d188ab5e702223d3ba603be4d8aca2f82bede432a4"},
    {file = "pydantic_core-2.41.4-cp312-cp312-manylinux_2_17_ppc64le.manylinux2014_ppc64le.whl", hash = "sha256:b9f5f30c402ed58f90c70e12eff65547d3ab74685ffe8283c719e6bead8ef53f"},
    {file = "pydantic_core-2.41.4-cp312-cp312-manylinux_2_17_s390x.manylinux2014_s390x.whl", hash = "sha256:dd96e5d15385d301733113bcaa324c8bcf111275b7675a9c6e88bfb19fc05e3b"},
    {file = "pydantic_core-2.41.4-cp312-cp312-manylinux_2_17_x86_64.manylinux2014_x86_64.whl", hash = "sha256:98f348cbb44fae6e9653c1055db7e29de67ea6a9ca03a5fa2c2e11a47cff0e47"},
    {file = "pydantic_core-2.41.4-cp312-cp312-manylinux_2_5_i686.manylinux1_i686.whl", hash = "sha256:ec22626a2d14620a83ca583c6f5a4080fa3155282718b6055c2ea48d3ef35970"},
    {file = "pydantic_core-2.41.4-cp312-cp312-musllinux_1_1_aarch64.whl", hash = "sha256:3a95d4590b1f1a43bf33ca6d647b990a88f4a3824a8c4572c708f0b45a5290ed"},
    {file = "pydantic_core-2.41.4-cp312-cp312-musllinux_1_1_armv7l.whl", hash = "sha256:f9672ab4d398e1b602feadcffcdd3af44d5f5e6ddc15bc7d15d376d47e8e19f8"},
    {file = "pydantic_core-2.41.4-cp312-cp312-musllinux_1_1_x86_64.whl", hash = "sha256:84d8854db5f55fead3b579f04bda9a36461dab0730c5d570e1526483e7bb8431"},
    {file = "pydantic_core-2.41.4-cp312-cp312-win32.whl", hash = "sha256:9be1c01adb2ecc4e464392c36d17f97e9110fbbc906bcbe1c943b5b87a74aabd"},
    {file = "pydantic_core-2.41.4-cp312-cp312-win_amd64.whl", hash = "sha256:d682cf1d22bab22a5be08539dca3d1593488a99998f9f412137bc323179067ff"},
    {file = "pydantic_core-2.41.4-cp312-cp312-win_arm64.whl", hash = "sha256:833eebfd75a26d17470b58768c1834dfc90141b7afc6eb0429c21fc5a21dcfb8"},
    {file = "pydantic_core-2.41.4-cp313-cp313-macosx_10_12_x86_64.whl", hash = "sha256:85e050ad9e5f6fe1004eec65c914332e52f429bc0ae12d6fa2092407a462c746"},
    {file = "pydantic_core-2.41.4-cp313-cp313-macosx_11_0_arm64.whl", hash = "sha256:e7393f1d64792763a48924ba31d1e44c2cfbc05e3b1c2c9abb4ceeadd912cced"},
    {file = "pydantic_core-2.41.4-cp313-cp313-manylinux_2_17_aarch64.manylinux2014_aarch64.whl", hash = "sha256:94dab0940b0d1fb28bcab847adf887c66a27a40291eedf0b473be58761c9799a"},
    {file = "pydantic_core-2.41.4-cp313-cp313-manylinux_2_17_armv7l.manylinux2014_armv7l.whl", hash = "sha256:de7c42f897e689ee6f9e93c4bec72b99ae3b32a2ade1c7e4798e690ff5246e02"},
    {file = "pydantic_core-2.41.4-cp313-cp313-manylinux_2_17_ppc64le.manylinux2014_ppc64le.whl", hash = "sha256:664b3199193262277b8b3cd1e754fb07f2c6023289c815a1e1e8fb415cb247b1"},
    {file = "pydantic_core-2.41.4-cp313-cp313-manylinux_2_17_s390x.manylinux2014_s390x.whl", hash = "sha256:d95b253b88f7d308b1c0b417c4624f44553ba4762816f94e6986819b9c273fb2"},
    {file = "pydantic_core-2.41.4-cp313-cp313-manylinux_2_17_x86_64.manylinux2014_x86_64.whl", hash = "sha256:a1351f5bbdbbabc689727cb91649a00cb9ee7203e0a6e54e9f5ba9e22e384b84"},
    {file = "pydantic_core-2.41.4-cp313-cp313-manylinux_2_5_i686.manylinux1_i686.whl", hash = "sha256:1affa4798520b148d7182da0615d648e752de4ab1a9566b7471bc803d88a062d"},
    {file = "pydantic_core-2.41.4-cp313-cp313-musllinux_1_1_aarch64.whl", hash = "sha256:7b74e18052fea4aa8dea2fb7dbc23d15439695da6cbe6cfc1b694af1115df09d"},
    {file = "pydantic_core-2.41.4-cp313-cp313-musllinux_1_1_armv7l.whl", hash = "sha256:285b643d75c0e30abda9dc1077395624f314a37e3c09ca402d4015ef5979f1a2"},
    {file = "pydantic_core-2.41.4-cp313-cp313-musllinux_1_1_x86_64.whl", hash = "sha256:f52679ff4218d713b3b33f88c89ccbf3a5c2c12ba665fb80ccc4192b4608dbab"},
    {file = "pydantic_core-2.41.4-cp313-cp313-win32.whl", hash = "sha256:ecde6dedd6fff127c273c76821bb754d793be1024bc33314a120f83a3c69460c"},
    {file = "pydantic_core-2.41.4-cp313-cp313-win_amd64.whl", hash = "sha256:d081a1f3800f05409ed868ebb2d74ac39dd0c1ff6c035b5162356d76030736d4"},
    {file = "pydantic_core-2.41.4-cp313-cp313-win_arm64.whl", hash = "sha256:f8e49c9c364a7edcbe2a310f12733aad95b022495ef2a8d653f645e5d20c1564"},
    {file = "pydantic_core-2.41.4-cp313-cp313t-macosx_11_0_arm64.whl", hash = "sha256:ed97fd56a561f5eb5706cebe94f1ad7c13b84d98312a05546f2ad036bafe87f4"},
    {file = "pydantic_core-2.41.4-cp313-cp313t-manylinux_2_17_aarch64.manylinux2014_aarch64.whl", hash = "sha256:a870c307bf1ee91fc58a9a61338ff780d01bfae45922624816878dce784095d2"},
    {file = "pydantic_core-2.41.4-cp313-cp313t-manylinux_2_17_x86_64.manylinux2014_x86_64.whl", hash = "sha256:d25e97bc1f5f8f7985bdc2335ef9e73843bb561eb1fa6831fdfc295c1c2061cf"},
    {file = "pydantic_core-2.41.4-cp313-cp313t-win_amd64.whl", hash = "sha256:d405d14bea042f166512add3091c1af40437c2e7f86988f3915fabd27b1e9cd2"},
    {file = "pydantic_core-2.41.4-cp313-cp313t-win_arm64.whl", hash = "sha256:19f3684868309db5263a11bace3c45d93f6f24afa2ffe75a647583df22a2ff89"},
    {file = "pydantic_core-2.41.4-cp314-cp314-macosx_10_12_x86_64.whl", hash = "sha256:e9205d97ed08a82ebb9a307e92914bb30e18cdf6f6b12ca4bedadb1588a0bfe1"},
    {file = "pydantic_core-2.41.4-cp314-cp314-macosx_11_0_arm64.whl", hash = "sha256:82df1f432b37d832709fbcc0e24394bba04a01b6ecf1ee87578145c19cde12ac"},
    {file = "pydantic_core-2.41.4-cp314-cp314-manylinux_2_17_aarch64.manylinux2014_aarch64.whl", hash = "sha256:fc3b4cc4539e055cfa39a3763c939f9d409eb40e85813257dcd761985a108554"},
    {file = "pydantic_core-2.41.4-cp314-cp314-manylinux_2_17_armv7l.manylinux2014_armv7l.whl", hash = "sha256:b1eb1754fce47c63d2ff57fdb88c351a6c0150995890088b33767a10218eaa4e"},
    {file = "pydantic_core-2.41.4-cp314-cp314-manylinux_2_17_ppc64le.manylinux2014_ppc64le.whl", hash = "sha256:e6ab5ab30ef325b443f379ddb575a34969c333004fca5a1daa0133a6ffaad616"},
    {file = "pydantic_core-2.41.4-cp314-cp314-manylinux_2_17_s390x.manylinux2014_s390x.whl", hash = "sha256:31a41030b1d9ca497634092b46481b937ff9397a86f9f51bd41c4767b6fc04af"},
    {file = "pydantic_core-2.41.4-cp314-cp314-manylinux_2_17_x86_64.manylinux2014_x86_64.whl", hash = "sha256:a44ac1738591472c3d020f61c6df1e4015180d6262ebd39bf2aeb52571b60f12"},
    {file = "pydantic_core-2.41.4-cp314-cp314-manylinux_2_5_i686.manylinux1_i686.whl", hash = "sha256:d72f2b5e6e82ab8f94ea7d0d42f83c487dc159c5240d8f83beae684472864e2d"},
    {file = "pydantic_core-2.41.4-cp314-cp314-musllinux_1_1_aarch64.whl", hash = "sha256:c4d1e854aaf044487d31143f541f7aafe7b482ae72a022c664b2de2e466ed0ad"},
    {file = "pydantic_core-2.41.4-cp314-cp314-musllinux_1_1_armv7l.whl", hash = "sha256:b568af94267729d76e6ee5ececda4e283d07bbb28e8148bb17adad93d025d25a"},
    {file = "pydantic_core-2.41.4-cp314-cp314-musllinux_1_1_x86_64.whl", hash = "sha256:6d55fb8b1e8929b341cc313a81a26e0d48aa3b519c1dbaadec3a6a2b4fcad025"},
    {file = "pydantic_core-2.41.4-cp314-cp314-win32.whl", hash = "sha256:5b66584e549e2e32a1398df11da2e0a7eff45d5c2d9db9d5667c5e6ac764d77e"},
    {file = "pydantic_core-2.41.4-cp314-cp314-win_amd64.whl", hash = "sha256:557a0aab88664cc552285316809cab897716a372afaf8efdbef756f8b890e894"},
    {file = "pydantic_core-2.41.4-cp314-cp314-win_arm64.whl", hash = "sha256:3f1ea6f48a045745d0d9f325989d8abd3f1eaf47dd00485912d1a3a63c623a8d"},
    {file = "pydantic_core-2.41.4-cp314-cp314t-macosx_11_0_arm64.whl", hash = "sha256:6c1fe4c5404c448b13188dd8bd2ebc2bdd7e6727fa61ff481bcc2cca894018da"},
    {file = "pydantic_core-2.41.4-cp314-cp314t-manylinux_2_17_aarch64.manylinux2014_aarch64.whl", hash = "sha256:523e7da4d43b113bf8e7b49fa4ec0c35bf4fe66b2230bfc5c13cc498f12c6c3e"},
    {file = "pydantic_core-2.41.4-cp314-cp314t-manylinux_2_17_x86_64.manylinux2014_x86_64.whl", hash = "sha256:5729225de81fb65b70fdb1907fcf08c75d498f4a6f15af005aabb1fdadc19dfa"},
    {file = "pydantic_core-2.41.4-cp314-cp314t-win_amd64.whl", hash = "sha256:de2cfbb09e88f0f795fd90cf955858fc2c691df65b1f21f0aa00b99f3fbc661d"},
    {file = "pydantic_core-2.41.4-cp314-cp314t-win_arm64.whl", hash = "sha256:d34f950ae05a83e0ede899c595f312ca976023ea1db100cd5aa188f7005e3ab0"},
    {file = "pydantic_core-2.41.4-cp39-cp39-macosx_10_12_x86_64.whl", hash = "sha256:646e76293345954acea6966149683047b7b2ace793011922208c8e9da12b0062"},
    {file = "pydantic_core-2.41.4-cp39-cp39-macosx_11_0_arm64.whl", hash = "sha256:cc8e85a63085a137d286e2791037f5fdfff0aabb8b899483ca9c496dd5797338"},
    {file = "pydantic_core-2.41.4-cp39-cp39-manylinux_2_17_aarch64.manylinux2014_aarch64.whl", hash = "sha256:692c622c8f859a17c156492783902d8370ac7e121a611bd6fe92cc71acf9ee8d"},
    {file = "pydantic_core-2.41.4-cp39-cp39-manylinux_2_17_armv7l.manylinux2014_armv7l.whl", hash = "sha256:d1e2906efb1031a532600679b424ef1d95d9f9fb507f813951f23320903adbd7"},
    {file = "pydantic_core-2.41.4-cp39-cp39-manylinux_2_17_ppc64le.manylinux2014_ppc64le.whl", hash = "sha256:e04e2f7f8916ad3ddd417a7abdd295276a0bf216993d9318a5d61cc058209166"},
    {file = "pydantic_core-2.41.4-cp39-cp39-manylinux_2_17_s390x.manylinux2014_s390x.whl", hash = "sha256:df649916b81822543d1c8e0e1d079235f68acdc7d270c911e8425045a8cfc57e"},
    {file = "pydantic_core-2.41.4-cp39-cp39-manylinux_2_17_x86_64.manylinux2014_x86_64.whl", hash = "sha256:66c529f862fdba70558061bb936fe00ddbaaa0c647fd26e4a4356ef1d6561891"},
    {file = "pydantic_core-2.41.4-cp39-cp39-manylinux_2_5_i686.manylinux1_i686.whl", hash = "sha256:fc3b4c5a1fd3a311563ed866c2c9b62da06cb6398bee186484ce95c820db71cb"},
    {file = "pydantic_core-2.41.4-cp39-cp39-musllinux_1_1_aarch64.whl", hash = "sha256:6e0fc40d84448f941df9b3334c4b78fe42f36e3bf631ad54c3047a0cdddc2514"},
    {file = "pydantic_core-2.41.4-cp39-cp39-musllinux_1_1_armv7l.whl", hash = "sha256:44e7625332683b6c1c8b980461475cde9595eff94447500e80716db89b0da005"},
    {file = "pydantic_core-2.41.4-cp39-cp39-musllinux_1_1_x86_64.whl", hash = "sha256:170ee6835f6c71081d031ef1c3b4dc4a12b9efa6a9540f93f95b82f3c7571ae8"},
    {file = "pydantic_core-2.41.4-cp39-cp39-win32.whl", hash = "sha256:3adf61415efa6ce977041ba9745183c0e1f637ca849773afa93833e04b163feb"},
    {file = "pydantic_core-2.41.4-cp39-cp39-win_amd64.whl", hash = "sha256:a238dd3feee263eeaeb7dc44aea4ba1364682c4f9f9467e6af5596ba322c2332"},
    {file = "pydantic_core-2.41.4-graalpy311-graalpy242_311_native-macosx_10_12_x86_64.whl", hash = "sha256:a1b2cfec3879afb742a7b0bcfa53e4f22ba96571c9e54d6a3afe1052d17d843b"},
    {file = "pydantic_core-2.41.4-graalpy311-graalpy242_311_native-macosx_11_0_arm64.whl", hash = "sha256:d175600d975b7c244af6eb9c9041f10059f20b8bbffec9e33fdd5ee3f67cdc42"},
    {file = "pydantic_core-2.41.4-graalpy311-graalpy242_311_native-manylinux_2_17_aarch64.manylinux2014_aarch64.whl", hash = "sha256:0f184d657fa4947ae5ec9c47bd7e917730fa1cbb78195037e32dcbab50aca5ee"},
    {file = "pydantic_core-2.41.4-graalpy311-graalpy242_311_native-manylinux_2_17_x86_64.manylinux2014_x86_64.whl", hash = "sha256:1ed810568aeffed3edc78910af32af911c835cc39ebbfacd1f0ab5dd53028e5c"},
    {file = "pydantic_core-2.41.4-graalpy312-graalpy250_312_native-macosx_10_12_x86_64.whl", hash = "sha256:4f5d640aeebb438517150fdeec097739614421900e4a08db4a3ef38898798537"},
    {file = "pydantic_core-2.41.4-graalpy312-graalpy250_312_native-macosx_11_0_arm64.whl", hash = "sha256:4a9ab037b71927babc6d9e7fc01aea9e66dc2a4a34dff06ef0724a4049629f94"},
    {file = "pydantic_core-2.41.4-graalpy312-graalpy250_312_native-manylinux_2_17_aarch64.manylinux2014_aarch64.whl", hash = "sha256:e4dab9484ec605c3016df9ad4fd4f9a390bc5d816a3b10c6550f8424bb80b18c"},
    {file = "pydantic_core-2.41.4-graalpy312-graalpy250_312_native-manylinux_2_17_x86_64.manylinux2014_x86_64.whl", hash = "sha256:bd8a5028425820731d8c6c098ab642d7b8b999758e24acae03ed38a66eca8335"},
    {file = "pydantic_core-2.41.4-pp310-pypy310_pp73-macosx_10_12_x86_64.whl", hash = "sha256:1e5ab4fc177dd41536b3c32b2ea11380dd3d4619a385860621478ac2d25ceb00"},
    {file = "pydantic_core-2.41.4-pp310-pypy310_pp73-macosx_11_0_arm64.whl", hash = "sha256:3d88d0054d3fa11ce936184896bed3c1c5441d6fa483b498fac6a5d0dd6f64a9"},
    {file = "pydantic_core-2.41.4-pp310-pypy310_pp73-manylinux_2_17_x86_64.manylinux2014_x86_64.whl", hash = "sha256:7b2a054a8725f05b4b6503357e0ac1c4e8234ad3b0c2ac130d6ffc66f0e170e2"},
    {file = "pydantic_core-2.41.4-pp310-pypy310_pp73-manylinux_2_5_i686.manylinux1_i686.whl", hash = "sha256:b0d9db5a161c99375a0c68c058e227bee1d89303300802601d76a3d01f74e258"},
    {file = "pydantic_core-2.41.4-pp310-pypy310_pp73-musllinux_1_1_aarch64.whl", hash = "sha256:6273ea2c8ffdac7b7fda2653c49682db815aebf4a89243a6feccf5e36c18c347"},
    {file = "pydantic_core-2.41.4-pp310-pypy310_pp73-musllinux_1_1_armv7l.whl", hash = "sha256:4c973add636efc61de22530b2ef83a65f39b6d6f656df97f678720e20de26caa"},
    {file = "pydantic_core-2.41.4-pp310-pypy310_pp73-musllinux_1_1_x86_64.whl", hash = "sha256:b69d1973354758007f46cf2d44a4f3d0933f10b6dc9bf15cf1356e037f6f731a"},
    {file = "pydantic_core-2.41.4-pp310-pypy310_pp73-win_amd64.whl", hash = "sha256:3619320641fd212aaf5997b6ca505e97540b7e16418f4a241f44cdf108ffb50d"},
    {file = "pydantic_core-2.41.4-pp311-pypy311_pp73-macosx_10_12_x86_64.whl", hash = "sha256:491535d45cd7ad7e4a2af4a5169b0d07bebf1adfd164b0368da8aa41e19907a5"},
    {file = "pydantic_core-2.41.4-pp311-pypy311_pp73-macosx_11_0_arm64.whl", hash = "sha256:54d86c0cada6aba4ec4c047d0e348cbad7063b87ae0f005d9f8c9ad04d4a92a2"},
    {file = "pydantic_core-2.41.4-pp311-pypy311_pp73-manylinux_2_17_x86_64.manylinux2014_x86_64.whl", hash = "sha256:eca1124aced216b2500dc2609eade086d718e8249cb9696660ab447d50a758bd"},
    {file = "pydantic_core-2.41.4-pp311-pypy311_pp73-manylinux_2_5_i686.manylinux1_i686.whl", hash = "sha256:6c9024169becccf0cb470ada03ee578d7348c119a0d42af3dcf9eda96e3a247c"},
    {file = "pydantic_core-2.41.4-pp311-pypy311_pp73-musllinux_1_1_aarch64.whl", hash = "sha256:26895a4268ae5a2849269f4991cdc97236e4b9c010e51137becf25182daac405"},
    {file = "pydantic_core-2.41.4-pp311-pypy311_pp73-musllinux_1_1_armv7l.whl", hash = "sha256:ca4df25762cf71308c446e33c9b1fdca2923a3f13de616e2a949f38bf21ff5a8"},
    {file = "pydantic_core-2.41.4-pp311-pypy311_pp73-musllinux_1_1_x86_64.whl", hash = "sha256:5a28fcedd762349519276c36634e71853b4541079cab4acaaac60c4421827308"},
    {file = "pydantic_core-2.41.4-pp311-pypy311_pp73-win_amd64.whl", hash = "sha256:c173ddcd86afd2535e2b695217e82191580663a1d1928239f877f5a1649ef39f"},
    {file = "pydantic_core-2.41.4.tar.gz", hash = "sha256:70e47929a9d4a1905a67e4b687d5946026390568a8e952b92824118063cee4d5"},
]

[package.dependencies]
typing-extensions = ">=4.14.1"

[[package]]
name = "sniffio"
version = "1.3.1"
description = "Sniff out which async library your code is running under"
optional = false
python-versions = ">=3.7"
files = [
    {file = "sniffio-1.3.1-py3-none-any.whl", hash = "sha256:2f6da418d1f1e0fddd844478f41680e794e6051915791a034ff65e5f100525a2"},
    {file = "sniffio-1.3.1.tar.gz", hash = "sha256:f4324edc670a0f49750a81b895f35c3adb843cca46f0530f79fc1babb23789dc"},
]

[[package]]
name = "tqdm"
version = "4.67.1"
description = "Fast, Extensible Progress Meter"
optional = false
python-versions = ">=3.7"
files = [
    {file = "tqdm-4.67.1-py3-none-any.whl", hash = "sha256:26445eca388f82e72884e0d580d5464cd801a3ea01e63e5601bdff9ba6a48de2"},
    {file = "tqdm-4.67.1.tar.gz", hash = "sha256:f8aef9c52c08c13a65f30ea34f4e5aac3fd1a34959879d7e59e63027286627f2"},
]

[package.dependencies]
colorama = {version = "*", markers = "platform_system == \"Windows\""}

[package.extras]
dev = ["nbval", "pytest (>=6)", "pytest-asyncio (>=0.24)", "pytest-cov", "pytest-timeout"]
discord = ["requests"]
notebook = ["ipywidgets (>=6)"]
slack = ["slack-sdk"]
telegram = ["requests"]

[[package]]
name = "typing-extensions"
version = "4.15.0"
description = "Backported and Experimental Type Hints for Python 3.9+"
optional = false
python-versions = ">=3.9"
files = [
    {file = "typing_extensions-4.15.0-py3-none-any.whl", hash = "sha256:f0fa19c6845758ab08074a0cfa8b7aecb71c999ca73d62883bc25cc018c4e548"},
    {file = "typing_extensions-4.15.0.tar.gz", hash = "sha256:0cea48d173cc12fa28ecabc3b837ea3cf6f38c6d1136f85cbaaf598984861466"},
]

[[package]]
name = "typing-inspection"
version = "0.4.2"
description = "Runtime typing introspection tools"
optional = false
python-versions = ">=3.9"
files = [
    {file = "typing_inspection-0.4.2-py3-none-any.whl", hash = "sha256:4ed1cacbdc298c220f1bd249ed5287caa16f34d44ef4e9c3d0cbad5b521545e7"},
    {file = "typing_inspection-0.4.2.tar.gz", hash = "sha256:ba561c48a67c5958007083d386c3295464928b01faa735ab8547c5692e87f464"},
]

[package.dependencies]
typing-extensions = ">=4.12.0"

[metadata]
lock-version = "2.0"
python-versions = ">=3.10,<3.13"
content-hash = "4d09b18835ad0cb74005884bc535050f57692c13a541d0499547a5cc5b3d5b7f"
