# This file is automatically @generated by Poetry 2.4.3 and should not be changed by hand.

[[package]]
name = "annotated-types"
version = "0.8.0"
description = "Reusable constraint types to use with typing.Annotated"
optional = false
python-versions = ">=3.10"
groups = ["main"]
files = [
    {file = "annotated_types-0.8.0-py3-none-any.whl", hash = "sha256:f072f4d804ea359e4eaf198b1af7a8b0943881a87f31bb764f8bf219bb9419e0"},
    {file = "annotated_types-0.8.0.tar.gz", hash = "sha256:13b2beaad985e05e2d6407ee4c4f35590b11f8d693a258a561055cac8f64cab7"},
]

[[package]]
name = "anyio"
version = "4.15.1"
description = "High-level concurrency and networking framework on top of asyncio or Trio"
optional = false
python-versions = ">=3.10"
groups = ["main"]
files = [
    {file = "anyio-4.15.1-py3-none-any.whl", hash = "sha256:6152fdbbf9a77fdec97731721bebf7c4c44f7c29b424b0065826173efc7ed101"},
    {file = "anyio-4.15.1.tar.gz", hash = "sha256:9f28306018cbd6d329e64a36d58256edff76dd996fe423bc957326e578b82a94"},
]

[package.dependencies]
exceptiongroup = {version = ">=1.0.2", markers = "python_version < \"3.11\""}
idna = ">=2.8"
typing_extensions = {version = ">=4.16.0", markers = "python_version < \"3.15\""}

[package.extras]
trio = ["trio (>=0.32.0)"]

[[package]]
name = "colorama"
version = "0.4.6"
description = "Cross-platform colored terminal text."
optional = false
python-versions = "!=3.0.*,!=3.1.*,!=3.2.*,!=3.3.*,!=3.4.*,!=3.5.*,!=3.6.*,>=2.7"
groups = ["main"]
files = [
    {file = "colorama-0.4.6-py2.py3-none-any.whl", hash = "sha256:4f1d9991f5acc0ca119f9d443620b77f9d6b33703e51011c16baf57afb285fc6"},
    {file = "colorama-0.4.6.tar.gz", hash = "sha256:08695f5cb7ed6e0531a20572697297273c47b8cae5a63ffc6d6ed5c201be6e44"},
]

[[package]]
name = "exceptiongroup"
version = "1.3.1"
description = "Backport of PEP 654 (exception groups)"
optional = false
python-versions = ">=3.7"
groups = ["main"]
markers = "python_version == \"3.10\""
files = [
    {file = "exceptiongroup-1.3.1-py3-none-any.whl", hash = "sha256:a7a39a3bd276781e98394987d3a5701d0c4edffb633bb7a5144577f82c773598"},
    {file = "exceptiongroup-1.3.1.tar.gz", hash = "sha256:8b412432c6055b0b7d14c310000ae93352ed6754f70fa8f7c34141f91c4e3219"},
]

[package.dependencies]
typing-extensions = {version = ">=4.6.0", markers = "python_version < \"3.13\""}

[package.extras]
test = ["pytest (>=6)"]

[[package]]
name = "h11"
version = "0.16.0"
description = "A pure-Python, bring-your-own-I/O implementation of HTTP/1.1"
optional = false
python-versions = ">=3.8"
groups = ["main"]
markers = "sys_platform != \"emscripten\""
files = [
    {file = "h11-0.16.0-py3-none-any.whl", hash = "sha256:63cf8bbe7522de3bf65932fda1d9c2772064ffb3dae62d55932da54b31cb6c86"},
    {file = "h11-0.16.0.tar.gz", hash = "sha256:4e35b956cf45792e4caa5885e69fba00bdbc6ffafbfa020300e549b208ee5ff1"},
]

[[package]]
name = "httpcore2"
version = "2.12.0"
description = "A minimal low-level HTTP client."
optional = false
python-versions = ">=3.10"
groups = ["main"]
markers = "sys_platform != \"emscripten\""
files = [
    {file = "httpcore2-2.12.0-py3-none-any.whl", hash = "sha256:7e04258ce01013d7d615e5b910a3b27fac937d7a95038227e79652b4ba3b4ceb"},
    {file = "httpcore2-2.12.0.tar.gz", hash = "sha256:9293522bba0aa7c4c8e9e3f040c16575bd8868e155a77fa30c7a9085a5eae648"},
]

[package.dependencies]
h11 = ">=0.16"
truststore = ">=0.10"

[package.extras]
asyncio = ["anyio (>=4.5.0,<5.0)"]
http2 = ["h2 (>=3,<5)"]
socks = ["socksio (==1.*)"]
trio = ["trio (>=0.33.0,<1.0)"]

[[package]]
name = "httpx2"
version = "2.12.0"
description = "The next generation HTTP client."
optional = false
python-versions = ">=3.10"
groups = ["main"]
files = [
    {file = "httpx2-2.12.0-py3-none-any.whl", hash = "sha256:cc8b6eecb8661c146b8f89a60e97456ee086e91a784ed31ac450c3a9e613dd36"},
    {file = "httpx2-2.12.0.tar.gz", hash = "sha256:7631fe9887a8a2275f4a2540e053aa670fcc50742864a9ae7c66e609fdcf12cf"},
]

[package.dependencies]
anyio = {version = ">=4.10", markers = "sys_platform != \"emscripten\""}
httpcore2 = {version = "2.12.0", markers = "sys_platform != \"emscripten\""}
httpx2-jsfetch = {version = "*", markers = "sys_platform == \"emscripten\" and python_version >= \"3.12\""}
idna = ">=3.18"
truststore = {version = ">=0.10", markers = "sys_platform != \"emscripten\""}
typing-extensions = {version = ">=4.5.0", markers = "python_version < \"3.13\""}

[package.extras]
brotli = ["brotli (>=1.2.0) ; platform_python_implementation == \"CPython\"", "brotlicffi (>=1.2.0.0) ; platform_python_implementation != \"CPython\""]
cli = ["click (>=8.4.2)", "pygments (==2.*)", "rich (>=10,<16)"]
http2 = ["h2 (>=3,<5)"]
socks = ["socksio (==1.*)"]
ws = ["wsproto (>=1.2)"]
zstd = ["backports-zstd (>=1.0.0) ; python_version <= \"3.13\""]

[[package]]
name = "httpx2-jsfetch"
version = "1.0"
description = "httpx2 transports for Emscripten/Pyodide, backed by the JavaScript fetch API."
optional = false
python-versions = ">=3.12"
groups = ["main"]
markers = "sys_platform == \"emscripten\" and python_version == \"3.12\""
files = [
    {file = "httpx2_jsfetch-1.0-py3-none-any.whl", hash = "sha256:cb916b707601e69a07721aabc8f3f6659be3a6893bc1ff5c6f9e02241df2da32"},
    {file = "httpx2_jsfetch-1.0.tar.gz", hash = "sha256:70a0e3eabfef7cce5ad9c629f7d01ca05e418f586646f4ddf14782e4c1454c60"},
]

[[package]]
name = "idna"
version = "3.19"
description = "Internationalized Domain Names in Applications (IDNA)"
optional = false
python-versions = ">=3.9"
groups = ["main"]
files = [
    {file = "idna-3.19-py3-none-any.whl", hash = "sha256:815e7be7a7806d54abb586dc943addc79e8b2ee16915059658cbeff4b1b43bf4"},
    {file = "idna-3.19.tar.gz", hash = "sha256:5e0811a4383b21dc5838069f801c4fb62113b7447663d2530d2bd6e77b49bf15"},
]

[package.extras]
all = ["coverage (>=7.10.0)", "hypothesis (>=6.141.1)", "mypy (>=1.11.2)", "pytest (>=8.3.2)", "ruff (>=0.16.0)", "ty (>=0.0.37)"]

[[package]]
name = "jiter"
version = "0.17.0"
description = "Fast iterable JSON parser."
optional = false
python-versions = ">=3.10"
groups = ["main"]
files = [
    {file = "jiter-0.17.0-cp310-cp310-macosx_10_12_x86_64.whl", hash = "sha256:ed1a24005daac667d577402d75a2922f9775a165b146b883ff1ad3602d8be689"},
    {file = "jiter-0.17.0-cp310-cp310-macosx_11_0_arm64.whl", hash = "sha256:b847b18d066c46b3b7ae49d6c94a7634c5e4a8983146ee25562a092000f5e3ad"},
    {file = "jiter-0.17.0-cp310-cp310-manylinux_2_17_aarch64.manylinux2014_aarch64.whl", hash = "sha256:7b68d3495d95da120651a5628c7ebadee84ed001a1b76e6afc325c42482f15b5"},
    {file = "jiter-0.17.0-cp310-cp310-manylinux_2_17_armv7l.manylinux2014_armv7l.whl", hash = "sha256:3c1a5336c04a41b1f1cf9572e294aec27cc569767ff73de7bf87a91f0bea7cb9"},
    {file = "jiter-0.17.0-cp310-cp310-manylinux_2_17_ppc64le.manylinux2014_ppc64le.whl", hash = "sha256:b75f85660108965a94be77911a25a253429307294d9415b3c597118977a614de"},
    {file = "jiter-0.17.0-cp310-cp310-manylinux_2_17_s390x.manylinux2014_s390x.whl", hash = "sha256:32aaaa764604496610a3ad2d98503ae88ccb2fbe769e892ff4533e778e85f708"},
    {file = "jiter-0.17.0-cp310-cp310-manylinux_2_17_x86_64.manylinux2014_x86_64.whl", hash = "sha256:826871c42cebaae22f0a2b5673a4a1a75c851bb2d13b3c17764a630a6b298984"},
    {file = "jiter-0.17.0-cp310-cp310-manylinux_2_31_riscv64.whl", hash = "sha256:00b5a98df3e3a3e8cf7b619f4ac2f8bf975bbf3d95d02c5d17b8dbfe5c8b8245"},
    {file = "jiter-0.17.0-cp310-cp310-manylinux_2_5_i686.manylinux1_i686.whl", hash = "sha256:6af5b74073bd25bae695e6d00919f6a9be7ed5a9f8836d981eb1ffe84139e6fb"},
    {file = "jiter-0.17.0-cp310-cp310-musllinux_1_1_aarch64.whl", hash = "sha256:16dd0c1baf098ae70b8f3616574eb3fedf34e26670b89e16a7e67561f737ed2d"},
    {file = "jiter-0.17.0-cp310-cp310-musllinux_1_1_x86_64.whl", hash = "sha256:545c36a0f3b2238c242cc9785439d3242a871b7bc39fe3f441bcaa07bf3aa83e"},
    {file = "jiter-0.17.0-cp310-cp310-win32.whl", hash = "sha256:155be7355bdb7ca76ab0961be8982c225f964a5c073a83984183f22391cc29fc"},
    {file = "jiter-0.17.0-cp310-cp310-win_amd64.whl", hash = "sha256:37150a9e02e869475854fa20b7d0d5e26d18d0f8bc17293999973ff27e99ae7a"},
    {file = "jiter-0.17.0-cp311-cp311-macosx_10_12_x86_64.whl", hash = "sha256:cfafd7be8b16ceadd298db542cead37cddc211c4c49e04ad2596924df18625b1"},
    {file = "jiter-0.17.0-cp311-cp311-macosx_11_0_arm64.whl", hash = "sha256:8adca2e793288e5f1bb29279bb439d0d3cfbb50eddca7e7e6ffd42ff4f482406"},
    {file = "jiter-0.17.0-cp311-cp311-manylinux_2_17_aarch64.manylinux2014_aarch64.whl", hash = "sha256:30c692d567ba206c7cca38c9d1d0ccc70c9786290173c184d871ca12e9981ed7"},
    {file = "jiter-0.17.0-cp311-cp311-manylinux_2_17_armv7l.manylinux2014_armv7l.whl", hash = "sha256:81c83c0abe614446a283d994d2c07c4f58632dea2cdf66ba9e2921bb8ccd593e"},
    {file = "jiter-0.17.0-cp311-cp311-manylinux_2_17_ppc64le.manylinux2014_ppc64le.whl", hash = "sha256:073dc68c1a700c8fc480e877864a6b6ffc887533e261f4380c08c16bf09d057a"},
    {file = "jiter-0.17.0-cp311-cp311-manylinux_2_17_s390x.manylinux2014_s390x.whl", hash = "sha256:492f37230bbf9581ab2c17bcda862c249afb9ae2e3ab2dd6db59943bc4cc3153"},
    {file = "jiter-0.17.0-cp311-cp311-manylinux_2_17_x86_64.manylinux2014_x86_64.whl", hash = "sha256:5888fe5abc1ca2fa834a3e1b4c7ef0dcece286a7d7e95a609ef0934b777b9fc9"},
    {file = "jiter-0.17.0-cp311-cp311-manylinux_2_31_riscv64.whl", hash = "sha256:84ac78df457e1ee3f7e733bd114823302ae8c5ad5542d7e6647d92ffaa090a04"},
    {file = "jiter-0.17.0-cp311-cp311-manylinux_2_5_i686.manylinux1_i686.whl", hash = "sha256:7573e80232c5bcf80c24c038cf7e53a463f5c3b1dd1dd4109d66304f4dccc233"},
    {file = "jiter-0.17.0-cp311-cp311-musllinux_1_1_aarch64.whl", hash = "sha256:11902505d401691720f5785c15b02204248526edee11b635cd6c40cd52b81599"},
    {file = "jiter-0.17.0-cp311-cp311-musllinux_1_1_x86_64.whl", hash = "sha256:64846211a2debe7c071d2146d2283d2b0c1c93dc8fd5fb7794faac2ca6061b5c"},
    {file = "jiter-0.17.0-cp311-cp311-win32.whl", hash = "sha256:c19b9357309b8cc6de8a48fca8e44a8c9c2feaaa2f5896d037fa505d48fcab80"},
    {file = "jiter-0.17.0-cp311-cp311-win_amd64.whl", hash = "sha256:e654b6b04e39c9cb19cb8b04c6ddf1f2db07751fa14156413969fd78bad0e5cb"},
    {file = "jiter-0.17.0-cp311-cp311-win_arm64.whl", hash = "sha256:3ad556afc289f15d2b181b941982d01f06190863c07440185b9f354e1bd2def3"},
    {file = "jiter-0.17.0-cp312-cp312-macosx_10_12_x86_64.whl", hash = "sha256:ebf918dfd6a74adc1b9ad71f63c4ab00902fcd3b7fd39f2e24d871db8d713b91"},
    {file = "jiter-0.17.0-cp312-cp312-macosx_11_0_arm64.whl", hash = "sha256:61aed66ee042b3b49ef85fdf75714234d055d89d8496ac1c6e47f89e7a30d5e4"},
    {file = "jiter-0.17.0-cp312-cp312-manylinux_2_17_aarch64.manylinux2014_aarch64.whl", hash = "sha256:76eb4a5c20e86f9f848286f167024890f2862258a965d254774deb7fc1545ca1"},
    {file = "jiter-0.17.0-cp312-cp312-manylinux_2_17_armv7l.manylinux2014_armv7l.whl", hash = "sha256:bcc064f99183a9cbe7f26ed648c352031a74145cd61ed75d34632c73eb46a5a8"},
    {file = "jiter-0.17.0-cp312-cp312-manylinux_2_17_ppc64le.manylinux2014_ppc64le.whl", hash = "sha256:73b64e69c4150748e020356d958af94bec33c70a0a93d665cfa8f6d580fe1a63"},
    {file = "jiter-0.17.0-cp312-cp312-manylinux_2_17_s390x.manylinux2014_s390x.whl", hash = "sha256:f0bc7f684b65bcda9c20434267577db71bf9905ceddd32b60d1d93278d8c8d3a"},
    {file = "jiter-0.17.0-cp312-cp312-manylinux_2_17_x86_64.manylinux2014_x86_64.whl", hash = "sha256:8c21265b251d99bbb40080d178a8953e35601d3a1564e05c4de4c0d2ca616797"},
    {file = "jiter-0.17.0-cp312-cp312-manylinux_2_31_riscv64.whl", hash = "sha256:f3d7f7b34114f7ddc6d72a8e882d49de636b35d9fd12b4d420d3c5729f6c9812"},
    {file = "jiter-0.17.0-cp312-cp312-manylinux_2_5_i686.manylinux1_i686.whl", hash = "sha256:5078ab00664307fab2019b522a93aeb191122789f085daf5fd9e362154021d4a"},
    {file = "jiter-0.17.0-cp312-cp312-musllinux_1_1_aarch64.whl", hash = "sha256:470e1b1e4c42f1ead2189166a299691871a2df5056c976e7fb96feafaf5f9d44"},
    {file = "jiter-0.17.0-cp312-cp312-musllinux_1_1_x86_64.whl", hash = "sha256:6eb6aedeb7352b8f3b6af9cbd67983840165c00428e63f1b420a85885128ea31"},
    {file = "jiter-0.17.0-cp312-cp312-win32.whl", hash = "sha256:362bb47423886d45a9f705d2d9d4008c6eedd4e41eb1bab4e96fb6daa06b33fd"},
    {file = "jiter-0.17.0-cp312-cp312-win_amd64.whl", hash = "sha256:9bd3caac219df476dd0cc3fe01d2f1581ed588906feac767abd9614c1c12f8b3"},
    {file = "jiter-0.17.0-cp312-cp312-win_arm64.whl", hash = "sha256:36ee6e69027396664e59995b9a635a947a5304ee9837279584a0bb8145c8f6b8"},
    {file = "jiter-0.17.0-cp313-cp313-macosx_10_12_x86_64.whl", hash = "sha256:1b18434638228c0c184281609bf3d9459026a0f1ea48fb76c205e3ef72069caa"},
    {file = "jiter-0.17.0-cp313-cp313-macosx_11_0_arm64.whl", hash = "sha256:ec89771f4272b989487a6364e519db6bbaba323e8bbf949ac89a45ea9c18b7a3"},
    {file = "jiter-0.17.0-cp313-cp313-manylinux_2_17_aarch64.manylinux2014_aarch64.whl", hash = "sha256:4e3f052c671d5f425cca5ea5901cf11a831369fba4a55a3862cab93c323b4c3b"},
    {file = "jiter-0.17.0-cp313-cp313-manylinux_2_17_armv7l.manylinux2014_armv7l.whl", hash = "sha256:785a216bbaf8f15fc974e964ced7322cd3d774bb0e86949edd78c6bffd6ba35b"},
    {file = "jiter-0.17.0-cp313-cp313-manylinux_2_17_ppc64le.manylinux2014_ppc64le.whl", hash = "sha256:d85c558c9f8532bba287a990ac63767c7daf756f0d8c030219f62499b1fa228a"},
    {file = "jiter-0.17.0-cp313-cp313-manylinux_2_17_s390x.manylinux2014_s390x.whl", hash = "sha256:5c23849235d2142ce444b2b8c6eceee9f82f4cc0bd5c9081602e4155c6197807"},
    {file = "jiter-0.17.0-cp313-cp313-manylinux_2_17_x86_64.manylinux2014_x86_64.whl", hash = "sha256:58df29268a95e910f17db7ec9178eb7f15aa8619aaca3575275c4e6b3f4fe4c5"},
    {file = "jiter-0.17.0-cp313-cp313-manylinux_2_31_riscv64.whl", hash = "sha256:a277f97eba7d66b1ee27eb5dab5b774ff46a10c78d89a1d3dcce04ce1357c8ca"},
    {file = "jiter-0.17.0-cp313-cp313-manylinux_2_5_i686.manylinux1_i686.whl", hash = "sha256:fe15ddf316f1f1f643347d3a474e74ce61880c79a11ec5dca53df20c071bd3e8"},
    {file = "jiter-0.17.0-cp313-cp313-musllinux_1_1_aarch64.whl", hash = "sha256:02adebb7ce6413c44d40af9ad59d1c1cd79630ccdcb6f7bdd2d461e48c03d8f9"},
    {file = "jiter-0.17.0-cp313-cp313-musllinux_1_1_x86_64.whl", hash = "sha256:55d0e0e613a3f9ad600cf436e0e2b8057d1b52bcf1d91b2d36ac53451231e6a8"},
    {file = "jiter-0.17.0-cp313-cp313-win32.whl", hash = "sha256:2c45ad7c973ef33fe5114a953377b35a95240f4542c0724d9f781e47dc24bac7"},
    {file = "jiter-0.17.0-cp313-cp313-win_amd64.whl", hash = "sha256:a3cebb1fe4a1abb00465f3f8a17e09112603e8b7c59e5c3adbcd9f7815a64acd"},
    {file = "jiter-0.17.0-cp313-cp313-win_arm64.whl", hash = "sha256:96b8b0c6dc5d78682f54a450785e075aa929cde768304cad363cd4efba5a82ac"},
    {file = "jiter-0.17.0-cp314-cp314-macosx_10_12_x86_64.whl", hash = "sha256:00d783a779c5664e16dbad5e3a3c3a75e128b07dd5f4765159658d9210a50ca5"},
    {file = "jiter-0.17.0-cp314-cp314-macosx_11_0_arm64.whl", hash = "sha256:0619d806e260ecf0c2a64521942c94af5d547c9ec99b55ae4f51b538b5576a76"},
    {file = "jiter-0.17.0-cp314-cp314-manylinux_2_17_aarch64.manylinux2014_aarch64.whl", hash = "sha256:dc0288ce39190ee33fe6e4ec73161eed34e7e2da509b525546ca061778d62b64"},
    {file = "jiter-0.17.0-cp314-cp314-manylinux_2_17_armv7l.manylinux2014_armv7l.whl", hash = "sha256:5a52a430d04225ffde633e6840bf2381d34c019ff98526b5929755b9052fb199"},
    {file = "jiter-0.17.0-cp314-cp314-manylinux_2_17_ppc64le.manylinux2014_ppc64le.whl", hash = "sha256:37f33d327900bf2879613b3363fd48df97b4232d0c41f54bcf2e790c2fc40a71"},
    {file = "jiter-0.17.0-cp314-cp314-manylinux_2_17_s390x.manylinux2014_s390x.whl", hash = "sha256:6cf564d43c4388149ca58ee571d0f5ccf875e20d1fd4662fd94cc0d1ea3b10ef"},
    {file = "jiter-0.17.0-cp314-cp314-manylinux_2_17_x86_64.manylinux2014_x86_64.whl", hash = "sha256:523c499235fb65add25d4bb01b1c4709ce695efdc7deb6c0a7bc515b5c44e0fb"},
    {file = "jiter-0.17.0-cp314-cp314-manylinux_2_31_riscv64.whl", hash = "sha256:455e4ab35cb2a4a91a8404e08fd3c621bae433922e59bf1c494fe20a426b013b"},
    {file = "jiter-0.17.0-cp314-cp314-manylinux_2_5_i686.manylinux1_i686.whl", hash = "sha256:6871973bfbd4408f7f1c632b30bbb5bbd9671c1bc8650af6823e24b7be13709b"},
    {file = "jiter-0.17.0-cp314-cp314-musllinux_1_1_aarch64.whl", hash = "sha256:77f6aac0137309b31448c1bdcda4c6c77077664a6d018ece8d94019c68a5a5b9"},
    {file = "jiter-0.17.0-cp314-cp314-musllinux_1_1_x86_64.whl", hash = "sha256:93946d89fa04d5ba64dd323a8dd8d901676cb8a3c81d99ae4f6c051a9b4c3f2f"},
    {file = "jiter-0.17.0-cp314-cp314-pyemscripten_2026_0_wasm32.whl", hash = "sha256:70f19a2ca8429f91e82eeffb2f51cb87bc2d6e953b009b91a92d29c3a16ccb03"},
    {file = "jiter-0.17.0-cp314-cp314-win32.whl", hash = "sha256:71dbd74314c5df52a1bccf7b8bca46d14e943af7a2012e73b23f49977ef194c8"},
    {file = "jiter-0.17.0-cp314-cp314-win_amd64.whl", hash = "sha256:ac3c6ee3264d6f5c44c617f90bc7e8b9e1587e7d6708c9d8f811cb65582ee312"},
    {file = "jiter-0.17.0-cp314-cp314-win_arm64.whl", hash = "sha256:6219adaf59711ba7063a52496e8ec6d3fa3e209d7827d83eee3b2abc780a1744"},
    {file = "jiter-0.17.0-cp314-cp314t-macosx_11_0_arm64.whl", hash = "sha256:59bddbe6f9ffecc68d641e1e2d619ce64cf8a9e9eeb74e5c518f74fc87abf1b0"},
    {file = "jiter-0.17.0-cp314-cp314t-manylinux_2_17_aarch64.manylinux2014_aarch64.whl", hash = "sha256:6cb41cd1432f1dc19a231cf70b54d42b2c9f05085155859263fce06fa4d41388"},
    {file = "jiter-0.17.0-cp314-cp314t-manylinux_2_17_armv7l.manylinux2014_armv7l.whl", hash = "sha256:fd7790aa79c8b518e512ebcdfce9f11d8ef5f30efd43720c8a19a548b39fa489"},
    {file = "jiter-0.17.0-cp314-cp314t-manylinux_2_17_ppc64le.manylinux2014_ppc64le.whl", hash = "sha256:dbbfe4e3c21c8166980cddc5bee1a315df082454f007947dfb6fb73800768165"},
    {file = "jiter-0.17.0-cp314-cp314t-manylinux_2_17_s390x.manylinux2014_s390x.whl", hash = "sha256:8c286860abfe8b100cac1c02e225e5776eb9216edd71ba17cdb237da4af32bc9"},
    {file = "jiter-0.17.0-cp314-cp314t-manylinux_2_17_x86_64.manylinux2014_x86_64.whl", hash = "sha256:f753eb70b1474a29e635e7542ff7312e6d6b951e0b25e8a2e8c34eeb1ddcd478"},
    {file = "jiter-0.17.0-cp314-cp314t-manylinux_2_31_riscv64.whl", hash = "sha256:eae86b1f027031e39db2e0e9c4842221edb7b8cd474d23f87a79b3bd4b651768"},
    {file = "jiter-0.17.0-cp314-cp314t-manylinux_2_5_i686.manylinux1_i686.whl", hash = "sha256:5bf350452a43173e69e1fc74847c57a60e3d7515807287f29849baa2a85d8718"},
    {file = "jiter-0.17.0-cp314-cp314t-musllinux_1_1_aarch64.whl", hash = "sha256:da139721f4b7cafdbff580a4f511ea24cb91f4909330c6b926a1ca53836c0a59"},
    {file = "jiter-0.17.0-cp314-cp314t-musllinux_1_1_x86_64.whl", hash = "sha256:8079849db9a1371bfd90bad088458a8fb836261879df2233cc9632464ecf64e1"},
    {file = "jiter-0.17.0-cp314-cp314t-win32.whl", hash = "sha256:8f770b0c77e5fac482e1ba03ca1a7e18286bfb213d749932a00a7e4cd5de5e06"},
    {file = "jiter-0.17.0-cp314-cp314t-win_amd64.whl", hash = "sha256:c4289293e5278d9314b00f15c37f2120fa51d3d68565292e715524c750e775a9"},
    {file = "jiter-0.17.0-cp314-cp314t-win_arm64.whl", hash = "sha256:4dfbfe5a6e1e80a7082af559f66386405025ec278833e0c649f69cbc6e1004cc"},
    {file = "jiter-0.17.0-cp315-cp315-macosx_10_12_x86_64.whl", hash = "sha256:84963d3f395ef5e9a32ce47155e08a7962fa292c159a10cb98b931cef1416925"},
    {file = "jiter-0.17.0-cp315-cp315-macosx_11_0_arm64.whl", hash = "sha256:ffa0380ad091de7d3fc33e17a97ff479851ee18a0a2a3ee56ff3215cdc886656"},
    {file = "jiter-0.17.0-cp315-cp315-manylinux_2_17_aarch64.manylinux2014_aarch64.whl", hash = "sha256:755079792868ce5d4938e83b91a0939b34fb858a1ca65a104f2d771bea57faa1"},
    {file = "jiter-0.17.0-cp315-cp315-manylinux_2_17_armv7l.manylinux2014_armv7l.whl", hash = "sha256:3bf4dc2b84a464117fb097d15a25c58d100d2692888e3b0d92df5b48ed16b7c0"},
    {file = "jiter-0.17.0-cp315-cp315-manylinux_2_17_ppc64le.manylinux2014_ppc64le.whl", hash = "sha256:02a360707033d8cef53f7f3480817a1489177a259ec6ec01e98c37e0b922ddca"},
    {file = "jiter-0.17.0-cp315-cp315-manylinux_2_17_s390x.manylinux2014_s390x.whl", hash = "sha256:300ce01ab0215e3dea4d00090143c909aedc65c0f809b3c07983e1d038f291b9"},
    {file = "jiter-0.17.0-cp315-cp315-manylinux_2_17_x86_64.manylinux2014_x86_64.whl", hash = "sha256:746243a080b4ca790b8499af3d7cf9825d5f5987933950cd818e767ee353d826"},
    {file = "jiter-0.17.0-cp315-cp315-manylinux_2_31_riscv64.whl", hash = "sha256:b550585523339b71cb852b811aae49d08d7601ad8ffe9f5dc1562f4c3d22fd87"},
    {file = "jiter-0.17.0-cp315-cp315-manylinux_2_5_i686.manylinux1_i686.whl", hash = "sha256:0239520085cac678e77a606fd7e3f1c60c371d719790c5e3807388d3da4354c2"},
    {file = "jiter-0.17.0-cp315-cp315-musllinux_1_1_aarch64.whl", hash = "sha256:eb2295da7c3769f6719b227a237aa6a5cfa6550e478bc838001b592c57e16575"},
    {file = "jiter-0.17.0-cp315-cp315-musllinux_1_1_x86_64.whl", hash = "sha256:e088612ff90ebc9247e1a43074b72835804261c47e6a6c01cb3ddcb55360d688"},
    {file = "jiter-0.17.0-cp315-cp315-win32.whl", hash = "sha256:0b52d52035b3907c5b1f6277857b29c1cbfc965e24e0f27330dbed83edb591ec"},
    {file = "jiter-0.17.0-cp315-cp315-win_amd64.whl", hash = "sha256:10f5558eed511b830488003449d942bd75829ad6257dc58cb9a03e596a7777b1"},
    {file = "jiter-0.17.0-cp315-cp315-win_arm64.whl", hash = "sha256:fa13acf1046f95df808c64b1310705e143fab87aee73ae00cc42d640867fd2c1"},
    {file = "jiter-0.17.0-cp315-cp315t-macosx_11_0_arm64.whl", hash = "sha256:af2f7501580f274b63c4b2283bc425f5df7edf06ae5b171e5f87d912ff359a20"},
    {file = "jiter-0.17.0-cp315-cp315t-manylinux_2_17_aarch64.manylinux2014_aarch64.whl", hash = "sha256:10c5349312e5cb02b7a21e123a57665afa895953f05bf252a9dd4c13a572b7ab"},
    {file = "jiter-0.17.0-cp315-cp315t-manylinux_2_17_armv7l.manylinux2014_armv7l.whl", hash = "sha256:86f3f9343a288eb85a81ef20a752b2f84564296636db54a9fff0b5c8deaf1df2"},
    {file = "jiter-0.17.0-cp315-cp315t-manylinux_2_17_ppc64le.manylinux2014_ppc64le.whl", hash = "sha256:4607ec7d93355fbc25b8dc5189153cf21d66063b9f9cd04dd2774e6e783f9b6a"},
    {file = "jiter-0.17.0-cp315-cp315t-manylinux_2_17_s390x.manylinux2014_s390x.whl", hash = "sha256:10cd64a5720ad7f809ac5466ff1705813f1b6b510f195a73acafba0ac0e1f675"},
    {file = "jiter-0.17.0-cp315-cp315t-manylinux_2_17_x86_64.manylinux2014_x86_64.whl", hash = "sha256:efe9f61bb30174d2f5c8396445c360c96c44e78164d0815dfe627ccf57849574"},
    {file = "jiter-0.17.0-cp315-cp315t-manylinux_2_31_riscv64.whl", hash = "sha256:370d8fe5bf201dc6925e8a84c81ac7291f74d9fd1778234fc79d517064a5c76b"},
    {file = "jiter-0.17.0-cp315-cp315t-manylinux_2_5_i686.manylinux1_i686.whl", hash = "sha256:6b303d88e6a0bda789ec4b7801c7bad68e27230ba1fe4baffc756d1fbd32dc9d"},
    {file = "jiter-0.17.0-cp315-cp315t-musllinux_1_1_aarch64.whl", hash = "sha256:30793a24a31e968969757c9e08d830cbb15a2cd3c4959b4498b38f4b1c2258eb"},
    {file = "jiter-0.17.0-cp315-cp315t-musllinux_1_1_x86_64.whl", hash = "sha256:686c93d86f2b426c803024b805bd161a6cd10e9627c23e901640eab646c0ad8a"},
    {file = "jiter-0.17.0-cp315-cp315t-win32.whl", hash = "sha256:86d703d9faa1ffc8ae4e9de0fa007712ed2171b5c0d93811a8e2e105ac729b0d"},
    {file = "jiter-0.17.0-cp315-cp315t-win_amd64.whl", hash = "sha256:42b0260445251b1bc520a63baa94a32d88e0f931fba234f1764db7feb7c72174"},
    {file = "jiter-0.17.0-cp315-cp315t-win_arm64.whl", hash = "sha256:d47687806f9c54c84ea38733507081337922beca90ce819c7d852dd485bc0f23"},
    {file = "jiter-0.17.0-graalpy311-graalpy242_311_native-macosx_10_12_x86_64.whl", hash = "sha256:eaba834b72d573547b9d966465b3394b749d5e14208cc70acb63aca37619ab33"},
    {file = "jiter-0.17.0-graalpy311-graalpy242_311_native-macosx_11_0_arm64.whl", hash = "sha256:51e1519d676a9f14dad9c2a411170d43b022ddb7989562df4e849b261ce127b2"},
    {file = "jiter-0.17.0-graalpy311-graalpy242_311_native-manylinux_2_17_aarch64.manylinux2014_aarch64.whl", hash = "sha256:d0ce4feb52493e3513335b2accdcd75605652e4632772d3c8c2f7b86954d7f39"},
    {file = "jiter-0.17.0-graalpy311-graalpy242_311_native-manylinux_2_17_x86_64.manylinux2014_x86_64.whl", hash = "sha256:29f49b325e0234e4ad9ecca5b861ffbd09b95ccac9bd46fa55841b6e56eea5fe"},
    {file = "jiter-0.17.0-graalpy312-graalpy250_312_native-macosx_10_12_x86_64.whl", hash = "sha256:454c4997d73cc466c71fd565d91e603b0274e48ea0c6b0b7a7aee6967e4ceb7c"},
    {file = "jiter-0.17.0-graalpy312-graalpy250_312_native-macosx_11_0_arm64.whl", hash = "sha256:40d2c240f8f80b5b0f201b29f0ae129c81448c60c772227a41747b5e0026f6a2"},
    {file = "jiter-0.17.0-graalpy312-graalpy250_312_native-manylinux_2_17_aarch64.manylinux2014_aarch64.whl", hash = "sha256:3e05f5adbf68c4bd11e1610f394034d984152988e84be6f8314235ce6f2139e5"},
    {file = "jiter-0.17.0-graalpy312-graalpy250_312_native-manylinux_2_17_x86_64.manylinux2014_x86_64.whl", hash = "sha256:d2c0bf24c72fd0491405dce5d40194f2070e9021ce648c1a1d46234b93d848ff"},
    {file = "jiter-0.17.0.tar.gz", hash = "sha256:03e432f226a453851079fb84cd17c6da9991eab723e28d716f14ae3d906e0c12"},
]

[[package]]
name = "openai"
version = "3.13.0"
description = "The official Python library for the openai API"
optional = false
python-versions = ">=3.10"
groups = ["main"]
files = [
    {file = "openai-3.13.0-py3-none-any.whl", hash = "sha256:e35b1f6fe99245e86e37504d9fad1ad2a363807307c424232c1d849bd0666c8e"},
    {file = "openai-3.13.0.tar.gz", hash = "sha256:a8f87a9b3b9c08eb446d68bd0a80e8ec907c4c35fdea63f4265c7b34b2de3a60"},
]

[package.dependencies]
anyio = ">=4.10.0,<5"
httpx2 = ">=2.7.0,<3"
jiter = ">=0.16.0,<1"
pydantic = ">=1.10.13,<2.0.dev0 || >=2.4.dev0,<3"
sniffio = "*"
typing-extensions = ">=4.14,<5"

[package.extras]
aiohttp = ["aiohttp (>=3.14.3)"]
bedrock = ["botocore (>=1.40.0,<2)", "urllib3 (>=2.7.0,<3)"]
datalib = ["numpy (>=1)", "pandas (>=1.2.3)"]
realtime = ["websockets (>=13,<16)"]
voice-helpers = ["numpy (>=2.0.2)", "sounddevice (>=0.5.1)"]

[[package]]
name = "pydantic"
version = "2.13.5"
description = "Data validation using Python type hints"
optional = false
python-versions = ">=3.9"
groups = ["main"]
files = [
    {file = "pydantic-2.13.5-py3-none-any.whl", hash = "sha256:346a034f080da3755d8e9cb5e00e8b07de1d39e4f6e2c87d8ab7cafa0b269a73"},
    {file = "pydantic-2.13.5.tar.gz", hash = "sha256:51a9c5f7b2f8e636f04c6cada605d9b6a3bf1348fdf945a3d8869b19bba0ee08"},
]

[package.dependencies]
annotated-types = ">=0.6.0"
pydantic-core = "2.46.5"
typing-extensions = ">=4.14.1"
typing-inspection = ">=0.4.2"

[package.extras]
email = ["email-validator (>=2.0.0)"]
timezone = ["tzdata ; python_version >= \"3.9\" and platform_system == \"Windows\""]

[[package]]
name = "pydantic-core"
version = "2.46.5"
description = "Core functionality for Pydantic validation and serialization"
optional = false
python-versions = ">=3.9"
groups = ["main"]
files = [
    {file = "pydantic_core-2.46.5-cp310-cp310-macosx_10_12_x86_64.whl", hash = "sha256:657b40d6240c0a7b6a64b30f22d1e3aa631c7e846c621b0c0f6d1d75e2e15ea6"},
    {file = "pydantic_core-2.46.5-cp310-cp310-macosx_11_0_arm64.whl", hash = "sha256:ecb42011e12ee19cafbc312887cbf3546959fe02fbad44f272d4be5baa997615"},
    {file = "pydantic_core-2.46.5-cp310-cp310-manylinux_2_17_aarch64.manylinux2014_aarch64.whl", hash = "sha256:4dedce55295becb61921e386b99d4f2706045306e7fa52249a33004c837379fb"},
    {file = "pydantic_core-2.46.5-cp310-cp310-manylinux_2_17_armv7l.manylinux2014_armv7l.whl", hash = "sha256:9f47b8a949e60f027f0aa0a6f6c7b7e9c55cbf4380d10b344e282fa4e7ab1e1b"},
    {file = "pydantic_core-2.46.5-cp310-cp310-manylinux_2_17_ppc64le.manylinux2014_ppc64le.whl", hash = "sha256:200aa3dc9f8d54f0754f43247c0bad0999fdcfbfd2488384dd44f37279271fe6"},
    {file = "pydantic_core-2.46.5-cp310-cp310-manylinux_2_17_s390x.manylinux2014_s390x.whl", hash = "sha256:6d30e1a4f138b8951063e9a394752a9179b51da288ffa507b1e659222f4c1793"},
    {file = "pydantic_core-2.46.5-cp310-cp310-manylinux_2_17_x86_64.manylinux2014_x86_64.whl", hash = "sha256:850a08d167dde16db8702c274f320c7be9d7da6f6dff2b58b18f9e815bd94f5b"},
    {file = "pydantic_core-2.46.5-cp310-cp310-manylinux_2_31_riscv64.whl", hash = "sha256:c3471e5c4a949c26ec00a77f01df59096aa9495877de76fd60a980f8ee6be461"},
    {file = "pydantic_core-2.46.5-cp310-cp310-manylinux_2_5_i686.manylinux1_i686.whl", hash = "sha256:3a3e26b6a8274211bddee2d0e4d0d42778f17a34510f49d2ec44b58abfc41736"},
    {file = "pydantic_core-2.46.5-cp310-cp310-musllinux_1_1_aarch64.whl", hash = "sha256:fc5d783bd4a2387e97b8a2d5ec781cfb92b3d893bf82370548e99db5915935d3"},
    {file = "pydantic_core-2.46.5-cp310-cp310-musllinux_1_1_armv7l.whl", hash = "sha256:356c8368cbc321050b169595683a2e1d63413b1e0e2868b330af9fc14c616d3f"},
    {file = "pydantic_core-2.46.5-cp310-cp310-musllinux_1_1_x86_64.whl", hash = "sha256:eb7d8d0e5886a89a55d2eef490e272fa965a9d57c6b29a5b5088a7997ec2cad1"},
    {file = "pydantic_core-2.46.5-cp310-cp310-win32.whl", hash = "sha256:4d44cf99ddebf875f9b68cc267aa684c99b7b44fe63ee1cac4ec163807290069"},
    {file = "pydantic_core-2.46.5-cp310-cp310-win_amd64.whl", hash = "sha256:1e5aad1220a1192c42341c8fd4a8686657e73ab2a920c970bdc4de334fe3193d"},
    {file = "pydantic_core-2.46.5-cp311-cp311-macosx_10_12_x86_64.whl", hash = "sha256:a1dee1b804ff4d11c663636cf15d2ea47e9f79cd56c033fb1cbf08924842a48f"},
    {file = "pydantic_core-2.46.5-cp311-cp311-macosx_11_0_arm64.whl", hash = "sha256:d625a186a65201c23a9e3b8ed9c47e90a026e03256608cc91851c6709096844f"},
    {file = "pydantic_core-2.46.5-cp311-cp311-manylinux_2_17_aarch64.manylinux2014_aarch64.whl", hash = "sha256:4f8507560a9284e1370bb048ed4282012fbef4e8d109875b95e884d228552061"},
    {file = "pydantic_core-2.46.5-cp311-cp311-manylinux_2_17_armv7l.manylinux2014_armv7l.whl", hash = "sha256:5f93c5fe914d75fbec9a49209b00da5f08e9e467d69da2b1510c81940cfd10be"},
    {file = "pydantic_core-2.46.5-cp311-cp311-manylinux_2_17_ppc64le.manylinux2014_ppc64le.whl", hash = "sha256:aca6c767f552b21b10f774aeac128e828eafb796adfa1b666a18bf6321453c3a"},
    {file = "pydantic_core-2.46.5-cp311-cp311-manylinux_2_17_s390x.manylinux2014_s390x.whl", hash = "sha256:701b2e04b560eeb4bddf7a25ab8ca476176e34fdbd9a0e18196f0d12d4685f0b"},
    {file = "pydantic_core-2.46.5-cp311-cp311-manylinux_2_17_x86_64.manylinux2014_x86_64.whl", hash = "sha256:49776eab08766a08dfff7012f8b422dcd7e25e43b316eedf0477c24fcfa84b7c"},
    {file = "pydantic_core-2.46.5-cp311-cp311-manylinux_2_31_riscv64.whl", hash = "sha256:a2468d93d181667a7abd66e1b64bb9f76f361b0fef8faddf687456453576f5ee"},
    {file = "pydantic_core-2.46.5-cp311-cp311-manylinux_2_5_i686.manylinux1_i686.whl", hash = "sha256:53feb344243bb9510a9dec7bf3cf1b64d88a98af5dc7872a5160465f8b198c8e"},
    {file = "pydantic_core-2.46.5-cp311-cp311-musllinux_1_1_aarch64.whl", hash = "sha256:cd5214352ae68f3b5e9af7768bdc5253695ee069675db3480518420b3be881f2"},
    {file = "pydantic_core-2.46.5-cp311-cp311-musllinux_1_1_armv7l.whl", hash = "sha256:9432f3598db432cb51c5b37fdbf29a60fcccc79e30d37a05022776a6bc4ab689"},
    {file = "pydantic_core-2.46.5-cp311-cp311-musllinux_1_1_x86_64.whl", hash = "sha256:8feeac04b5794e513e710af2f9c87d49f31a6dc47967bb264a1fed61a8989bec"},
    {file = "pydantic_core-2.46.5-cp311-cp311-win32.whl", hash = "sha256:892a881d5f68c2b9ea304b7a6c2c60d9343df578a311b0f86b94bc8f1ffe8129"},
    {file = "pydantic_core-2.46.5-cp311-cp311-win_amd64.whl", hash = "sha256:40375c2d05acec10323e45dfe2077ac44bc74659008614af5069034e2cfc781c"},
    {file = "pydantic_core-2.46.5-cp311-cp311-win_arm64.whl", hash = "sha256:28a6a556cd3b6066bea827857f9d9cce027c96f776e512f544a581f9e42161f8"},
    {file = "pydantic_core-2.46.5-cp312-cp312-macosx_10_12_x86_64.whl", hash = "sha256:b9fe6fb92520e3fd61f2e49000b6911b188824f089b75973ea06d6267f0b476d"},
    {file = "pydantic_core-2.46.5-cp312-cp312-macosx_11_0_arm64.whl", hash = "sha256:a39ac25a9a2fa4072efdb429833c4a4c8009a51ff9eea3eeae131713cd27991e"},
    {file = "pydantic_core-2.46.5-cp312-cp312-manylinux_2_17_aarch64.manylinux2014_aarch64.whl", hash = "sha256:4fdc8b93a41521988916eeaa271173fcca7fa0803d62f87675aac8dcec1c8e29"},
    {file = "pydantic_core-2.46.5-cp312-cp312-manylinux_2_17_armv7l.manylinux2014_armv7l.whl", hash = "sha256:b98134087d9de723658d17a42c7d0da8d6e2ef08015dee7dc93889047315f5e4"},
    {file = "pydantic_core-2.46.5-cp312-cp312-manylinux_2_17_ppc64le.manylinux2014_ppc64le.whl", hash = "sha256:e652ab17569c94bff5475520f907b7148b8c24036a8ebbe5cf7cf7493d28579a"},
    {file = "pydantic_core-2.46.5-cp312-cp312-manylinux_2_17_s390x.manylinux2014_s390x.whl", hash = "sha256:d925f3d9afd05a8c0fb3a1031463a8d59ebe5e2afad297e29c78be19e13b4e62"},
    {file = "pydantic_core-2.46.5-cp312-cp312-manylinux_2_17_x86_64.manylinux2014_x86_64.whl", hash = "sha256:0fc5be0abd4a407e200d844b404e33639a554e7bd0d448e7b9ae181be4789ac2"},
    {file = "pydantic_core-2.46.5-cp312-cp312-manylinux_2_31_riscv64.whl", hash = "sha256:816ff0a6550ffc06c098ccd2e0698600f9aa7da192a79eaa6f9af504a35db869"},
    {file = "pydantic_core-2.46.5-cp312-cp312-manylinux_2_5_i686.manylinux1_i686.whl", hash = "sha256:c7ea57fc63aa7da93a1bd2d644e6577befae10c52c4e36377635eea1056a74f5"},
    {file = "pydantic_core-2.46.5-cp312-cp312-musllinux_1_1_aarch64.whl", hash = "sha256:efd62a42486f1bda5d24cb4f63d15a3c7768375fe83d36f9417b4ad7a2fb20b3"},
    {file = "pydantic_core-2.46.5-cp312-cp312-musllinux_1_1_armv7l.whl", hash = "sha256:2bc9419666990c06d7397831f2126a1ecc3594aaa3ff7de5bf2d066802f4e07b"},
    {file = "pydantic_core-2.46.5-cp312-cp312-musllinux_1_1_x86_64.whl", hash = "sha256:18a09e1e1011b462f2e32774f25859ef1223d5c2b0546a633cf56654710721e0"},
    {file = "pydantic_core-2.46.5-cp312-cp312-win32.whl", hash = "sha256:5cb482e9e84c851f4e623fe4acc1ced89168cf1fe18f7089db4548c8f5bbb65b"},
    {file = "pydantic_core-2.46.5-cp312-cp312-win_amd64.whl", hash = "sha256:5e81740c09e310f5aa5cbd3e434a01c154d4bef93241c7877b39f211d2b78ba8"},
    {file = "pydantic_core-2.46.5-cp312-cp312-win_arm64.whl", hash = "sha256:f7b0ec93a2893de856652154d73b7ba622f26fa97726487dcac373de5f4c6084"},
    {file = "pydantic_core-2.46.5-cp313-cp313-macosx_10_12_x86_64.whl", hash = "sha256:b7ca9034437b6022f941f4857459562ee00a560b97e7cce8a0ec5a74fc6766e0"},
    {file = "pydantic_core-2.46.5-cp313-cp313-macosx_11_0_arm64.whl", hash = "sha256:f332f0e72a5a0400141f830744e141bf9f97917878dbe968669e8a7fefea78ff"},
    {file = "pydantic_core-2.46.5-cp313-cp313-manylinux_2_17_aarch64.manylinux2014_aarch64.whl", hash = "sha256:193375f3548919d3f0b60936ca113ada3e38f264f91b9b8e0508efaad57be931"},
    {file = "pydantic_core-2.46.5-cp313-cp313-manylinux_2_17_armv7l.manylinux2014_armv7l.whl", hash = "sha256:79bdfa52f843137045b2d081cc05c120ba6665d29b7559c2c47690906f39279f"},
    {file = "pydantic_core-2.46.5-cp313-cp313-manylinux_2_17_ppc64le.manylinux2014_ppc64le.whl", hash = "sha256:24922243639cbdac66c75fcb6fd6495a9cb52b213d62f9a0d16f0310b1ff8038"},
    {file = "pydantic_core-2.46.5-cp313-cp313-manylinux_2_17_s390x.manylinux2014_s390x.whl", hash = "sha256:c76fe65e607be28c7fd4d56fc3c42b1583aa058ce3408b7ad0fd540171d31f9f"},
    {file = "pydantic_core-2.46.5-cp313-cp313-manylinux_2_17_x86_64.manylinux2014_x86_64.whl", hash = "sha256:6f7b393a8b3da82f5c1fc0751e6d01ac6c55b93c18226a60bdfba4a724efafd1"},
    {file = "pydantic_core-2.46.5-cp313-cp313-manylinux_2_31_riscv64.whl", hash = "sha256:7ac031912d54f3d83ef3b3eb98dfabc1608802e2202263d25957eeed40b94761"},
    {file = "pydantic_core-2.46.5-cp313-cp313-manylinux_2_5_i686.manylinux1_i686.whl", hash = "sha256:837b396ca3d7b74091ca623f6cbd8351bd42d670a79c2683e79fb089f06a2de5"},
    {file = "pydantic_core-2.46.5-cp313-cp313-musllinux_1_1_aarch64.whl", hash = "sha256:5ee239d575f80b08eca11f6e20f90c4c695de7825c67eefe6091fbf20dda648e"},
    {file = "pydantic_core-2.46.5-cp313-cp313-musllinux_1_1_armv7l.whl", hash = "sha256:e80675d75ae2cd14372cb65cad5400d9347a3d3f6c13000183f22dfd027283ed"},
    {file = "pydantic_core-2.46.5-cp313-cp313-musllinux_1_1_x86_64.whl", hash = "sha256:9c4b71f10dd532fb7a5cbc8f58707779e64f03a258c2bf8bfbaecfcd9970b519"},
    {file = "pydantic_core-2.46.5-cp313-cp313-win32.whl", hash = "sha256:97bf8de4d541598c94a59344eeb988a94c08ff76b5723c41f6567ec18c7892ea"},
    {file = "pydantic_core-2.46.5-cp313-cp313-win_amd64.whl", hash = "sha256:15f4a94963c95accac15b7b657bb177d3ad82bb90b0d0526d9a9b85079925db5"},
    {file = "pydantic_core-2.46.5-cp313-cp313-win_arm64.whl", hash = "sha256:d22a945598fb91236b4dd793a6e42e4f3dd7740bb5aace5ebd7d4c08d13bb575"},
    {file = "pydantic_core-2.46.5-cp314-cp314-macosx_10_12_x86_64.whl", hash = "sha256:c1c43ad4339643d70ebb8124e1305a7dab423001eff58bb41a0f731adbc98355"},
    {file = "pydantic_core-2.46.5-cp314-cp314-macosx_11_0_arm64.whl", hash = "sha256:1a353f84de772f423b5ffb11d7ae352fbbef0f446f3c0b0af0f8236d7233606e"},
    {file = "pydantic_core-2.46.5-cp314-cp314-manylinux_2_17_aarch64.manylinux2014_aarch64.whl", hash = "sha256:5086029a57366b8cf81b130a43908738095c270c21a8d7f0e8bdfdb89718e2f3"},
    {file = "pydantic_core-2.46.5-cp314-cp314-manylinux_2_17_armv7l.manylinux2014_armv7l.whl", hash = "sha256:46c25dda9d092a06c08db76ffe0a197107904d0dfac653f7d5306bbcd6d6119c"},
    {file = "pydantic_core-2.46.5-cp314-cp314-manylinux_2_17_ppc64le.manylinux2014_ppc64le.whl", hash = "sha256:37ea7b83c935e5b0d68c9449b82651accf78a10828b2c02b2f2d9e9496446c21"},
    {file = "pydantic_core-2.46.5-cp314-cp314-manylinux_2_17_s390x.manylinux2014_s390x.whl", hash = "sha256:e64e88d5585bea9ce95861079de72006c7fa6d3df4e3a3b65ba31eb979c15c9f"},
    {file = "pydantic_core-2.46.5-cp314-cp314-manylinux_2_17_x86_64.manylinux2014_x86_64.whl", hash = "sha256:54d510bac3ee52247af28ed4bb18a1e799f040ac60fd2bf5ccd4c92f1fbe786f"},
    {file = "pydantic_core-2.46.5-cp314-cp314-manylinux_2_31_riscv64.whl", hash = "sha256:a2a5e1d0ff29adddc9f6d6821a66302e4493f8ca898b715b6b1182c2c201ea0a"},
    {file = "pydantic_core-2.46.5-cp314-cp314-manylinux_2_5_i686.manylinux1_i686.whl", hash = "sha256:03b9666e41e35d8909852ba191a0607520f81b74eaf12ccf8737005dbb313821"},
    {file = "pydantic_core-2.46.5-cp314-cp314-musllinux_1_1_aarch64.whl", hash = "sha256:a91c17edf6eea2402cb5457b4c89e99bc5ed1004aa34c4adf1d4258c1a5c22c2"},
    {file = "pydantic_core-2.46.5-cp314-cp314-musllinux_1_1_armv7l.whl", hash = "sha256:b49924c73a235e969511bf2aabdff3beebf9820931f646c80274d5d780010c47"},
    {file = "pydantic_core-2.46.5-cp314-cp314-musllinux_1_1_x86_64.whl", hash = "sha256:2cbd9a5eff05e51c447c34dfa4632145b26b09120cf04bd0c871e44c1a5e1c9a"},
    {file = "pydantic_core-2.46.5-cp314-cp314-win32.whl", hash = "sha256:2d5d76654becf5efd62c9e51c3756c67b49498b0c9a40884934c40807adbd074"},
    {file = "pydantic_core-2.46.5-cp314-cp314-win_amd64.whl", hash = "sha256:fa10ef4112775900e7a0661068635eb67b2ab824fbde764de6e0e21982a93db0"},
    {file = "pydantic_core-2.46.5-cp314-cp314-win_arm64.whl", hash = "sha256:045ab3b6d308439e32b81cc173bba5b9018bc6ed896afd0c65b3b009b1699af5"},
    {file = "pydantic_core-2.46.5-cp314-cp314t-macosx_10_12_x86_64.whl", hash = "sha256:8816f3d218beb4b787de5c9759c259b8fa61f9dec42dc7811f320a33771778b7"},
    {file = "pydantic_core-2.46.5-cp314-cp314t-macosx_11_0_arm64.whl", hash = "sha256:bce57638e08ac148e5778cce7feb968307a727d66f8e2274a543d0cf0c9ad6a3"},
    {file = "pydantic_core-2.46.5-cp314-cp314t-manylinux_2_17_aarch64.manylinux2014_aarch64.whl", hash = "sha256:976e1128455aa595ea04c79ccfedff1aaeab96ee013fcc916bed120c4f0ad94f"},
    {file = "pydantic_core-2.46.5-cp314-cp314t-manylinux_2_17_armv7l.manylinux2014_armv7l.whl", hash = "sha256:e7b891faeedeafba41b2983e5001a81b6a915b69544c7e7570d1989ce1c36ac7"},
    {file = "pydantic_core-2.46.5-cp314-cp314t-manylinux_2_17_ppc64le.manylinux2014_ppc64le.whl", hash = "sha256:5f194189415698233dd1114a093a9b56e61e2c57e11b469be3b0506f46f0771c"},
    {file = "pydantic_core-2.46.5-cp314-cp314t-manylinux_2_17_s390x.manylinux2014_s390x.whl", hash = "sha256:82a36973cf8a2ef5406f4fe2edbf8ed0c99629535d959e0b100c76a32535a111"},
    {file = "pydantic_core-2.46.5-cp314-cp314t-manylinux_2_17_x86_64.manylinux2014_x86_64.whl", hash = "sha256:cdbb78909f52b981d3b2d56b97328d71eb0b974c36bd77c920123a7ebb192829"},
    {file = "pydantic_core-2.46.5-cp314-cp314t-manylinux_2_31_riscv64.whl", hash = "sha256:52e24eacdb536cade636aa90fb851835222becff8484b7001fdc78cb0290f2aa"},
    {file = "pydantic_core-2.46.5-cp314-cp314t-manylinux_2_5_i686.manylinux1_i686.whl", hash = "sha256:37ae34309d7bd8c0d61ab839668058f2a7962ea1fc51d105d2db228fe0618034"},
    {file = "pydantic_core-2.46.5-cp314-cp314t-musllinux_1_1_aarch64.whl", hash = "sha256:0cdbada856a1c69a7624a64d3d9aefe79300bd6ef827b43a4f265010b9b55184"},
    {file = "pydantic_core-2.46.5-cp314-cp314t-musllinux_1_1_armv7l.whl", hash = "sha256:545f26c504b27c3758439a5e6d9349931f0a04f855668d5fe323c89e82300a38"},
    {file = "pydantic_core-2.46.5-cp314-cp314t-musllinux_1_1_x86_64.whl", hash = "sha256:ff218293c9c806138dca139765e3b067621be52bcd93cdc14c7711be7ddc90a9"},
    {file = "pydantic_core-2.46.5-cp314-cp314t-win32.whl", hash = "sha256:97cf3eb53a8cccacf9d46686a0926186c9bfb5574f2ed66d3639d5fe117cd3a9"},
    {file = "pydantic_core-2.46.5-cp314-cp314t-win_amd64.whl", hash = "sha256:d2f9fc07a8042a8f95925b35c4f04f469707c981fc33245b6ca187cf5d2dd290"},
    {file = "pydantic_core-2.46.5-cp314-cp314t-win_arm64.whl", hash = "sha256:acf8a67ba51f4ca9ddbd0e6b3000a65ac51ab734661778b3e7ba64d99a710f2f"},
    {file = "pydantic_core-2.46.5-cp39-cp39-macosx_10_12_x86_64.whl", hash = "sha256:c583b927a8838dab890706a6fa7573fbb8b70e24000ef9f7238e2d6f6435a5ed"},
    {file = "pydantic_core-2.46.5-cp39-cp39-macosx_11_0_arm64.whl", hash = "sha256:cdc8b74ecc48c0cb1e9607a05ec4e9e88db60a19ffcc9a1d5f9088ede40c8dc0"},
    {file = "pydantic_core-2.46.5-cp39-cp39-manylinux_2_17_aarch64.manylinux2014_aarch64.whl", hash = "sha256:8b10e3e8fd7ddc2bd915848a2768e44c15b22936f1cc54c462ad1164deb02655"},
    {file = "pydantic_core-2.46.5-cp39-cp39-manylinux_2_17_armv7l.manylinux2014_armv7l.whl", hash = "sha256:f077d0b97ab11fa7dcc633fca53515f290bca8a8a633e966d5b6d1879d9ed01a"},
    {file = "pydantic_core-2.46.5-cp39-cp39-manylinux_2_17_ppc64le.manylinux2014_ppc64le.whl", hash = "sha256:7b0fc826b16c55e561e5d2a0c5c77b051ba1d92808118c4e4b5390f5e0cf191d"},
    {file = "pydantic_core-2.46.5-cp39-cp39-manylinux_2_17_s390x.manylinux2014_s390x.whl", hash = "sha256:ef3fbbf161dc9351a2fe0422e51b129f9e97e42385bd0320b309c15f7d287dd8"},
    {file = "pydantic_core-2.46.5-cp39-cp39-manylinux_2_17_x86_64.manylinux2014_x86_64.whl", hash = "sha256:978e7b97d4824b5be09c69fb70507cbde3b0323fc147332ca40a94d9a6a0ebbf"},
    {file = "pydantic_core-2.46.5-cp39-cp39-manylinux_2_31_riscv64.whl", hash = "sha256:9b68938dd5b0c783d88ff8e2dcc69451b5eb936fe212d516b21b9d5567f6d464"},
    {file = "pydantic_core-2.46.5-cp39-cp39-manylinux_2_5_i686.manylinux1_i686.whl", hash = "sha256:771cf63ae0b1b50dd22e5f3e3549fab5f3f4ff1635d352a9e1a97fe01c7b2e64"},
    {file = "pydantic_core-2.46.5-cp39-cp39-musllinux_1_1_aarch64.whl", hash = "sha256:7c6be839a5a8312626b32029a415644a0846b420bc8b52b95b28cd92da162168"},
    {file = "pydantic_core-2.46.5-cp39-cp39-musllinux_1_1_armv7l.whl", hash = "sha256:895395f8918627b04efb1ad2a4cf605387143300ba03304cd1dfa6d03f5e095e"},
    {file = "pydantic_core-2.46.5-cp39-cp39-musllinux_1_1_x86_64.whl", hash = "sha256:fc8515076c11f3cfdf4fb142dcca0fe384b1230a3b5415458ac84f3e0903ec13"},
    {file = "pydantic_core-2.46.5-cp39-cp39-win32.whl", hash = "sha256:3d2652072b2d774947ba5cf78a9e59644ac62ee572daf6dd2e1dfe905e15b2b7"},
    {file = "pydantic_core-2.46.5-cp39-cp39-win_amd64.whl", hash = "sha256:3aa166e99c4f2985407fb8714aebede877ecb5455cf321b606adca926d30d5a0"},
    {file = "pydantic_core-2.46.5-graalpy311-graalpy242_311_native-macosx_10_12_x86_64.whl", hash = "sha256:c14ad3bdc85ee7f318742c457ca3968a92126d144b15721c759033bfb06296c2"},
    {file = "pydantic_core-2.46.5-graalpy311-graalpy242_311_native-macosx_11_0_arm64.whl", hash = "sha256:0bddb4020d8f04175865ccd17eff3040874fc11fb593f424edb452653b4b947c"},
    {file = "pydantic_core-2.46.5-graalpy311-graalpy242_311_native-manylinux_2_17_aarch64.manylinux2014_aarch64.whl", hash = "sha256:2471fd51c61c610e1dcf7de44d7299283661654d11264ab4802b303368d69c47"},
    {file = "pydantic_core-2.46.5-graalpy311-graalpy242_311_native-manylinux_2_17_x86_64.manylinux2014_x86_64.whl", hash = "sha256:b10ec717381bdbfafef34607824db4c91de69ff085e4fca3b2af91b4fa17e68a"},
    {file = "pydantic_core-2.46.5-graalpy312-graalpy250_312_native-macosx_10_12_x86_64.whl", hash = "sha256:013d6f3483d81e02e7c328831808f336c8596ee33b4bd4026b9ffb1e960b8942"},
    {file = "pydantic_core-2.46.5-graalpy312-graalpy250_312_native-macosx_11_0_arm64.whl", hash = "sha256:e9c134bb666dd54b778b9fc0d2b50cbb7f979b9e3716f26a88c9ab3b6fc1dd0f"},
    {file = "pydantic_core-2.46.5-graalpy312-graalpy250_312_native-manylinux_2_17_aarch64.manylinux2014_aarch64.whl", hash = "sha256:347ec774390c87326a2e4929d58d3f7e8763a104d5d35f4cd595a4c952366433"},
    {file = "pydantic_core-2.46.5-graalpy312-graalpy250_312_native-manylinux_2_17_x86_64.manylinux2014_x86_64.whl", hash = "sha256:8e24d8f05fa2d28513d94e877e9c75ad66175376209b3977f916e240e623193c"},
    {file = "pydantic_core-2.46.5-pp311-pypy311_pp73-macosx_10_12_x86_64.whl", hash = "sha256:ab4b66edffb32d9e951efb3814bd104b8367a7501b81b955cacb5726d897389f"},
    {file = "pydantic_core-2.46.5-pp311-pypy311_pp73-macosx_11_0_arm64.whl", hash = "sha256:337639ba62a11acde6ef3aeb08c8ea755f8ef1fe5e513356c0f36a2b0d7568b0"},
    {file = "pydantic_core-2.46.5-pp311-pypy311_pp73-manylinux_2_17_x86_64.manylinux2014_x86_64.whl", hash = "sha256:413a717a410d0c817ef5b786a059415550b3794e1d0c2abffd9efb93a3d9f7b4"},
    {file = "pydantic_core-2.46.5-pp311-pypy311_pp73-manylinux_2_5_i686.manylinux1_i686.whl", hash = "sha256:1e449def1945a462c464331254e5a44fca7c3b4f9aedf59ec2f50f8066dd8e25"},
    {file = "pydantic_core-2.46.5-pp311-pypy311_pp73-musllinux_1_1_aarch64.whl", hash = "sha256:a445486499897b88a7d6c310c88ed64dd37b1b59bfd7ae9107490bbb362f47d6"},
    {file = "pydantic_core-2.46.5-pp311-pypy311_pp73-musllinux_1_1_armv7l.whl", hash = "sha256:2d330aaba8621b1edcec8ae2c4050f63b84ccf6d98723a8f212e9684713abf0e"},
    {file = "pydantic_core-2.46.5-pp311-pypy311_pp73-musllinux_1_1_x86_64.whl", hash = "sha256:b6acfb46a814762367fb7ba0828b0a17d441b92ce249a0e007474c9072662dda"},
    {file = "pydantic_core-2.46.5-pp311-pypy311_pp73-win_amd64.whl", hash = "sha256:d0a24b40877af2de4950252be9d21eaf7fb07660f3c2cae1f56c6b599ada5266"},
    {file = "pydantic_core-2.46.5.tar.gz", hash = "sha256:10416c15b8839ecc4ef4d0885da76da6fd0f67333a0eb8aff6d93c4b8f2910fc"},
]

[package.dependencies]
typing-extensions = ">=4.14.1"

[[package]]
name = "sniffio"
version = "1.3.1"
description = "Sniff out which async library your code is running under"
optional = false
python-versions = ">=3.7"
groups = ["main"]
files = [
    {file = "sniffio-1.3.1-py3-none-any.whl", hash = "sha256:2f6da418d1f1e0fddd844478f41680e794e6051915791a034ff65e5f100525a2"},
    {file = "sniffio-1.3.1.tar.gz", hash = "sha256:f4324edc670a0f49750a81b895f35c3adb843cca46f0530f79fc1babb23789dc"},
]

[[package]]
name = "truststore"
version = "0.10.4"
description = "Verify certificates using native system trust stores"
optional = false
python-versions = ">=3.10"
groups = ["main"]
markers = "sys_platform != \"emscripten\""
files = [
    {file = "truststore-0.10.4-py3-none-any.whl", hash = "sha256:adaeaecf1cbb5f4de3b1959b42d41f6fab57b2b1666adb59e89cb0b53361d981"},
    {file = "truststore-0.10.4.tar.gz", hash = "sha256:9d91bd436463ad5e4ee4aba766628dd6cd7010cf3e2461756b3303710eebc301"},
]

[[package]]
name = "typing-extensions"
version = "4.16.0"
description = "Backported and Experimental Type Hints for Python 3.9+"
optional = false
python-versions = ">=3.9"
groups = ["main"]
files = [
    {file = "typing_extensions-4.16.0-py3-none-any.whl", hash = "sha256:481caa481374e813c1b176ada14e97f1f67a4539ce9cfeb3f350d78d6370c2e8"},
    {file = "typing_extensions-4.16.0.tar.gz", hash = "sha256:dc983d19a509c94dba722ee6abd33940f7c05a89e243c47e907eb4db6f1a43e5"},
]

[[package]]
name = "typing-inspection"
version = "0.4.4"
description = "Runtime typing introspection tools"
optional = false
python-versions = ">=3.10"
groups = ["main"]
files = [
    {file = "typing_inspection-0.4.4-py3-none-any.whl", hash = "sha256:65b8397ba37ccbce054456aaccddfc91e6e3083c92824df348d96ca832f3f147"},
    {file = "typing_inspection-0.4.4.tar.gz", hash = "sha256:547274fa6b0a561ccf549cc9524b999a578e737d015d8709d021f9d0d13bea47"},
]

[package.dependencies]
typing-extensions = ">=4.15.0"

[metadata]
lock-version = "2.1"
python-versions = ">=3.10,<3.13"
content-hash = "547f9399477ef02247ec5634a803086528f563f298609ce925b44742c64a843b"
