# This file is automatically @generated by Poetry 2.4.1 and should not be changed by hand.

[[package]]
name = "annotated-types"
version = "0.7.0"
description = "Reusable constraint types to use with typing.Annotated"
optional = false
python-versions = ">=3.8"
groups = ["main"]
files = [
    {file = "annotated_types-0.7.0-py3-none-any.whl", hash = "sha256:1f02e8b43a8fbbc3f3e0d4f0f4bfc8131bcb4eebe8849b8e5c773f3a1c582a53"},
    {file = "annotated_types-0.7.0.tar.gz", hash = "sha256:aff07c09a53a08bc8cfccb9c85b05f1aa9a2a6f23728d790723543408344ce89"},
]

[[package]]
name = "anyio"
version = "4.14.1"
description = "High-level concurrency and networking framework on top of asyncio or Trio"
optional = false
python-versions = ">=3.10"
groups = ["main"]
files = [
    {file = "anyio-4.14.1-py3-none-any.whl", hash = "sha256:4e5533c5b8ff0a24f5d7a176cbe6877129cd183893f66b537f8f227d10527d72"},
    {file = "anyio-4.14.1.tar.gz", hash = "sha256:8d648a3544c1a700e3ff78615cd679e4c5c3f149904287e73687b2596963629e"},
]

[package.dependencies]
exceptiongroup = {version = ">=1.0.2", markers = "python_version < \"3.11\""}
idna = ">=2.8"
typing_extensions = {version = ">=4.5", markers = "python_version < \"3.13\""}

[package.extras]
trio = ["trio (>=0.32.0)"]

[[package]]
name = "certifi"
version = "2026.6.17"
description = "Python package for providing Mozilla's CA Bundle."
optional = false
python-versions = ">=3.7"
groups = ["main"]
files = [
    {file = "certifi-2026.6.17-py3-none-any.whl", hash = "sha256:2227dcbaafe0d2f59279d1762ddddc37783ed4354594f194ffc31d20f41fc3db"},
    {file = "certifi-2026.6.17.tar.gz", hash = "sha256:024c88eeec92ca068db80f02b8b07c9cef7b9fe261d1d535abfd5abd6f6af432"},
]

[[package]]
name = "colorama"
version = "0.4.6"
description = "Cross-platform colored terminal text."
optional = false
python-versions = "!=3.0.*,!=3.1.*,!=3.2.*,!=3.3.*,!=3.4.*,!=3.5.*,!=3.6.*,>=2.7"
groups = ["main"]
files = [
    {file = "colorama-0.4.6-py2.py3-none-any.whl", hash = "sha256:4f1d9991f5acc0ca119f9d443620b77f9d6b33703e51011c16baf57afb285fc6"},
    {file = "colorama-0.4.6.tar.gz", hash = "sha256:08695f5cb7ed6e0531a20572697297273c47b8cae5a63ffc6d6ed5c201be6e44"},
]

[[package]]
name = "distro"
version = "1.9.0"
description = "Distro - an OS platform information API"
optional = false
python-versions = ">=3.6"
groups = ["main"]
files = [
    {file = "distro-1.9.0-py3-none-any.whl", hash = "sha256:7bffd925d65168f85027d8da9af6bddab658135b840670a223589bc0c8ef02b2"},
    {file = "distro-1.9.0.tar.gz", hash = "sha256:2fa77c6fd8940f116ee1d6b94a2f90b13b5ea8d019b98bc8bafdcabcdd9bdbed"},
]

[[package]]
name = "exceptiongroup"
version = "1.3.1"
description = "Backport of PEP 654 (exception groups)"
optional = false
python-versions = ">=3.7"
groups = ["main"]
markers = "python_version == \"3.10\""
files = [
    {file = "exceptiongroup-1.3.1-py3-none-any.whl", hash = "sha256:a7a39a3bd276781e98394987d3a5701d0c4edffb633bb7a5144577f82c773598"},
    {file = "exceptiongroup-1.3.1.tar.gz", hash = "sha256:8b412432c6055b0b7d14c310000ae93352ed6754f70fa8f7c34141f91c4e3219"},
]

[package.dependencies]
typing-extensions = {version = ">=4.6.0", markers = "python_version < \"3.13\""}

[package.extras]
test = ["pytest (>=6)"]

[[package]]
name = "h11"
version = "0.16.0"
description = "A pure-Python, bring-your-own-I/O implementation of HTTP/1.1"
optional = false
python-versions = ">=3.8"
groups = ["main"]
files = [
    {file = "h11-0.16.0-py3-none-any.whl", hash = "sha256:63cf8bbe7522de3bf65932fda1d9c2772064ffb3dae62d55932da54b31cb6c86"},
    {file = "h11-0.16.0.tar.gz", hash = "sha256:4e35b956cf45792e4caa5885e69fba00bdbc6ffafbfa020300e549b208ee5ff1"},
]

[[package]]
name = "httpcore"
version = "1.0.9"
description = "A minimal low-level HTTP client."
optional = false
python-versions = ">=3.8"
groups = ["main"]
files = [
    {file = "httpcore-1.0.9-py3-none-any.whl", hash = "sha256:2d400746a40668fc9dec9810239072b40b4484b640a8c38fd654a024c7a1bf55"},
    {file = "httpcore-1.0.9.tar.gz", hash = "sha256:6e34463af53fd2ab5d807f399a9b45ea31c3dfa2276f15a2c3f00afff6e176e8"},
]

[package.dependencies]
certifi = "*"
h11 = ">=0.16"

[package.extras]
asyncio = ["anyio (>=4.0,<5.0)"]
http2 = ["h2 (>=3,<5)"]
socks = ["socksio (==1.*)"]
trio = ["trio (>=0.22.0,<1.0)"]

[[package]]
name = "httpx"
version = "0.28.1"
description = "The next generation HTTP client."
optional = false
python-versions = ">=3.8"
groups = ["main"]
files = [
    {file = "httpx-0.28.1-py3-none-any.whl", hash = "sha256:d909fcccc110f8c7faf814ca82a9a4d816bc5a6dbfea25d6591d6985b8ba59ad"},
    {file = "httpx-0.28.1.tar.gz", hash = "sha256:75e98c5f16b0f35b567856f597f06ff2270a374470a5c2392242528e3e3e42fc"},
]

[package.dependencies]
anyio = "*"
certifi = "*"
httpcore = "==1.*"
idna = "*"

[package.extras]
brotli = ["brotli ; platform_python_implementation == \"CPython\"", "brotlicffi ; platform_python_implementation != \"CPython\""]
cli = ["click (==8.*)", "pygments (==2.*)", "rich (>=10,<14)"]
http2 = ["h2 (>=3,<5)"]
socks = ["socksio (==1.*)"]
zstd = ["zstandard (>=0.18.0)"]

[[package]]
name = "idna"
version = "3.18"
description = "Internationalized Domain Names in Applications (IDNA)"
optional = false
python-versions = ">=3.9"
groups = ["main"]
files = [
    {file = "idna-3.18-py3-none-any.whl", hash = "sha256:7f952cbe720b688055e3f87de14f5c3e5fdaa8bc3928985c4077ca689de849a2"},
    {file = "idna-3.18.tar.gz", hash = "sha256:ffb385a7e039654cef1ab9ef32c6fafe283c0c0467bba1d9029738ce4a14a848"},
]

[package.extras]
all = ["mypy (>=1.11.2)", "pytest (>=8.3.2)", "ruff (>=0.6.2)"]

[[package]]
name = "jiter"
version = "0.16.0"
description = "Fast iterable JSON parser."
optional = false
python-versions = ">=3.9"
groups = ["main"]
files = [
    {file = "jiter-0.16.0-cp310-cp310-macosx_10_12_x86_64.whl", hash = "sha256:c5fc4f8def331036a7b8e981b4347ebe409981edbc8308a5ea842b8c3614fa6c"},
    {file = "jiter-0.16.0-cp310-cp310-macosx_11_0_arm64.whl", hash = "sha256:5a71d0d2014c3275043e1170bf3d4e771493cb0dcf07be54c567155f4d8ee64b"},
    {file = "jiter-0.16.0-cp310-cp310-manylinux_2_17_aarch64.manylinux2014_aarch64.whl", hash = "sha256:741eed508c233a76313a1c7b001f8f21b82f14327e9196ae8bd29a2cc164ae84"},
    {file = "jiter-0.16.0-cp310-cp310-manylinux_2_17_armv7l.manylinux2014_armv7l.whl", hash = "sha256:3fb7bc819187b56dc48aa5c833aaf92257da8e07efdb9306156667bd2eeb491c"},
    {file = "jiter-0.16.0-cp310-cp310-manylinux_2_17_ppc64le.manylinux2014_ppc64le.whl", hash = "sha256:7c9610fd25ebccb43fca584136f5c2fbb26802447eccd430dfdbab95a0fd5126"},
    {file = "jiter-0.16.0-cp310-cp310-manylinux_2_17_s390x.manylinux2014_s390x.whl", hash = "sha256:4a1d68ff7ca1d3b5dee20a97a3decda7d5f15003823bf6d140c81f8561d3bc5c"},
    {file = "jiter-0.16.0-cp310-cp310-manylinux_2_17_x86_64.manylinux2014_x86_64.whl", hash = "sha256:fb08c276dd02dac3a284acdd02cacc630d2e3cd6572a4b85519f35cbd133c3de"},
    {file = "jiter-0.16.0-cp310-cp310-manylinux_2_31_riscv64.whl", hash = "sha256:8fc4d94713c4697347e38faf7d6ef91547c142219bdcfc7220c4870879974244"},
    {file = "jiter-0.16.0-cp310-cp310-manylinux_2_5_i686.manylinux1_i686.whl", hash = "sha256:1a0f05e229edb29e68cdd0ccb83cea13b64263416120cf943767a6fd72e6787f"},
    {file = "jiter-0.16.0-cp310-cp310-musllinux_1_1_aarch64.whl", hash = "sha256:2c842cbf374a8daf50b2c04212995bee34ca2ac2cdc29a901b4cdb072c9c4131"},
    {file = "jiter-0.16.0-cp310-cp310-musllinux_1_1_x86_64.whl", hash = "sha256:5ed466aee31294d7cdcd4d37dfe5c42c97bc29d9a5f00eacf24504358309cb9b"},
    {file = "jiter-0.16.0-cp310-cp310-win32.whl", hash = "sha256:b42e9ff5376819c053da25809a8d4b6fa6e473b4856ebe42e298ac958be3d7f9"},
    {file = "jiter-0.16.0-cp310-cp310-win_amd64.whl", hash = "sha256:10438939205546132189c8e74a2d536a707841f3a25cd7c74ee91fe503407a26"},
    {file = "jiter-0.16.0-cp311-cp311-macosx_10_12_x86_64.whl", hash = "sha256:67fddeda1688f0cce2d2ae83ccf8a80f79936f2d2997d6cc2261f82fdb54a4d3"},
    {file = "jiter-0.16.0-cp311-cp311-macosx_11_0_arm64.whl", hash = "sha256:c90c0f63df322be920eda6ce622e3083d8906ba267f8220fe7873213b8b4430e"},
    {file = "jiter-0.16.0-cp311-cp311-manylinux_2_17_aarch64.manylinux2014_aarch64.whl", hash = "sha256:64c0203212098470032aabcde9356fc168f377aade3e43def61dfe17e92f2037"},
    {file = "jiter-0.16.0-cp311-cp311-manylinux_2_17_armv7l.manylinux2014_armv7l.whl", hash = "sha256:12288303c9844e61e1651d02a9a6f6633e47d39f897d6991d1427161ce6b746e"},
    {file = "jiter-0.16.0-cp311-cp311-manylinux_2_17_ppc64le.manylinux2014_ppc64le.whl", hash = "sha256:5cf109d010b4b05a105afb3d43be36a21322d345ad3111e13d15f680afef0e5b"},
    {file = "jiter-0.16.0-cp311-cp311-manylinux_2_17_s390x.manylinux2014_s390x.whl", hash = "sha256:62c1b7fe1f77925acf5af68b6140b8810fa87dfd4dc0a9c8568ec2fa2a10429c"},
    {file = "jiter-0.16.0-cp311-cp311-manylinux_2_17_x86_64.manylinux2014_x86_64.whl", hash = "sha256:8597d23c87f59294f83bcb6229b9ed1fccee13dbba967b46930d2f1759466fee"},
    {file = "jiter-0.16.0-cp311-cp311-manylinux_2_31_riscv64.whl", hash = "sha256:3126a5dbad56401989ac769aca0cb56005bfb3e2366eea0ca99d1a91c3c1ee03"},
    {file = "jiter-0.16.0-cp311-cp311-manylinux_2_5_i686.manylinux1_i686.whl", hash = "sha256:c4b4717bdb35ae456f831a6b08d01880fff399887a6bbc526a583a406e484eea"},
    {file = "jiter-0.16.0-cp311-cp311-musllinux_1_1_aarch64.whl", hash = "sha256:adff21bc78edfe086c15eb495b900306076de378dc2337c132401fc39bd79c91"},
    {file = "jiter-0.16.0-cp311-cp311-musllinux_1_1_x86_64.whl", hash = "sha256:dab907db06fc593645e73109acf4581ba5b548897d28b9348dc41ddc8343b2d3"},
    {file = "jiter-0.16.0-cp311-cp311-win32.whl", hash = "sha256:560b2cf3fb03240cd34f27409a238547488708f05b7c3924f571a60422251ec7"},
    {file = "jiter-0.16.0-cp311-cp311-win_amd64.whl", hash = "sha256:e431cfc9caf44c1d5459ff77d4e64cbf85fddb6a35dad836a15c6a9ec23087c1"},
    {file = "jiter-0.16.0-cp311-cp311-win_arm64.whl", hash = "sha256:2a8e9e39cf083016137aa5cadafe3188adc2ba6ba1fbf1e5d18889ad3e9ad056"},
    {file = "jiter-0.16.0-cp312-cp312-macosx_10_12_x86_64.whl", hash = "sha256:67c3bc1760f8c99d805dcab4e644027142a53b1d5d861f18780ebdbd5d40b72a"},
    {file = "jiter-0.16.0-cp312-cp312-macosx_11_0_arm64.whl", hash = "sha256:5af7780e4a26bd7d0d989592bf9ef12ebf806b74ab709223ecca37c749872ea9"},
    {file = "jiter-0.16.0-cp312-cp312-manylinux_2_17_aarch64.manylinux2014_aarch64.whl", hash = "sha256:d5bf78d0e05e45cfdd66558893938d59afe3d1b1a824a202039b20e607d25a72"},
    {file = "jiter-0.16.0-cp312-cp312-manylinux_2_17_armv7l.manylinux2014_armv7l.whl", hash = "sha256:f4444a83f946605990c98f625cdd3d2725bfb818158760c5748c653170a20e0e"},
    {file = "jiter-0.16.0-cp312-cp312-manylinux_2_17_ppc64le.manylinux2014_ppc64le.whl", hash = "sha256:3a23f0e4f957e1be65752d2dfac9a5a06b1917af8dc85deb639c3b9d02e31290"},
    {file = "jiter-0.16.0-cp312-cp312-manylinux_2_17_s390x.manylinux2014_s390x.whl", hash = "sha256:c22a488f7b9218e245a0025a9ba6b100e2e54700831cf4cf16833a27fba3ad01"},
    {file = "jiter-0.16.0-cp312-cp312-manylinux_2_17_x86_64.manylinux2014_x86_64.whl", hash = "sha256:46add52f4ad47a08bfb1219f3e673da972191489a33016edefdb5ea55bfa8c48"},
    {file = "jiter-0.16.0-cp312-cp312-manylinux_2_31_riscv64.whl", hash = "sha256:9c8a956fd72c2cf1e730d01ea080341f13aa0a97a4a33b51abebe725b7ae9ca9"},
    {file = "jiter-0.16.0-cp312-cp312-manylinux_2_5_i686.manylinux1_i686.whl", hash = "sha256:561926e0573ffe4a32498420a76d64b16c513e1ab413b9d28158a8764ac701e5"},
    {file = "jiter-0.16.0-cp312-cp312-musllinux_1_1_aarch64.whl", hash = "sha256:44d019fa8cdaf89bf29c71b39e3712143fdd0ac76725c6ef954f9957a5ea8730"},
    {file = "jiter-0.16.0-cp312-cp312-musllinux_1_1_x86_64.whl", hash = "sha256:0df91907609837f33341b8e6fe73b95991fdaa57caf1a0fbd343dffe826f386f"},
    {file = "jiter-0.16.0-cp312-cp312-win32.whl", hash = "sha256:51d7b836acb0108d7c77df1742332cac2a1fa04a74d6dacec46e7091f0e91274"},
    {file = "jiter-0.16.0-cp312-cp312-win_amd64.whl", hash = "sha256:1878349266f8ee36ecb1375cc5ba2f115f35fd9f0a1a4119e725e379126647f7"},
    {file = "jiter-0.16.0-cp312-cp312-win_arm64.whl", hash = "sha256:2ed5738ae4af18271a51a528b8811b0cbfa4a1858de9d83359e4169855d6a331"},
    {file = "jiter-0.16.0-cp313-cp313-macosx_10_12_x86_64.whl", hash = "sha256:41977aa5654023948c2dae2a81cbf9c43343954bef1cd59a154dd15a4d84c195"},
    {file = "jiter-0.16.0-cp313-cp313-macosx_11_0_arm64.whl", hash = "sha256:d28bb3c26762358dadf3e5bf0bccd29ae987d65e6988d2e6f49829c76b003c09"},
    {file = "jiter-0.16.0-cp313-cp313-manylinux_2_17_aarch64.manylinux2014_aarch64.whl", hash = "sha256:0542a7189c26920778658fc8fcf2af8bae05bae9924577f71804acef37996536"},
    {file = "jiter-0.16.0-cp313-cp313-manylinux_2_17_armv7l.manylinux2014_armv7l.whl", hash = "sha256:8fb8de1e23a0cb2a7f53c335049c7b72b6db41aa6227cdcc0972a1de5cb39450"},
    {file = "jiter-0.16.0-cp313-cp313-manylinux_2_17_ppc64le.manylinux2014_ppc64le.whl", hash = "sha256:b72d0b2990ca754a9102779ac98d8597b7cb31678958562214a007f909eab78e"},
    {file = "jiter-0.16.0-cp313-cp313-manylinux_2_17_s390x.manylinux2014_s390x.whl", hash = "sha256:d5f91b1c27fc22a57993d5a5cb8a627cb8ed4b10502716fac1ffbfe1d19d84e8"},
    {file = "jiter-0.16.0-cp313-cp313-manylinux_2_17_x86_64.manylinux2014_x86_64.whl", hash = "sha256:c682bea068a90b764577bdb78a60a4c1d1606daf9cd4c893832a37c7cc9d9026"},
    {file = "jiter-0.16.0-cp313-cp313-manylinux_2_31_riscv64.whl", hash = "sha256:8d031aabecc4f1b6276adfb42e3aabb77c89d468bf616600e8d3a11328929053"},
    {file = "jiter-0.16.0-cp313-cp313-manylinux_2_5_i686.manylinux1_i686.whl", hash = "sha256:eab2cd170150e70153de16896a1774e3a1dca80154c56b54d7a812c479a7165e"},
    {file = "jiter-0.16.0-cp313-cp313-musllinux_1_1_aarch64.whl", hash = "sha256:6edb63a46e65a82c26800a868e49b2cac30dd5a4218b88d74bc2c848c8ad60bb"},
    {file = "jiter-0.16.0-cp313-cp313-musllinux_1_1_x86_64.whl", hash = "sha256:659039cc50b5addcc35fcc87ae2c1833b7c0a8e5326ef631a75e4478447bcf84"},
    {file = "jiter-0.16.0-cp313-cp313-win32.whl", hash = "sha256:c9c53be232c2e206ef9cdbad81a48bfa74c3d3f08bcf8124630a8a748aad993e"},
    {file = "jiter-0.16.0-cp313-cp313-win_amd64.whl", hash = "sha256:baad945ed47f163ad833314f8e3288c396118934f94e7bbb9e243ce4b341a4fd"},
    {file = "jiter-0.16.0-cp313-cp313-win_arm64.whl", hash = "sha256:3c1fd2dbe1b0af19e987f03fe66c5f5bd105a2229c1aff4ab14890b24f41d21a"},
    {file = "jiter-0.16.0-cp314-cp314-macosx_10_12_x86_64.whl", hash = "sha256:b2c61484666ad42726029af0c00ef4541f0f3b5cdc550221f56c2343208018ee"},
    {file = "jiter-0.16.0-cp314-cp314-macosx_11_0_arm64.whl", hash = "sha256:63efadc657488f45db1c676d81e704cac2abf3fdb892def1faea61db053127e2"},
    {file = "jiter-0.16.0-cp314-cp314-manylinux_2_17_aarch64.manylinux2014_aarch64.whl", hash = "sha256:cf0d73f50e7b6935677854f6e8e31d499ca7064dd24734f703e060f5b237d883"},
    {file = "jiter-0.16.0-cp314-cp314-manylinux_2_17_armv7l.manylinux2014_armv7l.whl", hash = "sha256:bf3ea07d9bc8e7d03a9fbc051295462e6dbc295b894fd72457c3136e3e43d898"},
    {file = "jiter-0.16.0-cp314-cp314-manylinux_2_17_ppc64le.manylinux2014_ppc64le.whl", hash = "sha256:26798522707abb47d767db536e4148ceac1b14446bf028ee85e579a2e043cfe5"},
    {file = "jiter-0.16.0-cp314-cp314-manylinux_2_17_s390x.manylinux2014_s390x.whl", hash = "sha256:bc837c1b9631be10abfe0191537fe8009838204cec7e44827401ace390ddb567"},
    {file = "jiter-0.16.0-cp314-cp314-manylinux_2_17_x86_64.manylinux2014_x86_64.whl", hash = "sha256:49060fd70737fad59d33ba9dcc0d83247dc9e77187de26053a19c16c9f32bd69"},
    {file = "jiter-0.16.0-cp314-cp314-manylinux_2_31_riscv64.whl", hash = "sha256:adbb8edeadd431bc4477879d5d371ece7cb1334486584e0f252656dd7ffada29"},
    {file = "jiter-0.16.0-cp314-cp314-manylinux_2_5_i686.manylinux1_i686.whl", hash = "sha256:31aaee5b80f672c1dc21272bcfb9cbdcfc1ea04ff50f00ed5af500b80c44fa93"},
    {file = "jiter-0.16.0-cp314-cp314-musllinux_1_1_aarch64.whl", hash = "sha256:6722bcef4ffc86c835574b1b2fac6b33b9fb4a889c781e67950e891591f3c55a"},
    {file = "jiter-0.16.0-cp314-cp314-musllinux_1_1_x86_64.whl", hash = "sha256:5ab4f50ff971b611d656554ea10b75f80097392c827bc32923c6eeb6386c8b00"},
    {file = "jiter-0.16.0-cp314-cp314-pyemscripten_2026_0_wasm32.whl", hash = "sha256:710cc51d4ebdcd3c1f70b232c1db1ea1344a075770422bbd4bede5708335acbe"},
    {file = "jiter-0.16.0-cp314-cp314-win32.whl", hash = "sha256:57b37fc887a32d44798e4d8ebfa7c9683ff3da1d5bf38f08d1bb3573ccb39106"},
    {file = "jiter-0.16.0-cp314-cp314-win_amd64.whl", hash = "sha256:cbd18dd5e2df96b580487b5745adf57ef64ad89ba2d9662fc3c19386acce7db8"},
    {file = "jiter-0.16.0-cp314-cp314-win_arm64.whl", hash = "sha256:a32d2027a9fa67f109ff245a3252ece3ccc32cc56703e1deab6cc846a59e0585"},
    {file = "jiter-0.16.0-cp314-cp314t-macosx_11_0_arm64.whl", hash = "sha256:2577196f4474ef3fc4779a088a23b0897bbf86f9ea3679c372d45b8383b43207"},
    {file = "jiter-0.16.0-cp314-cp314t-manylinux_2_17_aarch64.manylinux2014_aarch64.whl", hash = "sha256:616e89e008a93c01104161c75b4988e58716b01d62307ebfe161e52a56d2a818"},
    {file = "jiter-0.16.0-cp314-cp314t-manylinux_2_17_armv7l.manylinux2014_armv7l.whl", hash = "sha256:0e2e9efbe042210df657bade597f66d6d75723e3d8f45a12ea6d8167ff8bbce3"},
    {file = "jiter-0.16.0-cp314-cp314t-manylinux_2_17_ppc64le.manylinux2014_ppc64le.whl", hash = "sha256:3f4d9e473a5ce7d27fef8b848df4dc16e283893d3f53b4a585e72c9595f3c284"},
    {file = "jiter-0.16.0-cp314-cp314t-manylinux_2_17_s390x.manylinux2014_s390x.whl", hash = "sha256:8d30a4a1c87713060c8d1cc59a7b6c8fb6b8ef0a6900368014c76c87922a2929"},
    {file = "jiter-0.16.0-cp314-cp314t-manylinux_2_17_x86_64.manylinux2014_x86_64.whl", hash = "sha256:bae96332410f866e5900d809298b1ed82735932986c672495f9701daacd80620"},
    {file = "jiter-0.16.0-cp314-cp314t-manylinux_2_31_riscv64.whl", hash = "sha256:da3d7ec75dc83bb18bca888b5edfae0656a26849056c59e05a7728badd17e7af"},
    {file = "jiter-0.16.0-cp314-cp314t-manylinux_2_5_i686.manylinux1_i686.whl", hash = "sha256:ee6162b77d49a9939229df666dfa8af3e656b6701b54c4c84966d740e189264e"},
    {file = "jiter-0.16.0-cp314-cp314t-musllinux_1_1_aarch64.whl", hash = "sha256:63ffdbdae7d4499f4cda14eadc12ddcabef0fc0c081191bdc2247489cb698077"},
    {file = "jiter-0.16.0-cp314-cp314t-musllinux_1_1_x86_64.whl", hash = "sha256:a111256a7193bea0759267b10385e5870949c239ed7b6ddbaaf57573edb38734"},
    {file = "jiter-0.16.0-cp314-cp314t-win32.whl", hash = "sha256:de5ba8763e56b793561f43bed197c9ea55776daa5e9a6b91eed68a909bc9cdbf"},
    {file = "jiter-0.16.0-cp314-cp314t-win_amd64.whl", hash = "sha256:b8a3f9a6008048fe9def7bf465180564a6e458047d2ce499149cfbe73c3ae9db"},
    {file = "jiter-0.16.0-cp314-cp314t-win_arm64.whl", hash = "sha256:0fa25b09b13075c46f5bc174f2690525a925a4fc2f7c82969a2bbabff22386ce"},
    {file = "jiter-0.16.0-cp39-cp39-macosx_10_12_x86_64.whl", hash = "sha256:d8f80521644426d451e70f00c7974240cab8f6ee088aedaa9af2697153ab7805"},
    {file = "jiter-0.16.0-cp39-cp39-macosx_11_0_arm64.whl", hash = "sha256:3b21b412b899fd8bd51a3046934b59a3bb068b79f70a5c6010053ac77cc53f0c"},
    {file = "jiter-0.16.0-cp39-cp39-manylinux_2_17_aarch64.manylinux2014_aarch64.whl", hash = "sha256:0758ab7747a984797cf048e8eedea1d8ef39d7994b25611daf5b48fc903e8873"},
    {file = "jiter-0.16.0-cp39-cp39-manylinux_2_17_armv7l.manylinux2014_armv7l.whl", hash = "sha256:9ec553a99b0987efd7a3645a1a825cf29c224e494db267a83369fcc8da9aeda5"},
    {file = "jiter-0.16.0-cp39-cp39-manylinux_2_17_ppc64le.manylinux2014_ppc64le.whl", hash = "sha256:f3bd327cdfa118bc1ce69c214c2678571d5bd39b8ccd0ebf43a54db00541ba9a"},
    {file = "jiter-0.16.0-cp39-cp39-manylinux_2_17_s390x.manylinux2014_s390x.whl", hash = "sha256:26d122613ada2b708eb714695446f40fce5bdf2edb4b02116dec62faa62dfab3"},
    {file = "jiter-0.16.0-cp39-cp39-manylinux_2_17_x86_64.manylinux2014_x86_64.whl", hash = "sha256:e03a5f21a5ce96a9441b8cb32719a8b88ed5388f53e0f339c5bcf54f1317f9d0"},
    {file = "jiter-0.16.0-cp39-cp39-manylinux_2_31_riscv64.whl", hash = "sha256:a5c54ef4ff776d9675837ef535b3308d6e31c208d43ebc44a0f7ab8a208c68f7"},
    {file = "jiter-0.16.0-cp39-cp39-manylinux_2_5_i686.manylinux1_i686.whl", hash = "sha256:b1e7923093a376d93c6eb507c77045ae258d689ba577392846a1b3f10d0b09a9"},
    {file = "jiter-0.16.0-cp39-cp39-musllinux_1_1_aarch64.whl", hash = "sha256:2a0d46ef67cc58d906a6132dd3040ca70ae4f0b0d7c9c052fe432c658a69b3f6"},
    {file = "jiter-0.16.0-cp39-cp39-musllinux_1_1_x86_64.whl", hash = "sha256:70a490b55634dc0d2606ce8a8e01b1d62459011beb368d15d76e1eaf62460e3d"},
    {file = "jiter-0.16.0-cp39-cp39-win32.whl", hash = "sha256:9acf1b2faec82d998811ecce7ae84d9005e53410773e9d37d61cdc424ba4581b"},
    {file = "jiter-0.16.0-cp39-cp39-win_amd64.whl", hash = "sha256:491e7d072a253b156fff46b78bceac4652a697aa8d7082c9c18c03d7b7917d24"},
    {file = "jiter-0.16.0-graalpy311-graalpy242_311_native-macosx_10_12_x86_64.whl", hash = "sha256:850ccb1d7eedb4200f4014b1c0e8a577de114fc3cd88faad646dcc9bc4bb12ad"},
    {file = "jiter-0.16.0-graalpy311-graalpy242_311_native-macosx_11_0_arm64.whl", hash = "sha256:e34e97bda77eb63242a410243c071e28ac7e0d8c0948c5ee658498690a4b2f2f"},
    {file = "jiter-0.16.0-graalpy311-graalpy242_311_native-manylinux_2_17_aarch64.manylinux2014_aarch64.whl", hash = "sha256:b7dc85ea77d4abbae8bad0d3538678aedee75bceec4e2f6c8dfb1c74772e5aa5"},
    {file = "jiter-0.16.0-graalpy311-graalpy242_311_native-manylinux_2_17_x86_64.manylinux2014_x86_64.whl", hash = "sha256:17ca7fae79f6d99cd9a042b75f917eaada7b895cfc7dd2ee3a16089dcaec7a85"},
    {file = "jiter-0.16.0-graalpy312-graalpy250_312_native-macosx_10_12_x86_64.whl", hash = "sha256:f17d61a28b4b3e0e3e2ba98490c70501403b4d196f78732439160e7fd3678127"},
    {file = "jiter-0.16.0-graalpy312-graalpy250_312_native-macosx_11_0_arm64.whl", hash = "sha256:96e38eea538c8ddf853a35727c7be0741c76c13f04148ac5c116222f50ece3b3"},
    {file = "jiter-0.16.0-graalpy312-graalpy250_312_native-manylinux_2_17_aarch64.manylinux2014_aarch64.whl", hash = "sha256:d284fb8d94d5855d60c44fefcab4bf966f1da6fada73992b01f6f0c9bc0c6702"},
    {file = "jiter-0.16.0-graalpy312-graalpy250_312_native-manylinux_2_17_x86_64.manylinux2014_x86_64.whl", hash = "sha256:64d613743df53199b1aa256a7d328340da6d7078aac7705a7db9d7a791e9cfd2"},
    {file = "jiter-0.16.0.tar.gz", hash = "sha256:7b24c3492c5f4f84a37946ad9cf504910cf6a782d6a4e0689b6673c5894b4a1c"},
]

[[package]]
name = "openai"
version = "2.44.0"
description = "The official Python library for the openai API"
optional = false
python-versions = ">=3.9"
groups = ["main"]
files = [
    {file = "openai-2.44.0-py3-none-any.whl", hash = "sha256:0a2a3ab2e29aeda368700f662ff9ba0f9df17ba4c54577a64e08b8115a3cc0ad"},
    {file = "openai-2.44.0.tar.gz", hash = "sha256:68a5a5ffad82b8ff7d451c437529fb64f7c3b8123aaf0c021966a882d9e3947d"},
]

[package.dependencies]
anyio = ">=3.5.0,<5"
distro = ">=1.7.0,<2"
httpx = ">=0.23.0,<1"
jiter = ">=0.10.0,<1"
pydantic = ">=1.9.0,<3"
sniffio = "*"
tqdm = ">4"
typing-extensions = ">=4.14,<5"

[package.extras]
aiohttp = ["aiohttp", "httpx-aiohttp (>=0.1.9)"]
bedrock = ["botocore (>=1.40.0,<1.43) ; python_version < \"3.10\"", "botocore (>=1.40.0,<2) ; python_version >= \"3.10\""]
datalib = ["numpy (>=1)", "pandas (>=1.2.3)", "pandas-stubs (>=1.1.0.11)"]
realtime = ["websockets (>=13,<16)"]
voice-helpers = ["numpy (>=2.0.2)", "sounddevice (>=0.5.1)"]

[[package]]
name = "pydantic"
version = "2.13.4"
description = "Data validation using Python type hints"
optional = false
python-versions = ">=3.9"
groups = ["main"]
files = [
    {file = "pydantic-2.13.4-py3-none-any.whl", hash = "sha256:45a282cde31d808236fd7ea9d919b128653c8b38b393d1c4ab335c62924d9aba"},
    {file = "pydantic-2.13.4.tar.gz", hash = "sha256:c40756b57adaa8b1efeeced5c196f3f3b7c435f90e84ea7f443901bec8099ef6"},
]

[package.dependencies]
annotated-types = ">=0.6.0"
pydantic-core = "2.46.4"
typing-extensions = ">=4.14.1"
typing-inspection = ">=0.4.2"

[package.extras]
email = ["email-validator (>=2.0.0)"]
timezone = ["tzdata ; python_version >= \"3.9\" and platform_system == \"Windows\""]

[[package]]
name = "pydantic-core"
version = "2.46.4"
description = "Core functionality for Pydantic validation and serialization"
optional = false
python-versions = ">=3.9"
groups = ["main"]
files = [
    {file = "pydantic_core-2.46.4-cp310-cp310-macosx_10_12_x86_64.whl", hash = "sha256:a396dcc17e5a0b164dbe026896245a4fa9ff402edca1dff0be3d53a517f74de4"},
    {file = "pydantic_core-2.46.4-cp310-cp310-macosx_11_0_arm64.whl", hash = "sha256:da4b951fe36dc7c3a1ccb4e3cd1747c3542b8c9ceede8fc86cae054e764485f5"},
    {file = "pydantic_core-2.46.4-cp310-cp310-manylinux_2_17_aarch64.manylinux2014_aarch64.whl", hash = "sha256:bb63e0198ca18aad131c089b9204c23079c3afa95487e561f4c522d519e55aba"},
    {file = "pydantic_core-2.46.4-cp310-cp310-manylinux_2_17_armv7l.manylinux2014_armv7l.whl", hash = "sha256:f47286a97f0bc9b8859519809077b91b2cefe4ae47fcbf5e466a009c1c5d742b"},
    {file = "pydantic_core-2.46.4-cp310-cp310-manylinux_2_17_ppc64le.manylinux2014_ppc64le.whl", hash = "sha256:905a0ed8ea6f2d61c1738835f99b699348d7857379083e5fc497fa0c967a407c"},
    {file = "pydantic_core-2.46.4-cp310-cp310-manylinux_2_17_s390x.manylinux2014_s390x.whl", hash = "sha256:ea793e075b70290d89d8142074262885d3f7da19634845135751bd6344f73b50"},
    {file = "pydantic_core-2.46.4-cp310-cp310-manylinux_2_17_x86_64.manylinux2014_x86_64.whl", hash = "sha256:395aebd9183f9d112f569aeb5b2214d1a10a33bec8456447f7fbdfa51d38d4cd"},
    {file = "pydantic_core-2.46.4-cp310-cp310-manylinux_2_31_riscv64.whl", hash = "sha256:b078afbc25f3a1436c7a1d2cd3e322497ee99615ba97c563566fdf46aff1ee01"},
    {file = "pydantic_core-2.46.4-cp310-cp310-manylinux_2_5_i686.manylinux1_i686.whl", hash = "sha256:f747929cf940cddb5b3668a390056ddd5ba2e5010615ea2dcf4f9c4f3ab8791d"},
    {file = "pydantic_core-2.46.4-cp310-cp310-musllinux_1_1_aarch64.whl", hash = "sha256:daa27d92c36f24388fe3ad306b174781c747627f134452e4f128ea00ce1fe8c4"},
    {file = "pydantic_core-2.46.4-cp310-cp310-musllinux_1_1_armv7l.whl", hash = "sha256:19e51f073cd3df251856a8a4189fbdf1de4012c3ebacfb1884f94f1eb406079f"},
    {file = "pydantic_core-2.46.4-cp310-cp310-musllinux_1_1_x86_64.whl", hash = "sha256:c1747f85cee84c26985853c6f3d9bd3e75da5212912443fa111c113b9c246f39"},
    {file = "pydantic_core-2.46.4-cp310-cp310-win32.whl", hash = "sha256:2f84c03c8607173d16b5a854ec68a2f9079ae03237a54fb506d13af47e1d018d"},
    {file = "pydantic_core-2.46.4-cp310-cp310-win_amd64.whl", hash = "sha256:8358a950c8909158e3df31538a7e4edc2d7265a7c54b47f0864d9e5bae9dcebf"},
    {file = "pydantic_core-2.46.4-cp311-cp311-macosx_10_12_x86_64.whl", hash = "sha256:0e96592440881c74a213e5ad528e2b24d3d4f940de2766bed9010ab1d9e51594"},
    {file = "pydantic_core-2.46.4-cp311-cp311-macosx_11_0_arm64.whl", hash = "sha256:e0d65b8c354be7fb5f720c3caa8bc940bc2d20ce749c8e06135f07f8ed95dd7c"},
    {file = "pydantic_core-2.46.4-cp311-cp311-manylinux_2_17_aarch64.manylinux2014_aarch64.whl", hash = "sha256:7bfb192b3f4b9e8a89b6277b6ce787564f62cfd272055f6e685726b111dc7826"},
    {file = "pydantic_core-2.46.4-cp311-cp311-manylinux_2_17_armv7l.manylinux2014_armv7l.whl", hash = "sha256:9037063db01f09b09e237c282b6792bd4da634b5402c4e7f0c61effed7701a04"},
    {file = "pydantic_core-2.46.4-cp311-cp311-manylinux_2_17_ppc64le.manylinux2014_ppc64le.whl", hash = "sha256:fc010ab034c8c7452522748bf937df58020d256ccae0874463d1f4d01758af8e"},
    {file = "pydantic_core-2.46.4-cp311-cp311-manylinux_2_17_s390x.manylinux2014_s390x.whl", hash = "sha256:8c5dac79fa1614d1e06ca695109c6105923bd9c7d1d6c918d4e637b7e6b32fd3"},
    {file = "pydantic_core-2.46.4-cp311-cp311-manylinux_2_17_x86_64.manylinux2014_x86_64.whl", hash = "sha256:f9fa868638bf362d3d138ea55829cefb3d5f4b0d7f142234382a15e2485dbec4"},
    {file = "pydantic_core-2.46.4-cp311-cp311-manylinux_2_31_riscv64.whl", hash = "sha256:17299feefe090f2caa5b8e37222bb5f663e4935a8bfa6931d4102e5df1a9f398"},
    {file = "pydantic_core-2.46.4-cp311-cp311-manylinux_2_5_i686.manylinux1_i686.whl", hash = "sha256:4c63ebc82684aa89d9a3bcbd13d515b3be44250dc68dd3bd81526c1cb31286c3"},
    {file = "pydantic_core-2.46.4-cp311-cp311-musllinux_1_1_aarch64.whl", hash = "sha256:aaa2a54443eff1950ba5ddc6b6ccda0d9c84a364276a62f969bdf2a390650848"},
    {file = "pydantic_core-2.46.4-cp311-cp311-musllinux_1_1_armv7l.whl", hash = "sha256:18e5ceec2ab67e6d5f1a9085e5a24c9c4e2ac4545730bfe668680bca05e555f3"},
    {file = "pydantic_core-2.46.4-cp311-cp311-musllinux_1_1_x86_64.whl", hash = "sha256:a0f62d0a58f4e7da165457e995725421e0064f2255d8eccebc49f41bbc23b109"},
    {file = "pydantic_core-2.46.4-cp311-cp311-win32.whl", hash = "sha256:041bde0a48fd37cf71cab1c9d56d3e8625a3793fef1f7dd232b3ff37e978ecda"},
    {file = "pydantic_core-2.46.4-cp311-cp311-win_amd64.whl", hash = "sha256:6f2eeda33a839975441c86a4119e1383c50b47faf0cbb5176985565c6bb02c33"},
    {file = "pydantic_core-2.46.4-cp311-cp311-win_arm64.whl", hash = "sha256:14f4c5d6db102bd796a627bbb3a17b4cf4574b9ae861d8b7c9a9661c6dd3362d"},
    {file = "pydantic_core-2.46.4-cp312-cp312-macosx_10_12_x86_64.whl", hash = "sha256:3245406455a5d98187ec35530fd772b1d799b26667980872c8d4614991e2c4a2"},
    {file = "pydantic_core-2.46.4-cp312-cp312-macosx_11_0_arm64.whl", hash = "sha256:962ccbab7b642487b1d8b7df90ef677e03134cf1fd8880bf698649b22a69371f"},
    {file = "pydantic_core-2.46.4-cp312-cp312-manylinux_2_17_aarch64.manylinux2014_aarch64.whl", hash = "sha256:8233f2947cf85404441fd7e0085f53b10c93e0ee78611099b5c7237e36aacbf7"},
    {file = "pydantic_core-2.46.4-cp312-cp312-manylinux_2_17_armv7l.manylinux2014_armv7l.whl", hash = "sha256:3a233125ac121aa3ffba9a2b59edfc4a985a76092dc8279586ab4b71390875e7"},
    {file = "pydantic_core-2.46.4-cp312-cp312-manylinux_2_17_ppc64le.manylinux2014_ppc64le.whl", hash = "sha256:5b712b53160b79a5850310b912a5ef8e57e56947c8ad690c227f5c9d7e561712"},
    {file = "pydantic_core-2.46.4-cp312-cp312-manylinux_2_17_s390x.manylinux2014_s390x.whl", hash = "sha256:9401557acd873c3a7f3eb9383edef8ac4968f9510e340f4808d427e75667e7b4"},
    {file = "pydantic_core-2.46.4-cp312-cp312-manylinux_2_17_x86_64.manylinux2014_x86_64.whl", hash = "sha256:926c9541b14b12b1681dca8a0b75feb510b06c6341b70a8e500c2fdcff837cce"},
    {file = "pydantic_core-2.46.4-cp312-cp312-manylinux_2_31_riscv64.whl", hash = "sha256:56cb4851bcaf3d117eddcef4fe66afd750a50274b0da8e22be256d10e5611987"},
    {file = "pydantic_core-2.46.4-cp312-cp312-manylinux_2_5_i686.manylinux1_i686.whl", hash = "sha256:c68fcd102d71ea85c5b2dfac3f4f8476eff42a9e078fd5faefff6d145063536b"},
    {file = "pydantic_core-2.46.4-cp312-cp312-musllinux_1_1_aarch64.whl", hash = "sha256:b2f69dec1725e79a012d920df1707de5caf7ed5e08f3be4435e25803efc47458"},
    {file = "pydantic_core-2.46.4-cp312-cp312-musllinux_1_1_armv7l.whl", hash = "sha256:8d0820e8192167f80d88d64038e609c31452eeca865b4e1d9950a27a4609b00b"},
    {file = "pydantic_core-2.46.4-cp312-cp312-musllinux_1_1_x86_64.whl", hash = "sha256:fbdb89b3e1c94a30cc5edfce477c6e6a5dc4d8f84665b455c27582f211a1c72c"},
    {file = "pydantic_core-2.46.4-cp312-cp312-win32.whl", hash = "sha256:9aa768456404a8bf48a4406685ac2bec8e72b62c69313734fa3b73cf33b3a894"},
    {file = "pydantic_core-2.46.4-cp312-cp312-win_amd64.whl", hash = "sha256:e9c26f834c65f5752f3f06cb08cb86a913ceb7274d0db6e267808a708b46bc89"},
    {file = "pydantic_core-2.46.4-cp312-cp312-win_arm64.whl", hash = "sha256:4fc73cb559bdb54b1134a706a2802a4cddd27a0633f5abb7e53056268751ac6a"},
    {file = "pydantic_core-2.46.4-cp313-cp313-macosx_10_12_x86_64.whl", hash = "sha256:5d5902252db0d3cedf8d4a1bc68f70eeb430f7e4c7104c8c476753519b423008"},
    {file = "pydantic_core-2.46.4-cp313-cp313-macosx_11_0_arm64.whl", hash = "sha256:c94f0688e7b8d0a67abf40e57a7eaaecd17cc9586706a31b76c031f63df052b4"},
    {file = "pydantic_core-2.46.4-cp313-cp313-manylinux_2_17_aarch64.manylinux2014_aarch64.whl", hash = "sha256:f027324c56cd5406ca49c124b0db10e56c69064fec039acc571c29020cc87c76"},
    {file = "pydantic_core-2.46.4-cp313-cp313-manylinux_2_17_armv7l.manylinux2014_armv7l.whl", hash = "sha256:e739fee756ba1010f8bcccb534252e85a35fe45ae92c295a06059ce58b74ccd3"},
    {file = "pydantic_core-2.46.4-cp313-cp313-manylinux_2_17_ppc64le.manylinux2014_ppc64le.whl", hash = "sha256:9d56801be94b86a9da183e5f3766e6310752b99ff647e38b09a9500d88e46e76"},
    {file = "pydantic_core-2.46.4-cp313-cp313-manylinux_2_17_s390x.manylinux2014_s390x.whl", hash = "sha256:2412e734dcb48da14d4e4006b82b46b74f2518b8a26ee7e58c6844a6cd6d03c4"},
    {file = "pydantic_core-2.46.4-cp313-cp313-manylinux_2_17_x86_64.manylinux2014_x86_64.whl", hash = "sha256:9551187363ffc0de2a00b2e47c25aeaeb1020b69b668762966df15fc5659dd5a"},
    {file = "pydantic_core-2.46.4-cp313-cp313-manylinux_2_31_riscv64.whl", hash = "sha256:0186750b482eefa11d7f435892b09c5c606193ef3375bcf94aa00ae6bfb66262"},
    {file = "pydantic_core-2.46.4-cp313-cp313-manylinux_2_5_i686.manylinux1_i686.whl", hash = "sha256:5855698a4856556d86e8e6cd8434bc3ac0314ee8e12089ae0e143f64c6256e4e"},
    {file = "pydantic_core-2.46.4-cp313-cp313-musllinux_1_1_aarch64.whl", hash = "sha256:cbaf13819775b7f769bf4a1f066cb6df7a28d4480081a589828ef190226881cd"},
    {file = "pydantic_core-2.46.4-cp313-cp313-musllinux_1_1_armv7l.whl", hash = "sha256:633147d34cf4550417f12e2b1a0383973bdf5cdfde212cb09e9a581cf10820be"},
    {file = "pydantic_core-2.46.4-cp313-cp313-musllinux_1_1_x86_64.whl", hash = "sha256:82cf5301172168103724d49a1444d3378cb20cdee30b116a1bd6031236298a5d"},
    {file = "pydantic_core-2.46.4-cp313-cp313-win32.whl", hash = "sha256:9fa8ae11da9e2b3126c6426f147e0fba88d96d65921799bb30c6abd1cb2c97fb"},
    {file = "pydantic_core-2.46.4-cp313-cp313-win_amd64.whl", hash = "sha256:6b3ace8194b0e5204818c92802dcdca7fc6d88aabbb799d7c795540d9cd6d292"},
    {file = "pydantic_core-2.46.4-cp313-cp313-win_arm64.whl", hash = "sha256:184c081504d17f1c1066e430e117142b2c77d9448a97f7b65c6ac9fd9aee238d"},
    {file = "pydantic_core-2.46.4-cp314-cp314-macosx_10_12_x86_64.whl", hash = "sha256:428e04521a40150c85216fc8b85e8d39fece235a9cf5e383761238c7fa9b96fb"},
    {file = "pydantic_core-2.46.4-cp314-cp314-macosx_11_0_arm64.whl", hash = "sha256:23ace664830ee0bfe014a0c7bc248b1f7f25ed7ad103852c317624a1083af462"},
    {file = "pydantic_core-2.46.4-cp314-cp314-manylinux_2_17_aarch64.manylinux2014_aarch64.whl", hash = "sha256:ce5c1d2a8b27468f433ca974829c44060b8097eedc39933e3c206a90ee49c4a9"},
    {file = "pydantic_core-2.46.4-cp314-cp314-manylinux_2_17_armv7l.manylinux2014_armv7l.whl", hash = "sha256:7283d57845ecf5a163403eb0702dfc220cc4fbdd18919cb5ccea4f95ee1cdab4"},
    {file = "pydantic_core-2.46.4-cp314-cp314-manylinux_2_17_ppc64le.manylinux2014_ppc64le.whl", hash = "sha256:8daafc69c93ee8a0204506a3b6b30f586ef54028f52aeeeb5c4cfc5184fd5914"},
    {file = "pydantic_core-2.46.4-cp314-cp314-manylinux_2_17_s390x.manylinux2014_s390x.whl", hash = "sha256:cd2213145bcc2ba85884d0ac63d222fece9209678f77b9b4d76f054c561adb28"},
    {file = "pydantic_core-2.46.4-cp314-cp314-manylinux_2_17_x86_64.manylinux2014_x86_64.whl", hash = "sha256:7a5f930472650a82629163023e630d160863fce524c616f4e5186e5de9d9a49b"},
    {file = "pydantic_core-2.46.4-cp314-cp314-manylinux_2_31_riscv64.whl", hash = "sha256:c1b3f518abeca3aa13c712fd202306e145abf59a18b094a6bafb2d2bbf59192c"},
    {file = "pydantic_core-2.46.4-cp314-cp314-manylinux_2_5_i686.manylinux1_i686.whl", hash = "sha256:1a7dd0b3ee80d90150e3495a3a13ac34dbcbfd4f012996a6a1d8900e91b5c0fb"},
    {file = "pydantic_core-2.46.4-cp314-cp314-musllinux_1_1_aarch64.whl", hash = "sha256:3fb702cd90b0446a3a1c5e470bfa0dd23c0233b676a9099ddcc964fa6ca13898"},
    {file = "pydantic_core-2.46.4-cp314-cp314-musllinux_1_1_armv7l.whl", hash = "sha256:b8458003118a712e66286df6a707db01c52c0f52f7db8e4a38f0da1d3b94fc4e"},
    {file = "pydantic_core-2.46.4-cp314-cp314-musllinux_1_1_x86_64.whl", hash = "sha256:372429a130e469c9cd698925ce5fc50940b7a1336b0d82038e63d5bbc4edc519"},
    {file = "pydantic_core-2.46.4-cp314-cp314-win32.whl", hash = "sha256:85bb3611ff1802f3ee7fdd7dbff26b56f343fb432d57a4728fdd49b6ef35e2f4"},
    {file = "pydantic_core-2.46.4-cp314-cp314-win_amd64.whl", hash = "sha256:811ff8e9c313ab425368bcbb36e5c4ebd7108c2bbf4e4089cfbb0b01eff63fac"},
    {file = "pydantic_core-2.46.4-cp314-cp314-win_arm64.whl", hash = "sha256:bfec22eab3c8cc2ceec0248aec886624116dc079afa027ecc8ad4a7e62010f8a"},
    {file = "pydantic_core-2.46.4-cp314-cp314t-macosx_10_12_x86_64.whl", hash = "sha256:af8244b2bef6aaad6d92cda81372de7f8c8d36c9f0c3ea36e827c60e7d9467a0"},
    {file = "pydantic_core-2.46.4-cp314-cp314t-macosx_11_0_arm64.whl", hash = "sha256:5a4330cdbc57162e4b3aa303f588ba752257694c9c9be3e7ebb11b4aca659b5d"},
    {file = "pydantic_core-2.46.4-cp314-cp314t-manylinux_2_17_aarch64.manylinux2014_aarch64.whl", hash = "sha256:29c61fc04a3d840155ff08e475a04809278972fe6aef51e2720554e96367e34b"},
    {file = "pydantic_core-2.46.4-cp314-cp314t-manylinux_2_17_armv7l.manylinux2014_armv7l.whl", hash = "sha256:c50f2528cf200c5eed56faf3f4e22fcd5f38c157a8b78576e6ba3168ec35f000"},
    {file = "pydantic_core-2.46.4-cp314-cp314t-manylinux_2_17_ppc64le.manylinux2014_ppc64le.whl", hash = "sha256:0cbe8b01f948de4286c74cdd6c667aceb38f5c1e26f0693b3983d9d74887c65e"},
    {file = "pydantic_core-2.46.4-cp314-cp314t-manylinux_2_17_s390x.manylinux2014_s390x.whl", hash = "sha256:617d7e2ca7dcb8c5cf6bcb8c59b8832c94b36196bbf1cbd1bfb56ed341905edd"},
    {file = "pydantic_core-2.46.4-cp314-cp314t-manylinux_2_17_x86_64.manylinux2014_x86_64.whl", hash = "sha256:7027560ee92211647d0d34e3f7cd6f50da56399d26a9c8ad0da286d3869a53f3"},
    {file = "pydantic_core-2.46.4-cp314-cp314t-manylinux_2_31_riscv64.whl", hash = "sha256:f99626688942fb746e545232e7726926f3be91b5975f8b55327665fafda991c7"},
    {file = "pydantic_core-2.46.4-cp314-cp314t-manylinux_2_5_i686.manylinux1_i686.whl", hash = "sha256:fc3e9034a63de20e15e8ade85358bc6efc614008cab72898b4b4952bea0509ff"},
    {file = "pydantic_core-2.46.4-cp314-cp314t-musllinux_1_1_aarch64.whl", hash = "sha256:97e7cf2be5c77b7d1a9713a05605d49460d02c6078d38d8bef3cbe323c548424"},
    {file = "pydantic_core-2.46.4-cp314-cp314t-musllinux_1_1_armv7l.whl", hash = "sha256:3bf92c5d0e00fefaab325a4d27828fe6b6e2a21848686b5b60d2d9eeb09d76c6"},
    {file = "pydantic_core-2.46.4-cp314-cp314t-musllinux_1_1_x86_64.whl", hash = "sha256:3ecbc122d18468d06ca279dc26a8c2e2d5acb10943bb35e36ae92096dc3b5565"},
    {file = "pydantic_core-2.46.4-cp314-cp314t-win32.whl", hash = "sha256:e846ae7835bf0703ae43f534ab79a867146dadd59dc9ca5c8b53d5c8f7c9ef02"},
    {file = "pydantic_core-2.46.4-cp314-cp314t-win_amd64.whl", hash = "sha256:2108ba5c1c1eca18030634489dc544844144ee36357f2f9f780b93e7ddbb44b5"},
    {file = "pydantic_core-2.46.4-cp314-cp314t-win_arm64.whl", hash = "sha256:4fcbe087dbc2068af7eda3aa87634eba216dbda64d1ae73c8684b621d33f6596"},
    {file = "pydantic_core-2.46.4-cp39-cp39-macosx_10_12_x86_64.whl", hash = "sha256:fd8b3d9fd264be37976686c7f65cd52a83f5e84f4bfd2adf9c1d469676bbb6ae"},
    {file = "pydantic_core-2.46.4-cp39-cp39-macosx_11_0_arm64.whl", hash = "sha256:9f444c499b3eefd3a92e348059471ea0c3a6e303d9c1cec09fa748fd9f895201"},
    {file = "pydantic_core-2.46.4-cp39-cp39-manylinux_2_17_aarch64.manylinux2014_aarch64.whl", hash = "sha256:3447661d99f75a3683a4cf5c87da72f2161964611864dbbeac7fbb118bb4bfc0"},
    {file = "pydantic_core-2.46.4-cp39-cp39-manylinux_2_17_armv7l.manylinux2014_armv7l.whl", hash = "sha256:8b9bab013d1c7a79d3501ff86d0bc9c31bf587db4551677b96bec07df78c6b15"},
    {file = "pydantic_core-2.46.4-cp39-cp39-manylinux_2_17_ppc64le.manylinux2014_ppc64le.whl", hash = "sha256:d995260fdf4e1db774581b4900e0f832abe3c7c84996726bbc161b19c8f29e76"},
    {file = "pydantic_core-2.46.4-cp39-cp39-manylinux_2_17_s390x.manylinux2014_s390x.whl", hash = "sha256:f13a646d65d09fbf1bc6b3a9635d30095c8e7e5cc419ff35ecc563c5fd04cd49"},
    {file = "pydantic_core-2.46.4-cp39-cp39-manylinux_2_17_x86_64.manylinux2014_x86_64.whl", hash = "sha256:432c179df7874eeb73307aad2df0755e1ae0efa61ff0ea89b93e194411ae3928"},
    {file = "pydantic_core-2.46.4-cp39-cp39-manylinux_2_31_riscv64.whl", hash = "sha256:e68b7a074f65a2fd746c52a7ce6142ab7006074ac269ace0c25cd8ba171f8066"},
    {file = "pydantic_core-2.46.4-cp39-cp39-manylinux_2_5_i686.manylinux1_i686.whl", hash = "sha256:4a05d69cba51d852c5c3e92758653245a50c0b646ced0cf05bd793ed592839d6"},
    {file = "pydantic_core-2.46.4-cp39-cp39-musllinux_1_1_aarch64.whl", hash = "sha256:228ee9bae8bef5b1e97ec58302f80357c37199e0d0a99174e138d28e6957b9d9"},
    {file = "pydantic_core-2.46.4-cp39-cp39-musllinux_1_1_armv7l.whl", hash = "sha256:10e17cbb10a330363733efc4d7c4d0dd827ac0909b8f6a6542298fed1ea62f29"},
    {file = "pydantic_core-2.46.4-cp39-cp39-musllinux_1_1_x86_64.whl", hash = "sha256:91a06d2e259ecfbd8c901d70c3c507900458498142b3026a296b7de4d1322cc9"},
    {file = "pydantic_core-2.46.4-cp39-cp39-win32.whl", hash = "sha256:d80ee3d731373b24cebbc10d689ca4ee1875caf0d5703a245db18efd4dd37fc1"},
    {file = "pydantic_core-2.46.4-cp39-cp39-win_amd64.whl", hash = "sha256:3be77f45df024d789a672ae34f8b06fb346c4f9f46ea714956660ea4862e89ac"},
    {file = "pydantic_core-2.46.4-graalpy311-graalpy242_311_native-macosx_10_12_x86_64.whl", hash = "sha256:14d4edf427bdcf950a8a02d7cb44a08614388dd6e1bdcbf4f67504fa7887da9c"},
    {file = "pydantic_core-2.46.4-graalpy311-graalpy242_311_native-macosx_11_0_arm64.whl", hash = "sha256:0ce40cd7b21210e99342afafbd4d0f76d784eb5b1d60f3bdc566be4983c6c73b"},
    {file = "pydantic_core-2.46.4-graalpy311-graalpy242_311_native-manylinux_2_17_aarch64.manylinux2014_aarch64.whl", hash = "sha256:90884113d8b48f760e9587002789ddd741e76ab9f89518cd1e43b1f1a52ec44b"},
    {file = "pydantic_core-2.46.4-graalpy311-graalpy242_311_native-manylinux_2_17_x86_64.manylinux2014_x86_64.whl", hash = "sha256:66ce7632c22d837c95301830e111ad0128a32b8207533b60896a96c4915192ea"},
    {file = "pydantic_core-2.46.4-graalpy312-graalpy250_312_native-macosx_10_12_x86_64.whl", hash = "sha256:1d8ba486450b14f3b1d63bc521d410ec7565e52f887b9fb671791886436a42f7"},
    {file = "pydantic_core-2.46.4-graalpy312-graalpy250_312_native-macosx_11_0_arm64.whl", hash = "sha256:3009f12e4e90b7f88b4f9adb1b0c4a3d58fe7820f3238c190047209d148026df"},
    {file = "pydantic_core-2.46.4-graalpy312-graalpy250_312_native-manylinux_2_17_aarch64.manylinux2014_aarch64.whl", hash = "sha256:ad785e92e6dc634c21555edc8bd6b64957ab844541bcb96a1366c202951ae526"},
    {file = "pydantic_core-2.46.4-graalpy312-graalpy250_312_native-manylinux_2_17_x86_64.manylinux2014_x86_64.whl", hash = "sha256:00c603d540afdd6b80eb39f078f33ebd46211f02f33e34a32d9f053bba711de0"},
    {file = "pydantic_core-2.46.4-pp311-pypy311_pp73-macosx_10_12_x86_64.whl", hash = "sha256:0c563b08bca408dc7f65f700633d8442fffb2421fc47b8101377e9fd65051ff0"},
    {file = "pydantic_core-2.46.4-pp311-pypy311_pp73-macosx_11_0_arm64.whl", hash = "sha256:db06ffe51636ffe9ca531fe9023dd64bdd794be8754cb5df57c5498ae5b518a7"},
    {file = "pydantic_core-2.46.4-pp311-pypy311_pp73-manylinux_2_17_x86_64.manylinux2014_x86_64.whl", hash = "sha256:133878133d271ade3d41d1bfb2a45ec38dbdbda40bc065921c6b04e4630127e2"},
    {file = "pydantic_core-2.46.4-pp311-pypy311_pp73-manylinux_2_5_i686.manylinux1_i686.whl", hash = "sha256:9bc519fbf2b7578398853d815009ae5e4d4603d12f4e3f91da8c06852d3da3e9"},
    {file = "pydantic_core-2.46.4-pp311-pypy311_pp73-musllinux_1_1_aarch64.whl", hash = "sha256:c7a7bd4e39e8e4c12c39cd480356842b6a8a06e41b23a55a5e3e191718838ddf"},
    {file = "pydantic_core-2.46.4-pp311-pypy311_pp73-musllinux_1_1_armv7l.whl", hash = "sha256:d396ec2b979760aaf3218e76c24e65bd0aca24983298653b3a9d7a45f9e47b30"},
    {file = "pydantic_core-2.46.4-pp311-pypy311_pp73-musllinux_1_1_x86_64.whl", hash = "sha256:86e1a4418c6cd97d60c95c71164158eaf7324fae7b0923264016baa993eba6fc"},
    {file = "pydantic_core-2.46.4-pp311-pypy311_pp73-win_amd64.whl", hash = "sha256:d51026d73fcfd93610abc7b27789c26b313920fcfb20e27462d74a7f8b06e983"},
    {file = "pydantic_core-2.46.4.tar.gz", hash = "sha256:62f875393d7f270851f20523dd2e29f082bcc82292d66db2b64ea71f64b6e1c1"},
]

[package.dependencies]
typing-extensions = ">=4.14.1"

[[package]]
name = "sniffio"
version = "1.3.1"
description = "Sniff out which async library your code is running under"
optional = false
python-versions = ">=3.7"
groups = ["main"]
files = [
    {file = "sniffio-1.3.1-py3-none-any.whl", hash = "sha256:2f6da418d1f1e0fddd844478f41680e794e6051915791a034ff65e5f100525a2"},
    {file = "sniffio-1.3.1.tar.gz", hash = "sha256:f4324edc670a0f49750a81b895f35c3adb843cca46f0530f79fc1babb23789dc"},
]

[[package]]
name = "tqdm"
version = "4.68.4"
description = "Fast, Extensible Progress Meter"
optional = false
python-versions = ">=3.8"
groups = ["main"]
files = [
    {file = "tqdm-4.68.4-py3-none-any.whl", hash = "sha256:5168118b2368f48c561afda8020fd79195b1bdb0bdf8086b88442c267a315dc2"},
    {file = "tqdm-4.68.4.tar.gz", hash = "sha256:19829c9673638f2a0b8617da4cdcb927e831cd88bcfcb6e78d42a4d1af131520"},
]

[package.dependencies]
colorama = {version = "*", markers = "platform_system == \"Windows\""}

[package.extras]
discord = ["envwrap", "requests"]
notebook = ["ipywidgets (>=6)"]
slack = ["envwrap", "slack-sdk"]
telegram = ["envwrap", "requests"]

[[package]]
name = "typing-extensions"
version = "4.16.0"
description = "Backported and Experimental Type Hints for Python 3.9+"
optional = false
python-versions = ">=3.9"
groups = ["main"]
files = [
    {file = "typing_extensions-4.16.0-py3-none-any.whl", hash = "sha256:481caa481374e813c1b176ada14e97f1f67a4539ce9cfeb3f350d78d6370c2e8"},
    {file = "typing_extensions-4.16.0.tar.gz", hash = "sha256:dc983d19a509c94dba722ee6abd33940f7c05a89e243c47e907eb4db6f1a43e5"},
]

[[package]]
name = "typing-inspection"
version = "0.4.2"
description = "Runtime typing introspection tools"
optional = false
python-versions = ">=3.9"
groups = ["main"]
files = [
    {file = "typing_inspection-0.4.2-py3-none-any.whl", hash = "sha256:4ed1cacbdc298c220f1bd249ed5287caa16f34d44ef4e9c3d0cbad5b521545e7"},
    {file = "typing_inspection-0.4.2.tar.gz", hash = "sha256:ba561c48a67c5958007083d386c3295464928b01faa735ab8547c5692e87f464"},
]

[package.dependencies]
typing-extensions = ">=4.12.0"

[metadata]
lock-version = "2.1"
python-versions = ">=3.10,<3.13"
content-hash = "547f9399477ef02247ec5634a803086528f563f298609ce925b44742c64a843b"
