# This file is automatically @generated by Poetry 1.8.5 and should not be changed by hand.

[[package]]
name = "attrs"
version = "25.4.0"
description = "Classes Without Boilerplate"
optional = false
python-versions = ">=3.9"
files = [
    {file = "attrs-25.4.0-py3-none-any.whl", hash = "sha256:adcf7e2a1fb3b36ac48d97835bb6d8ade15b8dcce26aba8bf1d14847b57a3373"},
    {file = "attrs-25.4.0.tar.gz", hash = "sha256:16d5969b87f0859ef33a48b35d55ac1be6e42ae49d5e853b597db70c35c57e11"},
]

[[package]]
name = "colorama"
version = "0.4.6"
description = "Cross-platform colored terminal text."
optional = false
python-versions = "!=3.0.*,!=3.1.*,!=3.2.*,!=3.3.*,!=3.4.*,!=3.5.*,!=3.6.*,>=2.7"
files = [
    {file = "colorama-0.4.6-py2.py3-none-any.whl", hash = "sha256:4f1d9991f5acc0ca119f9d443620b77f9d6b33703e51011c16baf57afb285fc6"},
    {file = "colorama-0.4.6.tar.gz", hash = "sha256:08695f5cb7ed6e0531a20572697297273c47b8cae5a63ffc6d6ed5c201be6e44"},
]

[[package]]
name = "exceptiongroup"
version = "1.3.0"
description = "Backport of PEP 654 (exception groups)"
optional = false
python-versions = ">=3.7"
files = [
    {file = "exceptiongroup-1.3.0-py3-none-any.whl", hash = "sha256:4d111e6e0c13d0644cad6ddaa7ed0261a0b36971f6d23e7ec9b4b9097da78a10"},
    {file = "exceptiongroup-1.3.0.tar.gz", hash = "sha256:b241f5885f560bc56a59ee63ca4c6a8bfa46ae4ad651af316d4e81817bb9fd88"},
]

[package.dependencies]
typing-extensions = {version = ">=4.6.0", markers = "python_version < \"3.13\""}

[package.extras]
test = ["pytest (>=6)"]

[[package]]
name = "execnet"
version = "2.1.1"
description = "execnet: rapid multi-Python deployment"
optional = false
python-versions = ">=3.8"
files = [
    {file = "execnet-2.1.1-py3-none-any.whl", hash = "sha256:26dee51f1b80cebd6d0ca8e74dd8745419761d3bef34163928cbebbdc4749fdc"},
    {file = "execnet-2.1.1.tar.gz", hash = "sha256:5189b52c6121c24feae288166ab41b32549c7e2348652736540b9e6e7d4e72e3"},
]

[package.extras]
testing = ["hatch", "pre-commit", "pytest", "tox"]

[[package]]
name = "iniconfig"
version = "2.3.0"
description = "brain-dead simple config-ini parsing"
optional = false
python-versions = ">=3.10"
files = [
    {file = "iniconfig-2.3.0-py3-none-any.whl", hash = "sha256:f631c04d2c48c52b84d0d0549c99ff3859c98df65b3101406327ecc7d53fbf12"},
    {file = "iniconfig-2.3.0.tar.gz", hash = "sha256:c76315c77db068650d49c5b56314774a7804df16fee4402c1f19d6d15d8c4730"},
]

[[package]]
name = "packaging"
version = "25.0"
description = "Core utilities for Python packages"
optional = false
python-versions = ">=3.8"
files = [
    {file = "packaging-25.0-py3-none-any.whl", hash = "sha256:29572ef2b1f17581046b3a2227d5c611fb25ec70ca1ba8554b24b0e69331a484"},
    {file = "packaging-25.0.tar.gz", hash = "sha256:d443872c98d677bf60f6a1f2f8c1cb748e8fe762d2bf9d3148b5599295b0fc4f"},
]

[[package]]
name = "pluggy"
version = "1.6.0"
description = "plugin and hook calling mechanisms for python"
optional = false
python-versions = ">=3.9"
files = [
    {file = "pluggy-1.6.0-py3-none-any.whl", hash = "sha256:e920276dd6813095e9377c0bc5566d94c932c33b27a3e3945d8389c374dd4746"},
    {file = "pluggy-1.6.0.tar.gz", hash = "sha256:7dcc130b76258d33b90f61b658791dede3486c3e6bfb003ee5c9bfb396dd22f3"},
]

[package.extras]
dev = ["pre-commit", "tox"]
testing = ["coverage", "pytest", "pytest-benchmark"]

[[package]]
name = "pytest"
version = "7.2.2"
description = "pytest: simple powerful testing with Python"
optional = false
python-versions = ">=3.7"
files = [
    {file = "pytest-7.2.2-py3-none-any.whl", hash = "sha256:130328f552dcfac0b1cec75c12e3f005619dc5f874f0a06e8ff7263f0ee6225e"},
    {file = "pytest-7.2.2.tar.gz", hash = "sha256:c99ab0c73aceb050f68929bc93af19ab6db0558791c6a0715723abe9d0ade9d4"},
]

[package.dependencies]
attrs = ">=19.2.0"
colorama = {version = "*", markers = "sys_platform == \"win32\""}
exceptiongroup = {version = ">=1.0.0rc8", markers = "python_version < \"3.11\""}
iniconfig = "*"
packaging = "*"
pluggy = ">=0.12,<2.0"
tomli = {version = ">=1.0.0", markers = "python_version < \"3.11\""}

[package.extras]
testing = ["argcomplete", "hypothesis (>=3.56)", "mock", "nose", "pygments (>=2.7.2)", "requests", "xmlschema"]

[[package]]
name = "pytest-cpp"
version = "2.3.0"
description = "Use pytest's runner to discover and execute C++ tests"
optional = false
python-versions = ">=3.7"
files = [
    {file = "pytest-cpp-2.3.0.tar.gz", hash = "sha256:37abfa693697940aed2e7c034698188dee3616183ad9b3f764f3b06aeb75ed4a"},
    {file = "pytest_cpp-2.3.0-py3-none-any.whl", hash = "sha256:1e9809b0ba8dab4942102274650b3dc5ae22abc2fa4fe46c3da5803b66181164"},
]

[package.dependencies]
colorama = "*"
pytest = ">=7.0"

[[package]]
name = "pytest-xdist"
version = "3.2.1"
description = "pytest xdist plugin for distributed testing, most importantly across multiple CPUs"
optional = false
python-versions = ">=3.7"
files = [
    {file = "pytest-xdist-3.2.1.tar.gz", hash = "sha256:1849bd98d8b242b948e472db7478e090bf3361912a8fed87992ed94085f54727"},
    {file = "pytest_xdist-3.2.1-py3-none-any.whl", hash = "sha256:37290d161638a20b672401deef1cba812d110ac27e35d213f091d15b8beb40c9"},
]

[package.dependencies]
execnet = ">=1.1"
pytest = ">=6.2.0"

[package.extras]
psutil = ["psutil (>=3.0)"]
setproctitle = ["setproctitle"]
testing = ["filelock"]

[[package]]
name = "tomli"
version = "2.3.0"
description = "A lil' TOML parser"
optional = false
python-versions = ">=3.8"
files = [
    {file = "tomli-2.3.0-cp311-cp311-macosx_10_9_x86_64.whl", hash = "sha256:88bd15eb972f3664f5ed4b57c1634a97153b4bac4479dcb6a495f41921eb7f45"},
    {file = "tomli-2.3.0-cp311-cp311-macosx_11_0_arm64.whl", hash = "sha256:883b1c0d6398a6a9d29b508c331fa56adbcdff647f6ace4dfca0f50e90dfd0ba"},
    {file = "tomli-2.3.0-cp311-cp311-manylinux2014_aarch64.manylinux_2_17_aarch64.manylinux_2_28_aarch64.whl", hash = "sha256:d1381caf13ab9f300e30dd8feadb3de072aeb86f1d34a8569453ff32a7dea4bf"},
    {file = "tomli-2.3.0-cp311-cp311-manylinux2014_x86_64.manylinux_2_17_x86_64.manylinux_2_28_x86_64.whl", hash = "sha256:a0e285d2649b78c0d9027570d4da3425bdb49830a6156121360b3f8511ea3441"},
    {file = "tomli-2.3.0-cp311-cp311-musllinux_1_2_aarch64.whl", hash = "sha256:0a154a9ae14bfcf5d8917a59b51ffd5a3ac1fd149b71b47a3a104ca4edcfa845"},
    {file = "tomli-2.3.0-cp311-cp311-musllinux_1_2_x86_64.whl", hash = "sha256:74bf8464ff93e413514fefd2be591c3b0b23231a77f901db1eb30d6f712fc42c"},
    {file = "tomli-2.3.0-cp311-cp311-win32.whl", hash = "sha256:00b5f5d95bbfc7d12f91ad8c593a1659b6387b43f054104cda404be6bda62456"},
    {file = "tomli-2.3.0-cp311-cp311-win_amd64.whl", hash = "sha256:4dc4ce8483a5d429ab602f111a93a6ab1ed425eae3122032db7e9acf449451be"},
    {file = "tomli-2.3.0-cp312-cp312-macosx_10_13_x86_64.whl", hash = "sha256:d7d86942e56ded512a594786a5ba0a5e521d02529b3826e7761a05138341a2ac"},
    {file = "tomli-2.3.0-cp312-cp312-macosx_11_0_arm64.whl", hash = "sha256:73ee0b47d4dad1c5e996e3cd33b8a76a50167ae5f96a2607cbe8cc773506ab22"},
    {file = "tomli-2.3.0-cp312-cp312-manylinux2014_aarch64.manylinux_2_17_aarch64.manylinux_2_28_aarch64.whl", hash = "sha256:792262b94d5d0a466afb5bc63c7daa9d75520110971ee269152083270998316f"},
    {file = "tomli-2.3.0-cp312-cp312-manylinux2014_x86_64.manylinux_2_17_x86_64.manylinux_2_28_x86_64.whl", hash = "sha256:4f195fe57ecceac95a66a75ac24d9d5fbc98ef0962e09b2eddec5d39375aae52"},
    {file = "tomli-2.3.0-cp312-cp312-musllinux_1_2_aarch64.whl", hash = "sha256:e31d432427dcbf4d86958c184b9bfd1e96b5b71f8eb17e6d02531f434fd335b8"},
    {file = "tomli-2.3.0-cp312-cp312-musllinux_1_2_x86_64.whl", hash = "sha256:7b0882799624980785240ab732537fcfc372601015c00f7fc367c55308c186f6"},
    {file = "tomli-2.3.0-cp312-cp312-win32.whl", hash = "sha256:ff72b71b5d10d22ecb084d345fc26f42b5143c5533db5e2eaba7d2d335358876"},
    {file = "tomli-2.3.0-cp312-cp312-win_amd64.whl", hash = "sha256:1cb4ed918939151a03f33d4242ccd0aa5f11b3547d0cf30f7c74a408a5b99878"},
    {file = "tomli-2.3.0-cp313-cp313-macosx_10_13_x86_64.whl", hash = "sha256:5192f562738228945d7b13d4930baffda67b69425a7f0da96d360b0a3888136b"},
    {file = "tomli-2.3.0-cp313-cp313-macosx_11_0_arm64.whl", hash = "sha256:be71c93a63d738597996be9528f4abe628d1adf5e6eb11607bc8fe1a510b5dae"},
    {file = "tomli-2.3.0-cp313-cp313-manylinux2014_aarch64.manylinux_2_17_aarch64.manylinux_2_28_aarch64.whl", hash = "sha256:c4665508bcbac83a31ff8ab08f424b665200c0e1e645d2bd9ab3d3e557b6185b"},
    {file = "tomli-2.3.0-cp313-cp313-manylinux2014_x86_64.manylinux_2_17_x86_64.manylinux_2_28_x86_64.whl", hash = "sha256:4021923f97266babc6ccab9f5068642a0095faa0a51a246a6a02fccbb3514eaf"},
    {file = "tomli-2.3.0-cp313-cp313-musllinux_1_2_aarch64.whl", hash = "sha256:a4ea38c40145a357d513bffad0ed869f13c1773716cf71ccaa83b0fa0cc4e42f"},
    {file = "tomli-2.3.0-cp313-cp313-musllinux_1_2_x86_64.whl", hash = "sha256:ad805ea85eda330dbad64c7ea7a4556259665bdf9d2672f5dccc740eb9d3ca05"},
    {file = "tomli-2.3.0-cp313-cp313-win32.whl", hash = "sha256:97d5eec30149fd3294270e889b4234023f2c69747e555a27bd708828353ab606"},
    {file = "tomli-2.3.0-cp313-cp313-win_amd64.whl", hash = "sha256:0c95ca56fbe89e065c6ead5b593ee64b84a26fca063b5d71a1122bf26e533999"},
    {file = "tomli-2.3.0-cp314-cp314-macosx_10_13_x86_64.whl", hash = "sha256:cebc6fe843e0733ee827a282aca4999b596241195f43b4cc371d64fc6639da9e"},
    {file = "tomli-2.3.0-cp314-cp314-macosx_11_0_arm64.whl", hash = "sha256:4c2ef0244c75aba9355561272009d934953817c49f47d768070c3c94355c2aa3"},
    {file = "tomli-2.3.0-cp314-cp314-manylinux2014_aarch64.manylinux_2_17_aarch64.manylinux_2_28_aarch64.whl", hash = "sha256:c22a8bf253bacc0cf11f35ad9808b6cb75ada2631c2d97c971122583b129afbc"},
    {file = "tomli-2.3.0-cp314-cp314-manylinux2014_x86_64.manylinux_2_17_x86_64.manylinux_2_28_x86_64.whl", hash = "sha256:0eea8cc5c5e9f89c9b90c4896a8deefc74f518db5927d0e0e8d4a80953d774d0"},
    {file = "tomli-2.3.0-cp314-cp314-musllinux_1_2_aarch64.whl", hash = "sha256:b74a0e59ec5d15127acdabd75ea17726ac4c5178ae51b85bfe39c4f8a278e879"},
    {file = "tomli-2.3.0-cp314-cp314-musllinux_1_2_x86_64.whl", hash = "sha256:b5870b50c9db823c595983571d1296a6ff3e1b88f734a4c8f6fc6188397de005"},
    {file = "tomli-2.3.0-cp314-cp314-win32.whl", hash = "sha256:feb0dacc61170ed7ab602d3d972a58f14ee3ee60494292d384649a3dc38ef463"},
    {file = "tomli-2.3.0-cp314-cp314-win_amd64.whl", hash = "sha256:b273fcbd7fc64dc3600c098e39136522650c49bca95df2d11cf3b626422392c8"},
    {file = "tomli-2.3.0-cp314-cp314t-macosx_10_13_x86_64.whl", hash = "sha256:940d56ee0410fa17ee1f12b817b37a4d4e4dc4d27340863cc67236c74f582e77"},
    {file = "tomli-2.3.0-cp314-cp314t-macosx_11_0_arm64.whl", hash = "sha256:f85209946d1fe94416debbb88d00eb92ce9cd5266775424ff81bc959e001acaf"},
    {file = "tomli-2.3.0-cp314-cp314t-manylinux2014_aarch64.manylinux_2_17_aarch64.manylinux_2_28_aarch64.whl", hash = "sha256:a56212bdcce682e56b0aaf79e869ba5d15a6163f88d5451cbde388d48b13f530"},
    {file = "tomli-2.3.0-cp314-cp314t-manylinux2014_x86_64.manylinux_2_17_x86_64.manylinux_2_28_x86_64.whl", hash = "sha256:c5f3ffd1e098dfc032d4d3af5c0ac64f6d286d98bc148698356847b80fa4de1b"},
    {file = "tomli-2.3.0-cp314-cp314t-musllinux_1_2_aarch64.whl", hash = "sha256:5e01decd096b1530d97d5d85cb4dff4af2d8347bd35686654a004f8dea20fc67"},
    {file = "tomli-2.3.0-cp314-cp314t-musllinux_1_2_x86_64.whl", hash = "sha256:8a35dd0e643bb2610f156cca8db95d213a90015c11fee76c946aa62b7ae7e02f"},
    {file = "tomli-2.3.0-cp314-cp314t-win32.whl", hash = "sha256:a1f7f282fe248311650081faafa5f4732bdbfef5d45fe3f2e702fbc6f2d496e0"},
    {file = "tomli-2.3.0-cp314-cp314t-win_amd64.whl", hash = "sha256:70a251f8d4ba2d9ac2542eecf008b3c8a9fc5c3f9f02c56a9d7952612be2fdba"},
    {file = "tomli-2.3.0-py3-none-any.whl", hash = "sha256:e95b1af3c5b07d9e643909b5abbec77cd9f1217e6d0bca72b0234736b9fb1f1b"},
    {file = "tomli-2.3.0.tar.gz", hash = "sha256:64be704a875d2a59753d80ee8a533c3fe183e3f06807ff7dc2232938ccb01549"},
]

[[package]]
name = "typing-extensions"
version = "4.15.0"
description = "Backported and Experimental Type Hints for Python 3.9+"
optional = false
python-versions = ">=3.9"
files = [
    {file = "typing_extensions-4.15.0-py3-none-any.whl", hash = "sha256:f0fa19c6845758ab08074a0cfa8b7aecb71c999ca73d62883bc25cc018c4e548"},
    {file = "typing_extensions-4.15.0.tar.gz", hash = "sha256:0cea48d173cc12fa28ecabc3b837ea3cf6f38c6d1136f85cbaaf598984861466"},
]

[metadata]
lock-version = "2.0"
python-versions = ">=3.10,<3.13"
content-hash = "86e8a5637db9664835177096b43d6a39adce5b79d65070b2f6331e1061211931"
