# This file is automatically @generated by Poetry 2.5.1 and should not be changed by hand.

[[package]]
name = "attrs"
version = "26.1.0"
description = "Classes Without Boilerplate"
optional = false
python-versions = ">=3.9"
groups = ["main"]
files = [
    {file = "attrs-26.1.0-py3-none-any.whl", hash = "sha256:c647aa4a12dfbad9333ca4e71fe62ddc36f4e63b2d260a37a8b83d2f043ac309"},
    {file = "attrs-26.1.0.tar.gz", hash = "sha256:d03ceb89cb322a8fd706d4fb91940737b6642aa36998fe130a9bc96c985eff32"},
]

[[package]]
name = "colorama"
version = "0.4.6"
description = "Cross-platform colored terminal text."
optional = false
python-versions = "!=3.0.*,!=3.1.*,!=3.2.*,!=3.3.*,!=3.4.*,!=3.5.*,!=3.6.*,>=2.7"
groups = ["main"]
files = [
    {file = "colorama-0.4.6-py2.py3-none-any.whl", hash = "sha256:4f1d9991f5acc0ca119f9d443620b77f9d6b33703e51011c16baf57afb285fc6"},
    {file = "colorama-0.4.6.tar.gz", hash = "sha256:08695f5cb7ed6e0531a20572697297273c47b8cae5a63ffc6d6ed5c201be6e44"},
]

[[package]]
name = "exceptiongroup"
version = "1.3.1"
description = "Backport of PEP 654 (exception groups)"
optional = false
python-versions = ">=3.7"
groups = ["main"]
markers = "python_version == \"3.10\""
files = [
    {file = "exceptiongroup-1.3.1-py3-none-any.whl", hash = "sha256:a7a39a3bd276781e98394987d3a5701d0c4edffb633bb7a5144577f82c773598"},
    {file = "exceptiongroup-1.3.1.tar.gz", hash = "sha256:8b412432c6055b0b7d14c310000ae93352ed6754f70fa8f7c34141f91c4e3219"},
]

[package.dependencies]
typing-extensions = {version = ">=4.6.0", markers = "python_version < \"3.13\""}

[package.extras]
test = ["pytest (>=6)"]

[[package]]
name = "execnet"
version = "2.1.2"
description = "execnet: rapid multi-Python deployment"
optional = false
python-versions = ">=3.8"
groups = ["main"]
files = [
    {file = "execnet-2.1.2-py3-none-any.whl", hash = "sha256:67fba928dd5a544b783f6056f449e5e3931a5c378b128bc18501f7ea79e296ec"},
    {file = "execnet-2.1.2.tar.gz", hash = "sha256:63d83bfdd9a23e35b9c6a3261412324f964c2ec8dcd8d3c6916ee9373e0befcd"},
]

[package.extras]
testing = ["hatch", "pre-commit", "pytest", "tox"]

[[package]]
name = "iniconfig"
version = "2.3.1"
description = "brain-dead simple config-ini parsing"
optional = false
python-versions = ">=3.10"
groups = ["main"]
files = [
    {file = "iniconfig-2.3.1-py3-none-any.whl", hash = "sha256:9121e2c1fdb355232495be3194c8dfe87ccc2d5dee45947b78e68f499790d7a7"},
    {file = "iniconfig-2.3.1.tar.gz", hash = "sha256:67f4b9c50da0dedf52af349e7749a80a9057a5031199791b906c3bb3ae878960"},
]

[[package]]
name = "packaging"
version = "26.3"
description = "Core utilities for Python packages"
optional = false
python-versions = ">=3.9"
groups = ["main"]
files = [
    {file = "packaging-26.3-py3-none-any.whl", hash = "sha256:d7193f7c8e4e93f444fde0262bf90af30e16fa0ad0ad44cb553c87339b23cd1c"},
    {file = "packaging-26.3.tar.gz", hash = "sha256:94edc256424af38762eb31306eed28beb9f0efc50a8837492c9d6fd6004aed79"},
]

[[package]]
name = "pluggy"
version = "1.6.0"
description = "plugin and hook calling mechanisms for python"
optional = false
python-versions = ">=3.9"
groups = ["main"]
files = [
    {file = "pluggy-1.6.0-py3-none-any.whl", hash = "sha256:e920276dd6813095e9377c0bc5566d94c932c33b27a3e3945d8389c374dd4746"},
    {file = "pluggy-1.6.0.tar.gz", hash = "sha256:7dcc130b76258d33b90f61b658791dede3486c3e6bfb003ee5c9bfb396dd22f3"},
]

[package.extras]
dev = ["pre-commit", "tox"]
testing = ["coverage", "pytest", "pytest-benchmark"]

[[package]]
name = "pytest"
version = "7.2.2"
description = "pytest: simple powerful testing with Python"
optional = false
python-versions = ">=3.7"
groups = ["main"]
files = [
    {file = "pytest-7.2.2-py3-none-any.whl", hash = "sha256:130328f552dcfac0b1cec75c12e3f005619dc5f874f0a06e8ff7263f0ee6225e"},
    {file = "pytest-7.2.2.tar.gz", hash = "sha256:c99ab0c73aceb050f68929bc93af19ab6db0558791c6a0715723abe9d0ade9d4"},
]

[package.dependencies]
attrs = ">=19.2.0"
colorama = {version = "*", markers = "sys_platform == \"win32\""}
exceptiongroup = {version = ">=1.0.0rc8", markers = "python_version < \"3.11\""}
iniconfig = "*"
packaging = "*"
pluggy = ">=0.12,<2.0"
tomli = {version = ">=1.0.0", markers = "python_version < \"3.11\""}

[package.extras]
testing = ["argcomplete", "hypothesis (>=3.56)", "mock", "nose", "pygments (>=2.7.2)", "requests", "xmlschema"]

[[package]]
name = "pytest-cpp"
version = "2.3.0"
description = "Use pytest's runner to discover and execute C++ tests"
optional = false
python-versions = ">=3.7"
groups = ["main"]
files = [
    {file = "pytest-cpp-2.3.0.tar.gz", hash = "sha256:37abfa693697940aed2e7c034698188dee3616183ad9b3f764f3b06aeb75ed4a"},
    {file = "pytest_cpp-2.3.0-py3-none-any.whl", hash = "sha256:1e9809b0ba8dab4942102274650b3dc5ae22abc2fa4fe46c3da5803b66181164"},
]

[package.dependencies]
colorama = "*"
pytest = ">=7.0"

[[package]]
name = "pytest-xdist"
version = "3.2.1"
description = "pytest xdist plugin for distributed testing, most importantly across multiple CPUs"
optional = false
python-versions = ">=3.7"
groups = ["main"]
files = [
    {file = "pytest-xdist-3.2.1.tar.gz", hash = "sha256:1849bd98d8b242b948e472db7478e090bf3361912a8fed87992ed94085f54727"},
    {file = "pytest_xdist-3.2.1-py3-none-any.whl", hash = "sha256:37290d161638a20b672401deef1cba812d110ac27e35d213f091d15b8beb40c9"},
]

[package.dependencies]
execnet = ">=1.1"
pytest = ">=6.2.0"

[package.extras]
psutil = ["psutil (>=3.0)"]
setproctitle = ["setproctitle"]
testing = ["filelock"]

[[package]]
name = "tomli"
version = "2.5.0"
description = "A lil' TOML parser"
optional = false
python-versions = ">=3.8"
groups = ["main"]
markers = "python_version == \"3.10\""
files = [
    {file = "tomli-2.5.0-cp311-cp311-macosx_10_9_x86_64.whl", hash = "sha256:c4dc1c1781f2f716de763d1e9a7b34c6a894e167e291c7c5d16c72f7a9538545"},
    {file = "tomli-2.5.0-cp311-cp311-macosx_11_0_arm64.whl", hash = "sha256:eff8babca5a7999bc137acbc7482a8b7e17ffca5075ab41f5d770ab408c7bfef"},
    {file = "tomli-2.5.0-cp311-cp311-manylinux2014_aarch64.manylinux_2_17_aarch64.manylinux_2_28_aarch64.whl", hash = "sha256:86665cee9c4835b7a7f1e8ec2c719b5258d4dc782887aded5a8ae7352a96843b"},
    {file = "tomli-2.5.0-cp311-cp311-manylinux2014_x86_64.manylinux_2_17_x86_64.manylinux_2_28_x86_64.whl", hash = "sha256:d7e369fd63331746182360977b1892bfc215476a30d61612d732425311639f56"},
    {file = "tomli-2.5.0-cp311-cp311-musllinux_1_2_aarch64.whl", hash = "sha256:7ad1ea345759240d6463efa0ed1c704402752e49aa21476620738d74d72d8aa1"},
    {file = "tomli-2.5.0-cp311-cp311-musllinux_1_2_x86_64.whl", hash = "sha256:96243987194634bd411066ce40c952e108f86af04db533ecd8ac3ff2a85b1885"},
    {file = "tomli-2.5.0-cp311-cp311-win32.whl", hash = "sha256:610b27d99f28ec5f191c7064a48f3ddb179a1fe6ca73d571483ae859f57b605e"},
    {file = "tomli-2.5.0-cp311-cp311-win_amd64.whl", hash = "sha256:c804ae44fe7b4bab5da295e4f980a1ff04670bca9d23fe0a4e887e08ebd741a8"},
    {file = "tomli-2.5.0-cp311-cp311-win_arm64.whl", hash = "sha256:cfac177ebd6236003846ea339981f71457cb6eb748f23381eb257e45092e3980"},
    {file = "tomli-2.5.0-cp312-cp312-macosx_10_13_x86_64.whl", hash = "sha256:1f4a40d03fb9f63424f0979855bdeaf44dd7696b8d59501822c10ed30ba532df"},
    {file = "tomli-2.5.0-cp312-cp312-macosx_11_0_arm64.whl", hash = "sha256:9ebf8d19b17bd0daeb7b7dec81a946a439b753942fd0210d6e96c532249eea6b"},
    {file = "tomli-2.5.0-cp312-cp312-manylinux2014_aarch64.manylinux_2_17_aarch64.manylinux_2_28_aarch64.whl", hash = "sha256:bf0b5e8e0f68ebb494356e577c06c139161efd8d3b9050f93b39b7c26cc54ff0"},
    {file = "tomli-2.5.0-cp312-cp312-manylinux2014_x86_64.manylinux_2_17_x86_64.manylinux_2_28_x86_64.whl", hash = "sha256:6cf74416bdc94ae458b14e37286c1073081850ac8459a00d0c5efef5d44294c6"},
    {file = "tomli-2.5.0-cp312-cp312-musllinux_1_2_aarch64.whl", hash = "sha256:61ea1ebe1e55a34ea8199cc8dbff398d35027b82271c8ac4802fd3a1fd5b1bcc"},
    {file = "tomli-2.5.0-cp312-cp312-musllinux_1_2_x86_64.whl", hash = "sha256:ed53f7e89bb04f6d9e8e7799112360b0c4d5cbff067de0814c98c37c39b920f7"},
    {file = "tomli-2.5.0-cp312-cp312-win32.whl", hash = "sha256:e7ad033e27a516a233bea839cdb77b80146facb3b4f40bf02cd0cac165cdd5c2"},
    {file = "tomli-2.5.0-cp312-cp312-win_amd64.whl", hash = "sha256:bd05de8c1698f8413dd7d869492693a0bf2211543b787ac78cd5e7536af1a6d7"},
    {file = "tomli-2.5.0-cp312-cp312-win_arm64.whl", hash = "sha256:069435bd5480429b98c5e5afb02ab21c219b6f0064680671c6dc0d46817346ea"},
    {file = "tomli-2.5.0-cp313-cp313-macosx_10_13_x86_64.whl", hash = "sha256:943276cf269e0071948d9ff697159c1735e623c1151d88abb09b74659ef0cbea"},
    {file = "tomli-2.5.0-cp313-cp313-macosx_11_0_arm64.whl", hash = "sha256:463b16086865b97facd8d0b3fb4cb7c544e3f58d2a69dc3113d6db9653fdb043"},
    {file = "tomli-2.5.0-cp313-cp313-manylinux2014_aarch64.manylinux_2_17_aarch64.manylinux_2_28_aarch64.whl", hash = "sha256:1245a6638fc4bb0a60af38a7d45413db34a13842027c77597c712c998c62fdf0"},
    {file = "tomli-2.5.0-cp313-cp313-manylinux2014_x86_64.manylinux_2_17_x86_64.manylinux_2_28_x86_64.whl", hash = "sha256:5d8bac3d603c97e6854424e5b2b5b741bdbde387e09f162fb0446812b4a8362b"},
    {file = "tomli-2.5.0-cp313-cp313-musllinux_1_2_aarch64.whl", hash = "sha256:21e4cae4114aba25aa0d4f85cdf486d290fb35c0954d7bba536248da64d43066"},
    {file = "tomli-2.5.0-cp313-cp313-musllinux_1_2_x86_64.whl", hash = "sha256:bbaefc84548d754be821bba7c4141c4787dda182f9e77f2f87b71213529efa7b"},
    {file = "tomli-2.5.0-cp313-cp313-win32.whl", hash = "sha256:abdbf6313b8d9efe157edeb7ab6eae4de064b1300ad31abf73755154b30abe68"},
    {file = "tomli-2.5.0-cp313-cp313-win_amd64.whl", hash = "sha256:fd4dc129784e0c5335bd4e61dfcc4487499a013419e655cf2da1d091b7e0efdc"},
    {file = "tomli-2.5.0-cp313-cp313-win_arm64.whl", hash = "sha256:69491c143d2fe063046e0301e62a810bed338fa4d1ce0fd870c27dc1e09b0d84"},
    {file = "tomli-2.5.0-cp314-cp314-macosx_10_15_x86_64.whl", hash = "sha256:d3182ee2d887e507bd67319a0a61105d1dd33facc111329559a233b772c1a105"},
    {file = "tomli-2.5.0-cp314-cp314-macosx_11_0_arm64.whl", hash = "sha256:521345fd1f19d45b8df87657aaa38b6f2ca3800059fadf428e7ebf479a383646"},
    {file = "tomli-2.5.0-cp314-cp314-manylinux2014_aarch64.manylinux_2_17_aarch64.manylinux_2_28_aarch64.whl", hash = "sha256:6e95c7614e705bfe2b04b27aa124adec59752d15813df37e2156747cab3a006b"},
    {file = "tomli-2.5.0-cp314-cp314-manylinux2014_x86_64.manylinux_2_17_x86_64.manylinux_2_28_x86_64.whl", hash = "sha256:7ac2027d37c3afbdf4bdd377f2676f6f1d2122a5be1f1137b49dced590b37e75"},
    {file = "tomli-2.5.0-cp314-cp314-musllinux_1_2_aarch64.whl", hash = "sha256:c414be4ed9d3cac80c42e348fa5a956117d1a48227f48026e31f59cb4a7671eb"},
    {file = "tomli-2.5.0-cp314-cp314-musllinux_1_2_x86_64.whl", hash = "sha256:9b03d7dc168353b4132965bde20feceabaa470e570c6f59660dfae59b1f9eeb3"},
    {file = "tomli-2.5.0-cp314-cp314-win32.whl", hash = "sha256:6f041843c4d3a37245c0c056fd955b186bf8b1fb85690cbe40b81230891dc34b"},
    {file = "tomli-2.5.0-cp314-cp314-win_amd64.whl", hash = "sha256:f4b653094e18f9031102d3a1da5c729c8f222d85225b18037dac621695e46e1a"},
    {file = "tomli-2.5.0-cp314-cp314-win_arm64.whl", hash = "sha256:3f89d10c1ff6a38d992c27fc8a4816af71a909e08a40ec66934240b1e74347c3"},
    {file = "tomli-2.5.0-cp314-cp314t-macosx_10_15_x86_64.whl", hash = "sha256:e9e15b4a6c7dd6b85b5fbab29488a73f1f70de516942308daa266bf0e0aeb0d4"},
    {file = "tomli-2.5.0-cp314-cp314t-macosx_11_0_arm64.whl", hash = "sha256:e12bbcd32897272fb05929110362ae9ff4c1b9bb26bd9e971e71dcd3275b4c3d"},
    {file = "tomli-2.5.0-cp314-cp314t-manylinux2014_aarch64.manylinux_2_17_aarch64.manylinux_2_28_aarch64.whl", hash = "sha256:20aa36de8f2cf87237143bc1fa1aae8d6612c09118f4da21c6a684db5dd1f6f9"},
    {file = "tomli-2.5.0-cp314-cp314t-manylinux2014_x86_64.manylinux_2_17_x86_64.manylinux_2_28_x86_64.whl", hash = "sha256:22185fad8a1e622f064e78008018a0dd3323550dcb479cb7a1d296888d74024f"},
    {file = "tomli-2.5.0-cp314-cp314t-musllinux_1_2_aarch64.whl", hash = "sha256:984012f71908165449a951de2050d52f276bfe3aa5d5f570f63ddad814370374"},
    {file = "tomli-2.5.0-cp314-cp314t-musllinux_1_2_x86_64.whl", hash = "sha256:f79203b3965b4000e91808aaa7c040206093f2b8bf86f455982f2274c9ccf442"},
    {file = "tomli-2.5.0-cp314-cp314t-win32.whl", hash = "sha256:91294a9fb94a75542f6e46e4a2ae709bd8d9b51134098cae5cf3bea5478b6d03"},
    {file = "tomli-2.5.0-cp314-cp314t-win_amd64.whl", hash = "sha256:f15e3e0b835a6d68b10c86bf80a3149780498d6911c93c3ffd1861d19f9200f1"},
    {file = "tomli-2.5.0-cp314-cp314t-win_arm64.whl", hash = "sha256:6664b7ae7af7294256c53960a6103077f4914cec8ff98479c352f622c6f6b2f0"},
    {file = "tomli-2.5.0-cp315-cp315-macosx_10_15_x86_64.whl", hash = "sha256:a525685c2f97da40762b8695eb7aa0af4c8344ca1905c73e4e29cb04d34607dc"},
    {file = "tomli-2.5.0-cp315-cp315-macosx_11_0_arm64.whl", hash = "sha256:9dbb18c1cfb2f6517942fc9314437f66aa06d94436ffb1f06102ef3572f35276"},
    {file = "tomli-2.5.0-cp315-cp315-manylinux2014_aarch64.manylinux_2_17_aarch64.manylinux_2_28_aarch64.whl", hash = "sha256:752e8b1aa6a4367ef8bf6a1a1e005540f7ed055ba36d7193796812ca5404eb52"},
    {file = "tomli-2.5.0-cp315-cp315-manylinux2014_x86_64.manylinux_2_17_x86_64.manylinux_2_28_x86_64.whl", hash = "sha256:c47300f9bf791808f77d82747691c4bb09cb14bdf3060cca99b42cdc4361d5a7"},
    {file = "tomli-2.5.0-cp315-cp315-musllinux_1_2_aarch64.whl", hash = "sha256:19b0dd8749f4ea2f112c5fcfb3c5248390c899d7e2e173f1d91abee1fa0ff391"},
    {file = "tomli-2.5.0-cp315-cp315-musllinux_1_2_x86_64.whl", hash = "sha256:57b1c3b01fab802e2899bc3d168dca320e14165e2fd9fd584760fb4ca5826859"},
    {file = "tomli-2.5.0-cp315-cp315-win32.whl", hash = "sha256:667e521b37a6c5ccaa044202c235b530f90177ffe2cd4a64ecc213c7dd535feb"},
    {file = "tomli-2.5.0-cp315-cp315-win_amd64.whl", hash = "sha256:d747252933c8a65ef6bd8da0fbb7ce28a90eb6119d8cd00772cd528aa07b68d5"},
    {file = "tomli-2.5.0-cp315-cp315-win_arm64.whl", hash = "sha256:75dbcde8751b0a960aa3de173aa5e894d590755c6d7758b7e774c06f1dc3cbdd"},
    {file = "tomli-2.5.0-cp315-cp315t-macosx_10_15_x86_64.whl", hash = "sha256:2419c2a189551987b59d80e63ec355671283336f41c6b9b89462df679c7d0c57"},
    {file = "tomli-2.5.0-cp315-cp315t-macosx_11_0_arm64.whl", hash = "sha256:0dc598040da8d42cf20f0be588ed7004f46db12a0ac6c32e03a59dccedaaadcd"},
    {file = "tomli-2.5.0-cp315-cp315t-manylinux2014_aarch64.manylinux_2_17_aarch64.manylinux_2_28_aarch64.whl", hash = "sha256:49096930c8d886c9bbdab62d2d0d17ce823ddeea522309a190b36245d5b49e01"},
    {file = "tomli-2.5.0-cp315-cp315t-manylinux2014_x86_64.manylinux_2_17_x86_64.manylinux_2_28_x86_64.whl", hash = "sha256:b8ade5023067f99fe72b88accd30d0ea05a158e9e32a11f124e731ea9695313f"},
    {file = "tomli-2.5.0-cp315-cp315t-musllinux_1_2_aarch64.whl", hash = "sha256:b69564772b5c8f22ea5f498dff08cfa825045b4d4c4400529000bdf818aa3b2a"},
    {file = "tomli-2.5.0-cp315-cp315t-musllinux_1_2_x86_64.whl", hash = "sha256:8ff3a2ca028c7eee0c777f9a092038d0a594a9fa04e215f929a22c329e2cb142"},
    {file = "tomli-2.5.0-cp315-cp315t-win32.whl", hash = "sha256:62fc1bc8eb03e3a9cadfca713d65614ed8e09d974a283295ffe3a831976b4dc5"},
    {file = "tomli-2.5.0-cp315-cp315t-win_amd64.whl", hash = "sha256:f3fcbc57b1791fa6cbe5d8434179d51de12be1a4811469529f47f6e7487a2571"},
    {file = "tomli-2.5.0-cp315-cp315t-win_arm64.whl", hash = "sha256:d2ba24db8a9376921b5e87b4762b9adb0f3f1deaea68f2b8b0bb2c11efb9c3e7"},
    {file = "tomli-2.5.0-py3-none-any.whl", hash = "sha256:32a7b79ac57a2e83670ce329ccf675798bc5a2094783a63676866b70503f2e2b"},
    {file = "tomli-2.5.0.tar.gz", hash = "sha256:264507556cd8b8c8e7c6ee037cdf443a463f03f4c958e57195e3d369711b8ff6"},
]

[[package]]
name = "typing-extensions"
version = "4.16.0"
description = "Backported and Experimental Type Hints for Python 3.9+"
optional = false
python-versions = ">=3.9"
groups = ["main"]
markers = "python_version == \"3.10\""
files = [
    {file = "typing_extensions-4.16.0-py3-none-any.whl", hash = "sha256:481caa481374e813c1b176ada14e97f1f67a4539ce9cfeb3f350d78d6370c2e8"},
    {file = "typing_extensions-4.16.0.tar.gz", hash = "sha256:dc983d19a509c94dba722ee6abd33940f7c05a89e243c47e907eb4db6f1a43e5"},
]

[metadata]
lock-version = "2.1"
python-versions = ">=3.10,<3.13"
content-hash = "c1a33478981dc903de66264835980cb7f88c528a0099da710b14a2753b4a0ca1"
