# This file is automatically @generated by Poetry 2.2.1 and should not be changed by hand.

[[package]]
name = "einops"
version = "0.8.1"
description = "A new flavour of deep learning operations"
optional = false
python-versions = ">=3.8"
groups = ["main"]
files = [
    {file = "einops-0.8.1-py3-none-any.whl", hash = "sha256:919387eb55330f5757c6bea9165c5ff5cfe63a642682ea788a6d472576d81737"},
    {file = "einops-0.8.1.tar.gz", hash = "sha256:de5d960a7a761225532e0f1959e5315ebeafc0cd43394732f103ca44b9837e84"},
]

[metadata]
lock-version = "2.1"
python-versions = ">=3.10,<3.13"
content-hash = "43716825c42624c3799fabdc651ada0715b8ac957ce60faa5c6ed8eaa3a00791"
