# This file is automatically @generated by Poetry 2.3.2 and should not be changed by hand.

[[package]]
name = "einops"
version = "0.8.2"
description = "A new flavour of deep learning operations"
optional = false
python-versions = ">=3.9"
groups = ["main"]
files = [
    {file = "einops-0.8.2-py3-none-any.whl", hash = "sha256:54058201ac7087911181bfec4af6091bb59380360f069276601256a76af08193"},
    {file = "einops-0.8.2.tar.gz", hash = "sha256:609da665570e5e265e27283aab09e7f279ade90c4f01bcfca111f3d3e13f2827"},
]

[metadata]
lock-version = "2.1"
python-versions = ">=3.10,<3.13"
content-hash = "e98bb7ee4497ba17b356e8b72cb63aeeb3738ce32176a9d73eccd11271e94231"
